// !$*UTF8*$!
{
	archiveVersion = 1;
	classes = {
	};
	objectVersion = 46;
	objects = {

/* Begin PBXBuildFile section */
		5F3AEEB317637E0D0082BCBE /* logo57.png in Resources */ = {isa = PBXBuildFile; fileRef = 5F3AEEB217637E0D0082BCBE /* logo57.png */; };
		5F3AEEB517637E120082BCBE /* logo114.png in Resources */ = {isa = PBXBuildFile; fileRef = 5F3AEEB417637E120082BCBE /* logo114.png */; };
		5F3AEEB717637E170082BCBE /* logo72.png in Resources */ = {isa = PBXBuildFile; fileRef = 5F3AEEB617637E170082BCBE /* logo72.png */; };
		5F3AEEB917637E1A0082BCBE /* logo144.png in Resources */ = {isa = PBXBuildFile; fileRef = 5F3AEEB817637E1A0082BCBE /* logo144.png */; };
		5F3AEECF176386E80082BCBE /* LeavesCache.m in Sources */ = {isa = PBXBuildFile; fileRef = 5F3AEEBD176386E80082BCBE /* LeavesCache.m */; };
		5F3AEED0176386E80082BCBE /* LeavesView.m in Sources */ = {isa = PBXBuildFile; fileRef = 5F3AEEBF176386E80082BCBE /* LeavesView.m */; };
		5F3AEED1176386E80082BCBE /* LeavesViewController.m in Sources */ = {isa = PBXBuildFile; fileRef = 5F3AEEC1176386E80082BCBE /* LeavesViewController.m */; };
		5F3AEED2176386E80082BCBE /* Utilities.m in Sources */ = {isa = PBXBuildFile; fileRef = 5F3AEEC3176386E80082BCBE /* Utilities.m */; };
		5F3AEED3176386E80082BCBE /* PageInfo.m in Sources */ = {isa = PBXBuildFile; fileRef = 5F3AEEC6176386E80082BCBE /* PageInfo.m */; };
		5F3AEED4176386E80082BCBE /* PageInfoManage.m in Sources */ = {isa = PBXBuildFile; fileRef = 5F3AEEC8176386E80082BCBE /* PageInfoManage.m */; };
		5F3AEED5176386E80082BCBE /* ReaderViewController.m in Sources */ = {isa = PBXBuildFile; fileRef = 5F3AEECA176386E80082BCBE /* ReaderViewController.m */; };
		5F3AEED6176386E80082BCBE /* VIewUtil.m in Sources */ = {isa = PBXBuildFile; fileRef = 5F3AEECE176386E80082BCBE /* VIewUtil.m */; };
		5F3AEEE6176388300082BCBE /* AlertChangeOffset-ipad.xib in Resources */ = {isa = PBXBuildFile; fileRef = 5F3AEEE2176388300082BCBE /* AlertChangeOffset-ipad.xib */; };
		5F3AEEE7176388300082BCBE /* BottomMenu_iphone.xib in Resources */ = {isa = PBXBuildFile; fileRef = 5F3AEEE3176388300082BCBE /* BottomMenu_iphone.xib */; };
		5F3AEEE8176388300082BCBE /* ReaderViewController_ipad.xib in Resources */ = {isa = PBXBuildFile; fileRef = 5F3AEEE4176388300082BCBE /* ReaderViewController_ipad.xib */; };
		5F3AEEE9176388300082BCBE /* ReaderViewController_iphone.xib in Resources */ = {isa = PBXBuildFile; fileRef = 5F3AEEE5176388300082BCBE /* ReaderViewController_iphone.xib */; };
		5F3AEEEE176389980082BCBE /* RJBookListViewController.m in Sources */ = {isa = PBXBuildFile; fileRef = 5F3AEEEC176389980082BCBE /* RJBookListViewController.m */; };
		5F3AEEF417638AA20082BCBE /* RJBookList.m in Sources */ = {isa = PBXBuildFile; fileRef = 5F3AEEF117638AA20082BCBE /* RJBookList.m */; };
		5F3AEEF517638AA20082BCBE /* RJCommentView.m in Sources */ = {isa = PBXBuildFile; fileRef = 5F3AEEF317638AA20082BCBE /* RJCommentView.m */; };
		5F3AEEF817638AB60082BCBE /* RJBookData.m in Sources */ = {isa = PBXBuildFile; fileRef = 5F3AEEF717638AB60082BCBE /* RJBookData.m */; };
		5FA0A8641765B04800E6F512 /* default_icon.jpg in Resources */ = {isa = PBXBuildFile; fileRef = 5FA0A8161765B04800E6F512 /* default_icon.jpg */; };
		5FA0A8651765B04800E6F512 /* default_icon@2x.jpg in Resources */ = {isa = PBXBuildFile; fileRef = 5FA0A8171765B04800E6F512 /* default_icon@2x.jpg */; };
		5FA0A8661765B04800E6F512 /* icon_about_us.jpg in Resources */ = {isa = PBXBuildFile; fileRef = 5FA0A8181765B04800E6F512 /* icon_about_us.jpg */; };
		5FA0A8671765B04800E6F512 /* icon_about_us@2x.jpg in Resources */ = {isa = PBXBuildFile; fileRef = 5FA0A8191765B04800E6F512 /* icon_about_us@2x.jpg */; };
		5FA0A8681765B04800E6F512 /* icon_add_bookmark.jpg in Resources */ = {isa = PBXBuildFile; fileRef = 5FA0A81A1765B04800E6F512 /* icon_add_bookmark.jpg */; };
		5FA0A8691765B04800E6F512 /* icon_add_bookmark@2x.jpg in Resources */ = {isa = PBXBuildFile; fileRef = 5FA0A81B1765B04800E6F512 /* icon_add_bookmark@2x.jpg */; };
		5FA0A86A1765B04800E6F512 /* icon_adjust_font.jpg in Resources */ = {isa = PBXBuildFile; fileRef = 5FA0A81C1765B04800E6F512 /* icon_adjust_font.jpg */; };
		5FA0A86B1765B04800E6F512 /* icon_adjust_font@2x.jpg in Resources */ = {isa = PBXBuildFile; fileRef = 5FA0A81D1765B04800E6F512 /* icon_adjust_font@2x.jpg */; };
		5FA0A86C1765B04800E6F512 /* icon_adjust_light.jpg in Resources */ = {isa = PBXBuildFile; fileRef = 5FA0A81E1765B04800E6F512 /* icon_adjust_light.jpg */; };
		5FA0A86D1765B04800E6F512 /* icon_adjust_light@2x.jpg in Resources */ = {isa = PBXBuildFile; fileRef = 5FA0A81F1765B04800E6F512 /* icon_adjust_light@2x.jpg */; };
		5FA0A86E1765B04800E6F512 /* icon_bookmark.jpg in Resources */ = {isa = PBXBuildFile; fileRef = 5FA0A8201765B04800E6F512 /* icon_bookmark.jpg */; };
		5FA0A86F1765B04800E6F512 /* icon_bookmark@2x.jpg in Resources */ = {isa = PBXBuildFile; fileRef = 5FA0A8211765B04800E6F512 /* icon_bookmark@2x.jpg */; };
		5FA0A8701765B04800E6F512 /* icon_chapter.jpg in Resources */ = {isa = PBXBuildFile; fileRef = 5FA0A8221765B04800E6F512 /* icon_chapter.jpg */; };
		5FA0A8711765B04800E6F512 /* icon_chapter@2x.jpg in Resources */ = {isa = PBXBuildFile; fileRef = 5FA0A8231765B04800E6F512 /* icon_chapter@2x.jpg */; };
		5FA0A8721765B04800E6F512 /* icon_create_folder.jpg in Resources */ = {isa = PBXBuildFile; fileRef = 5FA0A8241765B04800E6F512 /* icon_create_folder.jpg */; };
		5FA0A8731765B04800E6F512 /* icon_create_folder@2x.jpg in Resources */ = {isa = PBXBuildFile; fileRef = 5FA0A8251765B04800E6F512 /* icon_create_folder@2x.jpg */; };
		5FA0A8741765B04800E6F512 /* icon_delete_all.jpg in Resources */ = {isa = PBXBuildFile; fileRef = 5FA0A8261765B04800E6F512 /* icon_delete_all.jpg */; };
		5FA0A8751765B04800E6F512 /* icon_delete_all@2x.jpg in Resources */ = {isa = PBXBuildFile; fileRef = 5FA0A8271765B04800E6F512 /* icon_delete_all@2x.jpg */; };
		5FA0A8761765B04800E6F512 /* icon_delete.jpg in Resources */ = {isa = PBXBuildFile; fileRef = 5FA0A8281765B04800E6F512 /* icon_delete.jpg */; };
		5FA0A8771765B04800E6F512 /* icon_delete@2x.jpg in Resources */ = {isa = PBXBuildFile; fileRef = 5FA0A8291765B04800E6F512 /* icon_delete@2x.jpg */; };
		5FA0A8781765B04800E6F512 /* icon_down_start.jpg in Resources */ = {isa = PBXBuildFile; fileRef = 5FA0A82A1765B04800E6F512 /* icon_down_start.jpg */; };
		5FA0A8791765B04800E6F512 /* icon_down_start@2x.jpg in Resources */ = {isa = PBXBuildFile; fileRef = 5FA0A82B1765B04800E6F512 /* icon_down_start@2x.jpg */; };
		5FA0A87A1765B04800E6F512 /* icon_extract_chapter.jpg in Resources */ = {isa = PBXBuildFile; fileRef = 5FA0A82C1765B04800E6F512 /* icon_extract_chapter.jpg */; };
		5FA0A87B1765B04800E6F512 /* icon_extract_chapter@2x.jpg in Resources */ = {isa = PBXBuildFile; fileRef = 5FA0A82D1765B04800E6F512 /* icon_extract_chapter@2x.jpg */; };
		5FA0A87C1765B04800E6F512 /* icon_help.jpg in Resources */ = {isa = PBXBuildFile; fileRef = 5FA0A82E1765B04800E6F512 /* icon_help.jpg */; };
		5FA0A87D1765B04800E6F512 /* icon_help@2x.jpg in Resources */ = {isa = PBXBuildFile; fileRef = 5FA0A82F1765B04800E6F512 /* icon_help@2x.jpg */; };
		5FA0A87E1765B04800E6F512 /* icon_img_preview.jpg in Resources */ = {isa = PBXBuildFile; fileRef = 5FA0A8301765B04800E6F512 /* icon_img_preview.jpg */; };
		5FA0A87F1765B04800E6F512 /* icon_img_preview@2x.jpg in Resources */ = {isa = PBXBuildFile; fileRef = 5FA0A8311765B04800E6F512 /* icon_img_preview@2x.jpg */; };
		5FA0A8801765B04800E6F512 /* icon_line_spacing.jpg in Resources */ = {isa = PBXBuildFile; fileRef = 5FA0A8321765B04800E6F512 /* icon_line_spacing.jpg */; };
		5FA0A8811765B04800E6F512 /* icon_line_spacing@2x.jpg in Resources */ = {isa = PBXBuildFile; fileRef = 5FA0A8331765B04800E6F512 /* icon_line_spacing@2x.jpg */; };
		5FA0A8821765B04800E6F512 /* icon_navigate_back.jpg in Resources */ = {isa = PBXBuildFile; fileRef = 5FA0A8341765B04800E6F512 /* icon_navigate_back.jpg */; };
		5FA0A8831765B04800E6F512 /* icon_navigate_back@2x.jpg in Resources */ = {isa = PBXBuildFile; fileRef = 5FA0A8351765B04800E6F512 /* icon_navigate_back@2x.jpg */; };
		5FA0A8841765B04800E6F512 /* icon_navigate_front.jpg in Resources */ = {isa = PBXBuildFile; fileRef = 5FA0A8361765B04800E6F512 /* icon_navigate_front.jpg */; };
		5FA0A8851765B04800E6F512 /* icon_navigate_front@2x.jpg in Resources */ = {isa = PBXBuildFile; fileRef = 5FA0A8371765B04800E6F512 /* icon_navigate_front@2x.jpg */; };
		5FA0A8861765B04800E6F512 /* icon_next_chapter.jpg in Resources */ = {isa = PBXBuildFile; fileRef = 5FA0A8381765B04800E6F512 /* icon_next_chapter.jpg */; };
		5FA0A8871765B04800E6F512 /* icon_next_chapter@2x.jpg in Resources */ = {isa = PBXBuildFile; fileRef = 5FA0A8391765B04800E6F512 /* icon_next_chapter@2x.jpg */; };
		5FA0A8881765B04800E6F512 /* icon_next_file.jpg in Resources */ = {isa = PBXBuildFile; fileRef = 5FA0A83A1765B04800E6F512 /* icon_next_file.jpg */; };
		5FA0A8891765B04800E6F512 /* icon_next_file@2x.jpg in Resources */ = {isa = PBXBuildFile; fileRef = 5FA0A83B1765B04800E6F512 /* icon_next_file@2x.jpg */; };
		5FA0A88A1765B04800E6F512 /* icon_open_book.jpg in Resources */ = {isa = PBXBuildFile; fileRef = 5FA0A83C1765B04800E6F512 /* icon_open_book.jpg */; };
		5FA0A88B1765B04800E6F512 /* icon_open_book@2x.jpg in Resources */ = {isa = PBXBuildFile; fileRef = 5FA0A83D1765B04800E6F512 /* icon_open_book@2x.jpg */; };
		5FA0A88C1765B04800E6F512 /* icon_order_by_date.jpg in Resources */ = {isa = PBXBuildFile; fileRef = 5FA0A83E1765B04800E6F512 /* icon_order_by_date.jpg */; };
		5FA0A88D1765B04800E6F512 /* icon_order_by_date@2x.jpg in Resources */ = {isa = PBXBuildFile; fileRef = 5FA0A83F1765B04800E6F512 /* icon_order_by_date@2x.jpg */; };
		5FA0A88E1765B04800E6F512 /* icon_order_by_name.jpg in Resources */ = {isa = PBXBuildFile; fileRef = 5FA0A8401765B04800E6F512 /* icon_order_by_name.jpg */; };
		5FA0A88F1765B04800E6F512 /* icon_order_by_name@2x.jpg in Resources */ = {isa = PBXBuildFile; fileRef = 5FA0A8411765B04800E6F512 /* icon_order_by_name@2x.jpg */; };
		5FA0A8901765B04800E6F512 /* icon_order_by_size.jpg in Resources */ = {isa = PBXBuildFile; fileRef = 5FA0A8421765B04800E6F512 /* icon_order_by_size.jpg */; };
		5FA0A8911765B04800E6F512 /* icon_order_by_size@2x.jpg in Resources */ = {isa = PBXBuildFile; fileRef = 5FA0A8431765B04800E6F512 /* icon_order_by_size@2x.jpg */; };
		5FA0A8921765B04800E6F512 /* icon_pause_all.jpg in Resources */ = {isa = PBXBuildFile; fileRef = 5FA0A8441765B04800E6F512 /* icon_pause_all.jpg */; };
		5FA0A8931765B04800E6F512 /* icon_pause_all@2x.jpg in Resources */ = {isa = PBXBuildFile; fileRef = 5FA0A8451765B04800E6F512 /* icon_pause_all@2x.jpg */; };
		5FA0A8941765B04800E6F512 /* icon_pause.jpg in Resources */ = {isa = PBXBuildFile; fileRef = 5FA0A8461765B04800E6F512 /* icon_pause.jpg */; };
		5FA0A8951765B04800E6F512 /* icon_pause@2x.jpg in Resources */ = {isa = PBXBuildFile; fileRef = 5FA0A8471765B04800E6F512 /* icon_pause@2x.jpg */; };
		5FA0A8961765B04800E6F512 /* icon_prev_chapter.jpg in Resources */ = {isa = PBXBuildFile; fileRef = 5FA0A8481765B04800E6F512 /* icon_prev_chapter.jpg */; };
		5FA0A8971765B04800E6F512 /* icon_prev_chapter@2x.jpg in Resources */ = {isa = PBXBuildFile; fileRef = 5FA0A8491765B04800E6F512 /* icon_prev_chapter@2x.jpg */; };
		5FA0A8981765B04800E6F512 /* icon_prev_file.jpg in Resources */ = {isa = PBXBuildFile; fileRef = 5FA0A84A1765B04800E6F512 /* icon_prev_file.jpg */; };
		5FA0A8991765B04800E6F512 /* icon_prev_file@2x.jpg in Resources */ = {isa = PBXBuildFile; fileRef = 5FA0A84B1765B04800E6F512 /* icon_prev_file@2x.jpg */; };
		5FA0A89A1765B04800E6F512 /* icon_quit.jpg in Resources */ = {isa = PBXBuildFile; fileRef = 5FA0A84C1765B04800E6F512 /* icon_quit.jpg */; };
		5FA0A89B1765B04800E6F512 /* icon_quit@2x.jpg in Resources */ = {isa = PBXBuildFile; fileRef = 5FA0A84D1765B04800E6F512 /* icon_quit@2x.jpg */; };
		5FA0A89C1765B04800E6F512 /* icon_redownload.jpg in Resources */ = {isa = PBXBuildFile; fileRef = 5FA0A84E1765B04800E6F512 /* icon_redownload.jpg */; };
		5FA0A89D1765B04800E6F512 /* icon_redownload@2x.jpg in Resources */ = {isa = PBXBuildFile; fileRef = 5FA0A84F1765B04800E6F512 /* icon_redownload@2x.jpg */; };
		5FA0A89E1765B04800E6F512 /* icon_refresh.jpg in Resources */ = {isa = PBXBuildFile; fileRef = 5FA0A8501765B04800E6F512 /* icon_refresh.jpg */; };
		5FA0A89F1765B04800E6F512 /* icon_refresh@2x.jpg in Resources */ = {isa = PBXBuildFile; fileRef = 5FA0A8511765B04800E6F512 /* icon_refresh@2x.jpg */; };
		5FA0A8A01765B04800E6F512 /* icon_restore.jpg in Resources */ = {isa = PBXBuildFile; fileRef = 5FA0A8521765B04800E6F512 /* icon_restore.jpg */; };
		5FA0A8A11765B04800E6F512 /* icon_restore@2x.jpg in Resources */ = {isa = PBXBuildFile; fileRef = 5FA0A8531765B04800E6F512 /* icon_restore@2x.jpg */; };
		5FA0A8A21765B04800E6F512 /* icon_seek.jpg in Resources */ = {isa = PBXBuildFile; fileRef = 5FA0A8541765B04800E6F512 /* icon_seek.jpg */; };
		5FA0A8A31765B04800E6F512 /* icon_seek@2x.jpg in Resources */ = {isa = PBXBuildFile; fileRef = 5FA0A8551765B04800E6F512 /* icon_seek@2x.jpg */; };
		5FA0A8A41765B04800E6F512 /* icon_settings.jpg in Resources */ = {isa = PBXBuildFile; fileRef = 5FA0A8561765B04800E6F512 /* icon_settings.jpg */; };
		5FA0A8A51765B04800E6F512 /* icon_settings@2x.jpg in Resources */ = {isa = PBXBuildFile; fileRef = 5FA0A8571765B04800E6F512 /* icon_settings@2x.jpg */; };
		5FA0A8A61765B04800E6F512 /* icon_show_inner_files.jpg in Resources */ = {isa = PBXBuildFile; fileRef = 5FA0A8581765B04800E6F512 /* icon_show_inner_files.jpg */; };
		5FA0A8A71765B04800E6F512 /* icon_show_inner_files@2x.jpg in Resources */ = {isa = PBXBuildFile; fileRef = 5FA0A8591765B04800E6F512 /* icon_show_inner_files@2x.jpg */; };
		5FA0A8A81765B04800E6F512 /* icon_start_all.jpg in Resources */ = {isa = PBXBuildFile; fileRef = 5FA0A85A1765B04800E6F512 /* icon_start_all.jpg */; };
		5FA0A8A91765B04800E6F512 /* icon_start_all@2x.jpg in Resources */ = {isa = PBXBuildFile; fileRef = 5FA0A85B1765B04800E6F512 /* icon_start_all@2x.jpg */; };
		5FA0A8AA1765B04800E6F512 /* icon_start.jpg in Resources */ = {isa = PBXBuildFile; fileRef = 5FA0A85C1765B04800E6F512 /* icon_start.jpg */; };
		5FA0A8AB1765B04800E6F512 /* icon_start@2x.jpg in Resources */ = {isa = PBXBuildFile; fileRef = 5FA0A85D1765B04800E6F512 /* icon_start@2x.jpg */; };
		5FA0A8AE1765B04800E6F512 /* icon_theme.jpg in Resources */ = {isa = PBXBuildFile; fileRef = 5FA0A8601765B04800E6F512 /* icon_theme.jpg */; };
		5FA0A8AF1765B04800E6F512 /* icon_theme@2x.jpg in Resources */ = {isa = PBXBuildFile; fileRef = 5FA0A8611765B04800E6F512 /* icon_theme@2x.jpg */; };
		5FA0A8B01765B04800E6F512 /* icon_wifi_bottom.jpg in Resources */ = {isa = PBXBuildFile; fileRef = 5FA0A8621765B04800E6F512 /* icon_wifi_bottom.jpg */; };
		5FA0A8B11765B04800E6F512 /* icon_wifi_bottom@2x.jpg in Resources */ = {isa = PBXBuildFile; fileRef = 5FA0A8631765B04800E6F512 /* icon_wifi_bottom@2x.jpg */; };
		5FA0A8B41765B2DC00E6F512 /* icon_encoding.jpg in Resources */ = {isa = PBXBuildFile; fileRef = 5FA0A8B21765B2DC00E6F512 /* icon_encoding.jpg */; };
		5FA0A8B51765B2DC00E6F512 /* icon_encoding@2x.jpg in Resources */ = {isa = PBXBuildFile; fileRef = 5FA0A8B31765B2DC00E6F512 /* icon_encoding@2x.jpg */; };
		F5846B561755F3960022F878 /* QuartzCore.framework in Frameworks */ = {isa = PBXBuildFile; fileRef = F5846B551755F3960022F878 /* QuartzCore.framework */; };
		F5A7C619174DAA900040A3CB /* UIKit.framework in Frameworks */ = {isa = PBXBuildFile; fileRef = F5A7C618174DAA900040A3CB /* UIKit.framework */; };
		F5A7C61B174DAA900040A3CB /* Foundation.framework in Frameworks */ = {isa = PBXBuildFile; fileRef = F5A7C61A174DAA900040A3CB /* Foundation.framework */; };
		F5A7C61D174DAA900040A3CB /* CoreGraphics.framework in Frameworks */ = {isa = PBXBuildFile; fileRef = F5A7C61C174DAA900040A3CB /* CoreGraphics.framework */; };
		F5A7C625174DAA900040A3CB /* main.m in Sources */ = {isa = PBXBuildFile; fileRef = F5A7C624174DAA900040A3CB /* main.m */; };
		F5A7C629174DAA900040A3CB /* AppDelegate.m in Sources */ = {isa = PBXBuildFile; fileRef = F5A7C628174DAA900040A3CB /* AppDelegate.m */; };
		F5A7C62B174DAA900040A3CB /* Default.png in Resources */ = {isa = PBXBuildFile; fileRef = F5A7C62A174DAA900040A3CB /* Default.png */; };
		F5A7C62D174DAA900040A3CB /* Default@2x.png in Resources */ = {isa = PBXBuildFile; fileRef = F5A7C62C174DAA900040A3CB /* Default@2x.png */; };
		F5A7C62F174DAA900040A3CB /* Default-568h@2x.png in Resources */ = {isa = PBXBuildFile; fileRef = F5A7C62E174DAA900040A3CB /* Default-568h@2x.png */; };
		F5D2F9DC176465EF006C5DF7 /* StringUtil.m in Sources */ = {isa = PBXBuildFile; fileRef = F5D2F9DB176465EF006C5DF7 /* StringUtil.m */; };
/* End PBXBuildFile section */

/* Begin PBXFileReference section */
		5F3AEEB217637E0D0082BCBE /* logo57.png */ = {isa = PBXFileReference; lastKnownFileType = image.png; path = logo57.png; sourceTree = "<group>"; };
		5F3AEEB417637E120082BCBE /* logo114.png */ = {isa = PBXFileReference; lastKnownFileType = image.png; path = logo114.png; sourceTree = "<group>"; };
		5F3AEEB617637E170082BCBE /* logo72.png */ = {isa = PBXFileReference; lastKnownFileType = image.png; path = logo72.png; sourceTree = "<group>"; };
		5F3AEEB817637E1A0082BCBE /* logo144.png */ = {isa = PBXFileReference; lastKnownFileType = image.png; path = logo144.png; sourceTree = "<group>"; };
		5F3AEEBC176386E80082BCBE /* LeavesCache.h */ = {isa = PBXFileReference; fileEncoding = 4; lastKnownFileType = sourcecode.c.h; path = LeavesCache.h; sourceTree = "<group>"; };
		5F3AEEBD176386E80082BCBE /* LeavesCache.m */ = {isa = PBXFileReference; fileEncoding = 4; lastKnownFileType = sourcecode.c.objc; path = LeavesCache.m; sourceTree = "<group>"; };
		5F3AEEBE176386E80082BCBE /* LeavesView.h */ = {isa = PBXFileReference; fileEncoding = 4; lastKnownFileType = sourcecode.c.h; path = LeavesView.h; sourceTree = "<group>"; };
		5F3AEEBF176386E80082BCBE /* LeavesView.m */ = {isa = PBXFileReference; fileEncoding = 4; lastKnownFileType = sourcecode.c.objc; path = LeavesView.m; sourceTree = "<group>"; };
		5F3AEEC0176386E80082BCBE /* LeavesViewController.h */ = {isa = PBXFileReference; fileEncoding = 4; lastKnownFileType = sourcecode.c.h; path = LeavesViewController.h; sourceTree = "<group>"; };
		5F3AEEC1176386E80082BCBE /* LeavesViewController.m */ = {isa = PBXFileReference; fileEncoding = 4; lastKnownFileType = sourcecode.c.objc; path = LeavesViewController.m; sourceTree = "<group>"; };
		5F3AEEC2176386E80082BCBE /* Utilities.h */ = {isa = PBXFileReference; fileEncoding = 4; lastKnownFileType = sourcecode.c.h; path = Utilities.h; sourceTree = "<group>"; };
		5F3AEEC3176386E80082BCBE /* Utilities.m */ = {isa = PBXFileReference; fileEncoding = 4; lastKnownFileType = sourcecode.c.objc; path = Utilities.m; sourceTree = "<group>"; };
		5F3AEEC5176386E80082BCBE /* PageInfo.h */ = {isa = PBXFileReference; fileEncoding = 4; lastKnownFileType = sourcecode.c.h; path = PageInfo.h; sourceTree = "<group>"; };
		5F3AEEC6176386E80082BCBE /* PageInfo.m */ = {isa = PBXFileReference; fileEncoding = 4; lastKnownFileType = sourcecode.c.objc; path = PageInfo.m; sourceTree = "<group>"; };
		5F3AEEC7176386E80082BCBE /* PageInfoManage.h */ = {isa = PBXFileReference; fileEncoding = 4; lastKnownFileType = sourcecode.c.h; path = PageInfoManage.h; sourceTree = "<group>"; };
		5F3AEEC8176386E80082BCBE /* PageInfoManage.m */ = {isa = PBXFileReference; fileEncoding = 4; lastKnownFileType = sourcecode.c.objc; path = PageInfoManage.m; sourceTree = "<group>"; };
		5F3AEEC9176386E80082BCBE /* ReaderViewController.h */ = {isa = PBXFileReference; fileEncoding = 4; lastKnownFileType = sourcecode.c.h; path = ReaderViewController.h; sourceTree = "<group>"; };
		5F3AEECA176386E80082BCBE /* ReaderViewController.m */ = {isa = PBXFileReference; fileEncoding = 4; lastKnownFileType = sourcecode.c.objc; path = ReaderViewController.m; sourceTree = "<group>"; };
		5F3AEECC176386E80082BCBE /* PubHeader.h */ = {isa = PBXFileReference; fileEncoding = 4; lastKnownFileType = sourcecode.c.h; path = PubHeader.h; sourceTree = "<group>"; };
		5F3AEECD176386E80082BCBE /* VIewUtil.h */ = {isa = PBXFileReference; fileEncoding = 4; lastKnownFileType = sourcecode.c.h; path = VIewUtil.h; sourceTree = "<group>"; };
		5F3AEECE176386E80082BCBE /* VIewUtil.m */ = {isa = PBXFileReference; fileEncoding = 4; lastKnownFileType = sourcecode.c.objc; path = VIewUtil.m; sourceTree = "<group>"; };
		5F3AEEE2176388300082BCBE /* AlertChangeOffset-ipad.xib */ = {isa = PBXFileReference; fileEncoding = 4; lastKnownFileType = file.xib; path = "AlertChangeOffset-ipad.xib"; sourceTree = "<group>"; };
		5F3AEEE3176388300082BCBE /* BottomMenu_iphone.xib */ = {isa = PBXFileReference; fileEncoding = 4; lastKnownFileType = file.xib; path = BottomMenu_iphone.xib; sourceTree = "<group>"; };
		5F3AEEE4176388300082BCBE /* ReaderViewController_ipad.xib */ = {isa = PBXFileReference; fileEncoding = 4; lastKnownFileType = file.xib; path = ReaderViewController_ipad.xib; sourceTree = "<group>"; };
		5F3AEEE5176388300082BCBE /* ReaderViewController_iphone.xib */ = {isa = PBXFileReference; fileEncoding = 4; lastKnownFileType = file.xib; path = ReaderViewController_iphone.xib; sourceTree = "<group>"; };
		5F3AEEEB176389980082BCBE /* RJBookListViewController.h */ = {isa = PBXFileReference; fileEncoding = 4; lastKnownFileType = sourcecode.c.h; path = RJBookListViewController.h; sourceTree = "<group>"; };
		5F3AEEEC176389980082BCBE /* RJBookListViewController.m */ = {isa = PBXFileReference; fileEncoding = 4; lastKnownFileType = sourcecode.c.objc; path = RJBookListViewController.m; sourceTree = "<group>"; };
		5F3AEEF017638AA20082BCBE /* RJBookList.h */ = {isa = PBXFileReference; fileEncoding = 4; lastKnownFileType = sourcecode.c.h; path = RJBookList.h; sourceTree = "<group>"; };
		5F3AEEF117638AA20082BCBE /* RJBookList.m */ = {isa = PBXFileReference; fileEncoding = 4; lastKnownFileType = sourcecode.c.objc; path = RJBookList.m; sourceTree = "<group>"; };
		5F3AEEF217638AA20082BCBE /* RJCommentView.h */ = {isa = PBXFileReference; fileEncoding = 4; lastKnownFileType = sourcecode.c.h; path = RJCommentView.h; sourceTree = "<group>"; };
		5F3AEEF317638AA20082BCBE /* RJCommentView.m */ = {isa = PBXFileReference; fileEncoding = 4; lastKnownFileType = sourcecode.c.objc; path = RJCommentView.m; sourceTree = "<group>"; };
		5F3AEEF617638AB60082BCBE /* RJBookData.h */ = {isa = PBXFileReference; fileEncoding = 4; lastKnownFileType = sourcecode.c.h; path = RJBookData.h; sourceTree = "<group>"; };
		5F3AEEF717638AB60082BCBE /* RJBookData.m */ = {isa = PBXFileReference; fileEncoding = 4; lastKnownFileType = sourcecode.c.objc; path = RJBookData.m; sourceTree = "<group>"; };
		5FA0A8161765B04800E6F512 /* default_icon.jpg */ = {isa = PBXFileReference; lastKnownFileType = image.jpeg; path = default_icon.jpg; sourceTree = "<group>"; };
		5FA0A8171765B04800E6F512 /* default_icon@2x.jpg */ = {isa = PBXFileReference; lastKnownFileType = image.jpeg; path = "default_icon@2x.jpg"; sourceTree = "<group>"; };
		5FA0A8181765B04800E6F512 /* icon_about_us.jpg */ = {isa = PBXFileReference; lastKnownFileType = image.jpeg; path = icon_about_us.jpg; sourceTree = "<group>"; };
		5FA0A8191765B04800E6F512 /* icon_about_us@2x.jpg */ = {isa = PBXFileReference; lastKnownFileType = image.jpeg; path = "icon_about_us@2x.jpg"; sourceTree = "<group>"; };
		5FA0A81A1765B04800E6F512 /* icon_add_bookmark.jpg */ = {isa = PBXFileReference; lastKnownFileType = image.jpeg; path = icon_add_bookmark.jpg; sourceTree = "<group>"; };
		5FA0A81B1765B04800E6F512 /* icon_add_bookmark@2x.jpg */ = {isa = PBXFileReference; lastKnownFileType = image.jpeg; path = "icon_add_bookmark@2x.jpg"; sourceTree = "<group>"; };
		5FA0A81C1765B04800E6F512 /* icon_adjust_font.jpg */ = {isa = PBXFileReference; lastKnownFileType = image.jpeg; path = icon_adjust_font.jpg; sourceTree = "<group>"; };
		5FA0A81D1765B04800E6F512 /* icon_adjust_font@2x.jpg */ = {isa = PBXFileReference; lastKnownFileType = image.jpeg; path = "icon_adjust_font@2x.jpg"; sourceTree = "<group>"; };
		5FA0A81E1765B04800E6F512 /* icon_adjust_light.jpg */ = {isa = PBXFileReference; lastKnownFileType = image.jpeg; path = icon_adjust_light.jpg; sourceTree = "<group>"; };
		5FA0A81F1765B04800E6F512 /* icon_adjust_light@2x.jpg */ = {isa = PBXFileReference; lastKnownFileType = image.jpeg; path = "icon_adjust_light@2x.jpg"; sourceTree = "<group>"; };
		5FA0A8201765B04800E6F512 /* icon_bookmark.jpg */ = {isa = PBXFileReference; lastKnownFileType = image.jpeg; path = icon_bookmark.jpg; sourceTree = "<group>"; };
		5FA0A8211765B04800E6F512 /* icon_bookmark@2x.jpg */ = {isa = PBXFileReference; lastKnownFileType = image.jpeg; path = "icon_bookmark@2x.jpg"; sourceTree = "<group>"; };
		5FA0A8221765B04800E6F512 /* icon_chapter.jpg */ = {isa = PBXFileReference; lastKnownFileType = image.jpeg; path = icon_chapter.jpg; sourceTree = "<group>"; };
		5FA0A8231765B04800E6F512 /* icon_chapter@2x.jpg */ = {isa = PBXFileReference; lastKnownFileType = image.jpeg; path = "icon_chapter@2x.jpg"; sourceTree = "<group>"; };
		5FA0A8241765B04800E6F512 /* icon_create_folder.jpg */ = {isa = PBXFileReference; lastKnownFileType = image.jpeg; path = icon_create_folder.jpg; sourceTree = "<group>"; };
		5FA0A8251765B04800E6F512 /* icon_create_folder@2x.jpg */ = {isa = PBXFileReference; lastKnownFileType = image.jpeg; path = "icon_create_folder@2x.jpg"; sourceTree = "<group>"; };
		5FA0A8261765B04800E6F512 /* icon_delete_all.jpg */ = {isa = PBXFileReference; lastKnownFileType = image.jpeg; path = icon_delete_all.jpg; sourceTree = "<group>"; };
		5FA0A8271765B04800E6F512 /* icon_delete_all@2x.jpg */ = {isa = PBXFileReference; lastKnownFileType = image.jpeg; path = "icon_delete_all@2x.jpg"; sourceTree = "<group>"; };
		5FA0A8281765B04800E6F512 /* icon_delete.jpg */ = {isa = PBXFileReference; lastKnownFileType = image.jpeg; path = icon_delete.jpg; sourceTree = "<group>"; };
		5FA0A8291765B04800E6F512 /* icon_delete@2x.jpg */ = {isa = PBXFileReference; lastKnownFileType = image.jpeg; path = "icon_delete@2x.jpg"; sourceTree = "<group>"; };
		5FA0A82A1765B04800E6F512 /* icon_down_start.jpg */ = {isa = PBXFileReference; lastKnownFileType = image.jpeg; path = icon_down_start.jpg; sourceTree = "<group>"; };
		5FA0A82B1765B04800E6F512 /* icon_down_start@2x.jpg */ = {isa = PBXFileReference; lastKnownFileType = image.jpeg; path = "icon_down_start@2x.jpg"; sourceTree = "<group>"; };
		5FA0A82C1765B04800E6F512 /* icon_extract_chapter.jpg */ = {isa = PBXFileReference; lastKnownFileType = image.jpeg; path = icon_extract_chapter.jpg; sourceTree = "<group>"; };
		5FA0A82D1765B04800E6F512 /* icon_extract_chapter@2x.jpg */ = {isa = PBXFileReference; lastKnownFileType = image.jpeg; path = "icon_extract_chapter@2x.jpg"; sourceTree = "<group>"; };
		5FA0A82E1765B04800E6F512 /* icon_help.jpg */ = {isa = PBXFileReference; lastKnownFileType = image.jpeg; path = icon_help.jpg; sourceTree = "<group>"; };
		5FA0A82F1765B04800E6F512 /* icon_help@2x.jpg */ = {isa = PBXFileReference; lastKnownFileType = image.jpeg; path = "icon_help@2x.jpg"; sourceTree = "<group>"; };
		5FA0A8301765B04800E6F512 /* icon_img_preview.jpg */ = {isa = PBXFileReference; lastKnownFileType = image.jpeg; path = icon_img_preview.jpg; sourceTree = "<group>"; };
		5FA0A8311765B04800E6F512 /* icon_img_preview@2x.jpg */ = {isa = PBXFileReference; lastKnownFileType = image.jpeg; path = "icon_img_preview@2x.jpg"; sourceTree = "<group>"; };
		5FA0A8321765B04800E6F512 /* icon_line_spacing.jpg */ = {isa = PBXFileReference; lastKnownFileType = image.jpeg; path = icon_line_spacing.jpg; sourceTree = "<group>"; };
		5FA0A8331765B04800E6F512 /* icon_line_spacing@2x.jpg */ = {isa = PBXFileReference; lastKnownFileType = image.jpeg; path = "icon_line_spacing@2x.jpg"; sourceTree = "<group>"; };
		5FA0A8341765B04800E6F512 /* icon_navigate_back.jpg */ = {isa = PBXFileReference; lastKnownFileType = image.jpeg; path = icon_navigate_back.jpg; sourceTree = "<group>"; };
		5FA0A8351765B04800E6F512 /* icon_navigate_back@2x.jpg */ = {isa = PBXFileReference; lastKnownFileType = image.jpeg; path = "icon_navigate_back@2x.jpg"; sourceTree = "<group>"; };
		5FA0A8361765B04800E6F512 /* icon_navigate_front.jpg */ = {isa = PBXFileReference; lastKnownFileType = image.jpeg; path = icon_navigate_front.jpg; sourceTree = "<group>"; };
		5FA0A8371765B04800E6F512 /* icon_navigate_front@2x.jpg */ = {isa = PBXFileReference; lastKnownFileType = image.jpeg; path = "icon_navigate_front@2x.jpg"; sourceTree = "<group>"; };
		5FA0A8381765B04800E6F512 /* icon_next_chapter.jpg */ = {isa = PBXFileReference; lastKnownFileType = image.jpeg; path = icon_next_chapter.jpg; sourceTree = "<group>"; };
		5FA0A8391765B04800E6F512 /* icon_next_chapter@2x.jpg */ = {isa = PBXFileReference; lastKnownFileType = image.jpeg; path = "icon_next_chapter@2x.jpg"; sourceTree = "<group>"; };
		5FA0A83A1765B04800E6F512 /* icon_next_file.jpg */ = {isa = PBXFileReference; lastKnownFileType = image.jpeg; path = icon_next_file.jpg; sourceTree = "<group>"; };
		5FA0A83B1765B04800E6F512 /* icon_next_file@2x.jpg */ = {isa = PBXFileReference; lastKnownFileType = image.jpeg; path = "icon_next_file@2x.jpg"; sourceTree = "<group>"; };
		5FA0A83C1765B04800E6F512 /* icon_open_book.jpg */ = {isa = PBXFileReference; lastKnownFileType = image.jpeg; path = icon_open_book.jpg; sourceTree = "<group>"; };
		5FA0A83D1765B04800E6F512 /* icon_open_book@2x.jpg */ = {isa = PBXFileReference; lastKnownFileType = image.jpeg; path = "icon_open_book@2x.jpg"; sourceTree = "<group>"; };
		5FA0A83E1765B04800E6F512 /* icon_order_by_date.jpg */ = {isa = PBXFileReference; lastKnownFileType = image.jpeg; path = icon_order_by_date.jpg; sourceTree = "<group>"; };
		5FA0A83F1765B04800E6F512 /* icon_order_by_date@2x.jpg */ = {isa = PBXFileReference; lastKnownFileType = image.jpeg; path = "icon_order_by_date@2x.jpg"; sourceTree = "<group>"; };
		5FA0A8401765B04800E6F512 /* icon_order_by_name.jpg */ = {isa = PBXFileReference; lastKnownFileType = image.jpeg; path = icon_order_by_name.jpg; sourceTree = "<group>"; };
		5FA0A8411765B04800E6F512 /* icon_order_by_name@2x.jpg */ = {isa = PBXFileReference; lastKnownFileType = image.jpeg; path = "icon_order_by_name@2x.jpg"; sourceTree = "<group>"; };
		5FA0A8421765B04800E6F512 /* icon_order_by_size.jpg */ = {isa = PBXFileReference; lastKnownFileType = image.jpeg; path = icon_order_by_size.jpg; sourceTree = "<group>"; };
		5FA0A8431765B04800E6F512 /* icon_order_by_size@2x.jpg */ = {isa = PBXFileReference; lastKnownFileType = image.jpeg; path = "icon_order_by_size@2x.jpg"; sourceTree = "<group>"; };
		5FA0A8441765B04800E6F512 /* icon_pause_all.jpg */ = {isa = PBXFileReference; lastKnownFileType = image.jpeg; path = icon_pause_all.jpg; sourceTree = "<group>"; };
		5FA0A8451765B04800E6F512 /* icon_pause_all@2x.jpg */ = {isa = PBXFileReference; lastKnownFileType = image.jpeg; path = "icon_pause_all@2x.jpg"; sourceTree = "<group>"; };
		5FA0A8461765B04800E6F512 /* icon_pause.jpg */ = {isa = PBXFileReference; lastKnownFileType = image.jpeg; path = icon_pause.jpg; sourceTree = "<group>"; };
		5FA0A8471765B04800E6F512 /* icon_pause@2x.jpg */ = {isa = PBXFileReference; lastKnownFileType = image.jpeg; path = "icon_pause@2x.jpg"; sourceTree = "<group>"; };
		5FA0A8481765B04800E6F512 /* icon_prev_chapter.jpg */ = {isa = PBXFileReference; lastKnownFileType = image.jpeg; path = icon_prev_chapter.jpg; sourceTree = "<group>"; };
		5FA0A8491765B04800E6F512 /* icon_prev_chapter@2x.jpg */ = {isa = PBXFileReference; lastKnownFileType = image.jpeg; path = "icon_prev_chapter@2x.jpg"; sourceTree = "<group>"; };
		5FA0A84A1765B04800E6F512 /* icon_prev_file.jpg */ = {isa = PBXFileReference; lastKnownFileType = image.jpeg; path = icon_prev_file.jpg; sourceTree = "<group>"; };
		5FA0A84B1765B04800E6F512 /* icon_prev_file@2x.jpg */ = {isa = PBXFileReference; lastKnownFileType = image.jpeg; path = "icon_prev_file@2x.jpg"; sourceTree = "<group>"; };
		5FA0A84C1765B04800E6F512 /* icon_quit.jpg */ = {isa = PBXFileReference; lastKnownFileType = image.jpeg; path = icon_quit.jpg; sourceTree = "<group>"; };
		5FA0A84D1765B04800E6F512 /* icon_quit@2x.jpg */ = {isa = PBXFileReference; lastKnownFileType = image.jpeg; path = "icon_quit@2x.jpg"; sourceTree = "<group>"; };
		5FA0A84E1765B04800E6F512 /* icon_redownload.jpg */ = {isa = PBXFileReference; lastKnownFileType = image.jpeg; path = icon_redownload.jpg; sourceTree = "<group>"; };
		5FA0A84F1765B04800E6F512 /* icon_redownload@2x.jpg */ = {isa = PBXFileReference; lastKnownFileType = image.jpeg; path = "icon_redownload@2x.jpg"; sourceTree = "<group>"; };
		5FA0A8501765B04800E6F512 /* icon_refresh.jpg */ = {isa = PBXFileReference; lastKnownFileType = image.jpeg; path = icon_refresh.jpg; sourceTree = "<group>"; };
		5FA0A8511765B04800E6F512 /* icon_refresh@2x.jpg */ = {isa = PBXFileReference; lastKnownFileType = image.jpeg; path = "icon_refresh@2x.jpg"; sourceTree = "<group>"; };
		5FA0A8521765B04800E6F512 /* icon_restore.jpg */ = {isa = PBXFileReference; lastKnownFileType = image.jpeg; path = icon_restore.jpg; sourceTree = "<group>"; };
		5FA0A8531765B04800E6F512 /* icon_restore@2x.jpg */ = {isa = PBXFileReference; lastKnownFileType = image.jpeg; path = "icon_restore@2x.jpg"; sourceTree = "<group>"; };
		5FA0A8541765B04800E6F512 /* icon_seek.jpg */ = {isa = PBXFileReference; lastKnownFileType = image.jpeg; path = icon_seek.jpg; sourceTree = "<group>"; };
		5FA0A8551765B04800E6F512 /* icon_seek@2x.jpg */ = {isa = PBXFileReference; lastKnownFileType = image.jpeg; path = "icon_seek@2x.jpg"; sourceTree = "<group>"; };
		5FA0A8561765B04800E6F512 /* icon_settings.jpg */ = {isa = PBXFileReference; lastKnownFileType = image.jpeg; path = icon_settings.jpg; sourceTree = "<group>"; };
		5FA0A8571765B04800E6F512 /* icon_settings@2x.jpg */ = {isa = PBXFileReference; lastKnownFileType = image.jpeg; path = "icon_settings@2x.jpg"; sourceTree = "<group>"; };
		5FA0A8581765B04800E6F512 /* icon_show_inner_files.jpg */ = {isa = PBXFileReference; lastKnownFileType = image.jpeg; path = icon_show_inner_files.jpg; sourceTree = "<group>"; };
		5FA0A8591765B04800E6F512 /* icon_show_inner_files@2x.jpg */ = {isa = PBXFileReference; lastKnownFileType = image.jpeg; path = "icon_show_inner_files@2x.jpg"; sourceTree = "<group>"; };
		5FA0A85A1765B04800E6F512 /* icon_start_all.jpg */ = {isa = PBXFileReference; lastKnownFileType = image.jpeg; path = icon_start_all.jpg; sourceTree = "<group>"; };
		5FA0A85B1765B04800E6F512 /* icon_start_all@2x.jpg */ = {isa = PBXFileReference; lastKnownFileType = image.jpeg; path = "icon_start_all@2x.jpg"; sourceTree = "<group>"; };
		5FA0A85C1765B04800E6F512 /* icon_start.jpg */ = {isa = PBXFileReference; lastKnownFileType = image.jpeg; path = icon_start.jpg; sourceTree = "<group>"; };
		5FA0A85D1765B04800E6F512 /* icon_start@2x.jpg */ = {isa = PBXFileReference; lastKnownFileType = image.jpeg; path = "icon_start@2x.jpg"; sourceTree = "<group>"; };
		5FA0A8601765B04800E6F512 /* icon_theme.jpg */ = {isa = PBXFileReference; lastKnownFileType = image.jpeg; path = icon_theme.jpg; sourceTree = "<group>"; };
		5FA0A8611765B04800E6F512 /* icon_theme@2x.jpg */ = {isa = PBXFileReference; lastKnownFileType = image.jpeg; path = "icon_theme@2x.jpg"; sourceTree = "<group>"; };
		5FA0A8621765B04800E6F512 /* icon_wifi_bottom.jpg */ = {isa = PBXFileReference; lastKnownFileType = image.jpeg; path = icon_wifi_bottom.jpg; sourceTree = "<group>"; };
		5FA0A8631765B04800E6F512 /* icon_wifi_bottom@2x.jpg */ = {isa = PBXFileReference; lastKnownFileType = image.jpeg; path = "icon_wifi_bottom@2x.jpg"; sourceTree = "<group>"; };
		5FA0A8B21765B2DC00E6F512 /* icon_encoding.jpg */ = {isa = PBXFileReference; lastKnownFileType = image.jpeg; path = icon_encoding.jpg; sourceTree = "<group>"; };
		5FA0A8B31765B2DC00E6F512 /* icon_encoding@2x.jpg */ = {isa = PBXFileReference; lastKnownFileType = image.jpeg; path = "icon_encoding@2x.jpg"; sourceTree = "<group>"; };
		F5846B551755F3960022F878 /* QuartzCore.framework */ = {isa = PBXFileReference; lastKnownFileType = wrapper.framework; name = QuartzCore.framework; path = System/Library/Frameworks/QuartzCore.framework; sourceTree = SDKROOT; };
		F5A7C615174DAA900040A3CB /* Paging.app */ = {isa = PBXFileReference; explicitFileType = wrapper.application; includeInIndex = 0; path = Paging.app; sourceTree = BUILT_PRODUCTS_DIR; };
		F5A7C618174DAA900040A3CB /* UIKit.framework */ = {isa = PBXFileReference; lastKnownFileType = wrapper.framework; name = UIKit.framework; path = System/Library/Frameworks/UIKit.framework; sourceTree = SDKROOT; };
		F5A7C61A174DAA900040A3CB /* Foundation.framework */ = {isa = PBXFileReference; lastKnownFileType = wrapper.framework; name = Foundation.framework; path = System/Library/Frameworks/Foundation.framework; sourceTree = SDKROOT; };
		F5A7C61C174DAA900040A3CB /* CoreGraphics.framework */ = {isa = PBXFileReference; lastKnownFileType = wrapper.framework; name = CoreGraphics.framework; path = System/Library/Frameworks/CoreGraphics.framework; sourceTree = SDKROOT; };
		F5A7C620174DAA900040A3CB /* Paging-Info.plist */ = {isa = PBXFileReference; lastKnownFileType = text.plist.xml; path = "Paging-Info.plist"; sourceTree = "<group>"; };
		F5A7C624174DAA900040A3CB /* main.m */ = {isa = PBXFileReference; lastKnownFileType = sourcecode.c.objc; path = main.m; sourceTree = "<group>"; };
		F5A7C626174DAA900040A3CB /* Paging-Prefix.pch */ = {isa = PBXFileReference; lastKnownFileType = sourcecode.c.h; path = "Paging-Prefix.pch"; sourceTree = "<group>"; };
		F5A7C627174DAA900040A3CB /* AppDelegate.h */ = {isa = PBXFileReference; lastKnownFileType = sourcecode.c.h; path = AppDelegate.h; sourceTree = "<group>"; };
		F5A7C628174DAA900040A3CB /* AppDelegate.m */ = {isa = PBXFileReference; lastKnownFileType = sourcecode.c.objc; path = AppDelegate.m; sourceTree = "<group>"; };
		F5A7C62A174DAA900040A3CB /* Default.png */ = {isa = PBXFileReference; lastKnownFileType = image.png; path = Default.png; sourceTree = "<group>"; };
		F5A7C62C174DAA900040A3CB /* Default@2x.png */ = {isa = PBXFileReference; lastKnownFileType = image.png; path = "Default@2x.png"; sourceTree = "<group>"; };
		F5A7C62E174DAA900040A3CB /* Default-568h@2x.png */ = {isa = PBXFileReference; lastKnownFileType = image.png; path = "Default-568h@2x.png"; sourceTree = "<group>"; };
		F5D2F9DA176465EF006C5DF7 /* StringUtil.h */ = {isa = PBXFileReference; fileEncoding = 4; lastKnownFileType = sourcecode.c.h; path = StringUtil.h; sourceTree = "<group>"; };
		F5D2F9DB176465EF006C5DF7 /* StringUtil.m */ = {isa = PBXFileReference; fileEncoding = 4; lastKnownFileType = sourcecode.c.objc; path = StringUtil.m; sourceTree = "<group>"; };
/* End PBXFileReference section */

/* Begin PBXFrameworksBuildPhase section */
		F5A7C612174DAA900040A3CB /* Frameworks */ = {
			isa = PBXFrameworksBuildPhase;
			buildActionMask = 2147483647;
			files = (
				F5846B561755F3960022F878 /* QuartzCore.framework in Frameworks */,
				F5A7C619174DAA900040A3CB /* UIKit.framework in Frameworks */,
				F5A7C61B174DAA900040A3CB /* Foundation.framework in Frameworks */,
				F5A7C61D174DAA900040A3CB /* CoreGraphics.framework in Frameworks */,
			);
			runOnlyForDeploymentPostprocessing = 0;
		};
/* End PBXFrameworksBuildPhase section */

/* Begin PBXGroup section */
		5F3AEEA517637DB50082BCBE /* image */ = {
			isa = PBXGroup;
			children = (
				5FA0A8161765B04800E6F512 /* default_icon.jpg */,
				5FA0A8171765B04800E6F512 /* default_icon@2x.jpg */,
				5FA0A8181765B04800E6F512 /* icon_about_us.jpg */,
				5FA0A8191765B04800E6F512 /* icon_about_us@2x.jpg */,
				5FA0A81A1765B04800E6F512 /* icon_add_bookmark.jpg */,
				5FA0A81B1765B04800E6F512 /* icon_add_bookmark@2x.jpg */,
				5FA0A81C1765B04800E6F512 /* icon_adjust_font.jpg */,
				5FA0A81D1765B04800E6F512 /* icon_adjust_font@2x.jpg */,
				5FA0A81E1765B04800E6F512 /* icon_adjust_light.jpg */,
				5FA0A81F1765B04800E6F512 /* icon_adjust_light@2x.jpg */,
				5FA0A8201765B04800E6F512 /* icon_bookmark.jpg */,
				5FA0A8211765B04800E6F512 /* icon_bookmark@2x.jpg */,
				5FA0A8221765B04800E6F512 /* icon_chapter.jpg */,
				5FA0A8231765B04800E6F512 /* icon_chapter@2x.jpg */,
				5FA0A8241765B04800E6F512 /* icon_create_folder.jpg */,
				5FA0A8251765B04800E6F512 /* icon_create_folder@2x.jpg */,
				5FA0A8261765B04800E6F512 /* icon_delete_all.jpg */,
				5FA0A8271765B04800E6F512 /* icon_delete_all@2x.jpg */,
				5FA0A8281765B04800E6F512 /* icon_delete.jpg */,
				5FA0A8291765B04800E6F512 /* icon_delete@2x.jpg */,
				5FA0A82A1765B04800E6F512 /* icon_down_start.jpg */,
				5FA0A82B1765B04800E6F512 /* icon_down_start@2x.jpg */,
				5FA0A82C1765B04800E6F512 /* icon_extract_chapter.jpg */,
				5FA0A82D1765B04800E6F512 /* icon_extract_chapter@2x.jpg */,
				5FA0A82E1765B04800E6F512 /* icon_help.jpg */,
				5FA0A82F1765B04800E6F512 /* icon_help@2x.jpg */,
				5FA0A8301765B04800E6F512 /* icon_img_preview.jpg */,
				5FA0A8311765B04800E6F512 /* icon_img_preview@2x.jpg */,
				5FA0A8321765B04800E6F512 /* icon_line_spacing.jpg */,
				5FA0A8331765B04800E6F512 /* icon_line_spacing@2x.jpg */,
				5FA0A8341765B04800E6F512 /* icon_navigate_back.jpg */,
				5FA0A8351765B04800E6F512 /* icon_navigate_back@2x.jpg */,
				5FA0A8361765B04800E6F512 /* icon_navigate_front.jpg */,
				5FA0A8371765B04800E6F512 /* icon_navigate_front@2x.jpg */,
				5FA0A8381765B04800E6F512 /* icon_next_chapter.jpg */,
				5FA0A8391765B04800E6F512 /* icon_next_chapter@2x.jpg */,
				5FA0A83A1765B04800E6F512 /* icon_next_file.jpg */,
				5FA0A83B1765B04800E6F512 /* icon_next_file@2x.jpg */,
				5FA0A83C1765B04800E6F512 /* icon_open_book.jpg */,
				5FA0A83D1765B04800E6F512 /* icon_open_book@2x.jpg */,
				5FA0A83E1765B04800E6F512 /* icon_order_by_date.jpg */,
				5FA0A83F1765B04800E6F512 /* icon_order_by_date@2x.jpg */,
				5FA0A8401765B04800E6F512 /* icon_order_by_name.jpg */,
				5FA0A8411765B04800E6F512 /* icon_order_by_name@2x.jpg */,
				5FA0A8421765B04800E6F512 /* icon_order_by_size.jpg */,
				5FA0A8431765B04800E6F512 /* icon_order_by_size@2x.jpg */,
				5FA0A8441765B04800E6F512 /* icon_pause_all.jpg */,
				5FA0A8451765B04800E6F512 /* icon_pause_all@2x.jpg */,
				5FA0A8461765B04800E6F512 /* icon_pause.jpg */,
				5FA0A8471765B04800E6F512 /* icon_pause@2x.jpg */,
				5FA0A8481765B04800E6F512 /* icon_prev_chapter.jpg */,
				5FA0A8491765B04800E6F512 /* icon_prev_chapter@2x.jpg */,
				5FA0A84A1765B04800E6F512 /* icon_prev_file.jpg */,
				5FA0A84B1765B04800E6F512 /* icon_prev_file@2x.jpg */,
				5FA0A84C1765B04800E6F512 /* icon_quit.jpg */,
				5FA0A84D1765B04800E6F512 /* icon_quit@2x.jpg */,
				5FA0A84E1765B04800E6F512 /* icon_redownload.jpg */,
				5FA0A8B21765B2DC00E6F512 /* icon_encoding.jpg */,
				5FA0A8B31765B2DC00E6F512 /* icon_encoding@2x.jpg */,
				5FA0A84F1765B04800E6F512 /* icon_redownload@2x.jpg */,
				5FA0A8501765B04800E6F512 /* icon_refresh.jpg */,
				5FA0A8511765B04800E6F512 /* icon_refresh@2x.jpg */,
				5FA0A8521765B04800E6F512 /* icon_restore.jpg */,
				5FA0A8531765B04800E6F512 /* icon_restore@2x.jpg */,
				5FA0A8541765B04800E6F512 /* icon_seek.jpg */,
				5FA0A8551765B04800E6F512 /* icon_seek@2x.jpg */,
				5FA0A8561765B04800E6F512 /* icon_settings.jpg */,
				5FA0A8571765B04800E6F512 /* icon_settings@2x.jpg */,
				5FA0A8581765B04800E6F512 /* icon_show_inner_files.jpg */,
				5FA0A8591765B04800E6F512 /* icon_show_inner_files@2x.jpg */,
				5FA0A85A1765B04800E6F512 /* icon_start_all.jpg */,
				5FA0A85B1765B04800E6F512 /* icon_start_all@2x.jpg */,
				5FA0A85C1765B04800E6F512 /* icon_start.jpg */,
				5FA0A85D1765B04800E6F512 /* icon_start@2x.jpg */,
				5FA0A8601765B04800E6F512 /* icon_theme.jpg */,
				5FA0A8611765B04800E6F512 /* icon_theme@2x.jpg */,
				5FA0A8621765B04800E6F512 /* icon_wifi_bottom.jpg */,
				5FA0A8631765B04800E6F512 /* icon_wifi_bottom@2x.jpg */,
			);
			path = image;
			sourceTree = "<group>";
		};
		5F3AEEBA176386E80082BCBE /* class */ = {
			isa = PBXGroup;
			children = (
				5F3AEEEA176389980082BCBE /* shelf */,
				5F3AEEBB176386E80082BCBE /* Leaves */,
				5F3AEEC4176386E80082BCBE /* reader */,
				5F3AEECB176386E80082BCBE /* utils */,
			);
			path = class;
			sourceTree = "<group>";
		};
		5F3AEEBB176386E80082BCBE /* Leaves */ = {
			isa = PBXGroup;
			children = (
				5F3AEEBC176386E80082BCBE /* LeavesCache.h */,
				5F3AEEBD176386E80082BCBE /* LeavesCache.m */,
				5F3AEEBE176386E80082BCBE /* LeavesView.h */,
				5F3AEEBF176386E80082BCBE /* LeavesView.m */,
				5F3AEEC0176386E80082BCBE /* LeavesViewController.h */,
				5F3AEEC1176386E80082BCBE /* LeavesViewController.m */,
				5F3AEEC2176386E80082BCBE /* Utilities.h */,
				5F3AEEC3176386E80082BCBE /* Utilities.m */,
			);
			path = Leaves;
			sourceTree = "<group>";
		};
		5F3AEEC4176386E80082BCBE /* reader */ = {
			isa = PBXGroup;
			children = (
				5F3AEEE2176388300082BCBE /* AlertChangeOffset-ipad.xib */,
				5F3AEEE3176388300082BCBE /* BottomMenu_iphone.xib */,
				5F3AEEE4176388300082BCBE /* ReaderViewController_ipad.xib */,
				5F3AEEE5176388300082BCBE /* ReaderViewController_iphone.xib */,
				5F3AEEC5176386E80082BCBE /* PageInfo.h */,
				5F3AEEC6176386E80082BCBE /* PageInfo.m */,
				5F3AEEC7176386E80082BCBE /* PageInfoManage.h */,
				5F3AEEC8176386E80082BCBE /* PageInfoManage.m */,
				5F3AEEC9176386E80082BCBE /* ReaderViewController.h */,
				5F3AEECA176386E80082BCBE /* ReaderViewController.m */,
			);
			path = reader;
			sourceTree = "<group>";
		};
		5F3AEECB176386E80082BCBE /* utils */ = {
			isa = PBXGroup;
			children = (
				5F3AEECC176386E80082BCBE /* PubHeader.h */,
				F5D2F9DA176465EF006C5DF7 /* StringUtil.h */,
				F5D2F9DB176465EF006C5DF7 /* StringUtil.m */,
				5F3AEECD176386E80082BCBE /* VIewUtil.h */,
				5F3AEECE176386E80082BCBE /* VIewUtil.m */,
			);
			path = utils;
			sourceTree = "<group>";
		};
		5F3AEED7176387B70082BCBE /* resource */ = {
			isa = PBXGroup;
			children = (
			);
			path = resource;
			sourceTree = "<group>";
		};
		5F3AEEEA176389980082BCBE /* shelf */ = {
			isa = PBXGroup;
			children = (
				5F3AEEF617638AB60082BCBE /* RJBookData.h */,
				5F3AEEF717638AB60082BCBE /* RJBookData.m */,
				5F3AEEF017638AA20082BCBE /* RJBookList.h */,
				5F3AEEF117638AA20082BCBE /* RJBookList.m */,
				5F3AEEF217638AA20082BCBE /* RJCommentView.h */,
				5F3AEEF317638AA20082BCBE /* RJCommentView.m */,
				5F3AEEEB176389980082BCBE /* RJBookListViewController.h */,
				5F3AEEEC176389980082BCBE /* RJBookListViewController.m */,
			);
			path = shelf;
			sourceTree = "<group>";
		};
		F5A7C60C174DAA8F0040A3CB = {
			isa = PBXGroup;
			children = (
				5F3AEEB817637E1A0082BCBE /* logo144.png */,
				5F3AEEB617637E170082BCBE /* logo72.png */,
				5F3AEEB417637E120082BCBE /* logo114.png */,
				5F3AEEB217637E0D0082BCBE /* logo57.png */,
				F5A7C61E174DAA900040A3CB /* Paging */,
				F5A7C617174DAA900040A3CB /* Frameworks */,
				F5A7C616174DAA900040A3CB /* Products */,
			);
			sourceTree = "<group>";
		};
		F5A7C616174DAA900040A3CB /* Products */ = {
			isa = PBXGroup;
			children = (
				F5A7C615174DAA900040A3CB /* Paging.app */,
			);
			name = Products;
			sourceTree = "<group>";
		};
		F5A7C617174DAA900040A3CB /* Frameworks */ = {
			isa = PBXGroup;
			children = (
				F5846B551755F3960022F878 /* QuartzCore.framework */,
				F5A7C618174DAA900040A3CB /* UIKit.framework */,
				F5A7C61A174DAA900040A3CB /* Foundation.framework */,
				F5A7C61C174DAA900040A3CB /* CoreGraphics.framework */,
			);
			name = Frameworks;
			sourceTree = "<group>";
		};
		F5A7C61E174DAA900040A3CB /* Paging */ = {
			isa = PBXGroup;
			children = (
				5F3AEEBA176386E80082BCBE /* class */,
				F5A7C627174DAA900040A3CB /* AppDelegate.h */,
				F5A7C628174DAA900040A3CB /* AppDelegate.m */,
				5F3AEED7176387B70082BCBE /* resource */,
				5F3AEEA517637DB50082BCBE /* image */,
				F5A7C61F174DAA900040A3CB /* Supporting Files */,
			);
			path = Paging;
			sourceTree = "<group>";
		};
		F5A7C61F174DAA900040A3CB /* Supporting Files */ = {
			isa = PBXGroup;
			children = (
				F5A7C620174DAA900040A3CB /* Paging-Info.plist */,
				F5A7C624174DAA900040A3CB /* main.m */,
				F5A7C626174DAA900040A3CB /* Paging-Prefix.pch */,
				F5A7C62A174DAA900040A3CB /* Default.png */,
				F5A7C62C174DAA900040A3CB /* Default@2x.png */,
				F5A7C62E174DAA900040A3CB /* Default-568h@2x.png */,
			);
			name = "Supporting Files";
			sourceTree = "<group>";
		};
/* End PBXGroup section */

/* Begin PBXNativeTarget section */
		F5A7C614174DAA900040A3CB /* Paging */ = {
			isa = PBXNativeTarget;
			buildConfigurationList = F5A7C638174DAA900040A3CB /* Build configuration list for PBXNativeTarget "Paging" */;
			buildPhases = (
				F5A7C611174DAA900040A3CB /* Sources */,
				F5A7C612174DAA900040A3CB /* Frameworks */,
				F5A7C613174DAA900040A3CB /* Resources */,
			);
			buildRules = (
			);
			dependencies = (
			);
			name = Paging;
			productName = Paging;
			productReference = F5A7C615174DAA900040A3CB /* Paging.app */;
			productType = "com.apple.product-type.application";
		};
/* End PBXNativeTarget section */

/* Begin PBXProject section */
		F5A7C60D174DAA900040A3CB /* Project object */ = {
			isa = PBXProject;
			attributes = {
				LastUpgradeCheck = 0460;
				ORGANIZATIONNAME = "Eric Yang";
			};
			buildConfigurationList = F5A7C610174DAA900040A3CB /* Build configuration list for PBXProject "Paging" */;
			compatibilityVersion = "Xcode 3.2";
			developmentRegion = English;
			hasScannedForEncodings = 0;
			knownRegions = (
				en,
			);
			mainGroup = F5A7C60C174DAA8F0040A3CB;
			productRefGroup = F5A7C616174DAA900040A3CB /* Products */;
			projectDirPath = "";
			projectRoot = "";
			targets = (
				F5A7C614174DAA900040A3CB /* Paging */,
			);
		};
/* End PBXProject section */

/* Begin PBXResourcesBuildPhase section */
		F5A7C613174DAA900040A3CB /* Resources */ = {
			isa = PBXResourcesBuildPhase;
			buildActionMask = 2147483647;
			files = (
				F5A7C62B174DAA900040A3CB /* Default.png in Resources */,
				F5A7C62D174DAA900040A3CB /* Default@2x.png in Resources */,
				F5A7C62F174DAA900040A3CB /* Default-568h@2x.png in Resources */,
				5F3AEEB317637E0D0082BCBE /* logo57.png in Resources */,
				5F3AEEB517637E120082BCBE /* logo114.png in Resources */,
				5F3AEEB717637E170082BCBE /* logo72.png in Resources */,
				5F3AEEB917637E1A0082BCBE /* logo144.png in Resources */,
				5F3AEEE6176388300082BCBE /* AlertChangeOffset-ipad.xib in Resources */,
				5F3AEEE7176388300082BCBE /* BottomMenu_iphone.xib in Resources */,
				5F3AEEE8176388300082BCBE /* ReaderViewController_ipad.xib in Resources */,
				5F3AEEE9176388300082BCBE /* ReaderViewController_iphone.xib in Resources */,
				5FA0A8641765B04800E6F512 /* default_icon.jpg in Resources */,
				5FA0A8651765B04800E6F512 /* default_icon@2x.jpg in Resources */,
				5FA0A8661765B04800E6F512 /* icon_about_us.jpg in Resources */,
				5FA0A8671765B04800E6F512 /* icon_about_us@2x.jpg in Resources */,
				5FA0A8681765B04800E6F512 /* icon_add_bookmark.jpg in Resources */,
				5FA0A8691765B04800E6F512 /* icon_add_bookmark@2x.jpg in Resources */,
				5FA0A86A1765B04800E6F512 /* icon_adjust_font.jpg in Resources */,
				5FA0A86B1765B04800E6F512 /* icon_adjust_font@2x.jpg in Resources */,
				5FA0A86C1765B04800E6F512 /* icon_adjust_light.jpg in Resources */,
				5FA0A86D1765B04800E6F512 /* icon_adjust_light@2x.jpg in Resources */,
				5FA0A86E1765B04800E6F512 /* icon_bookmark.jpg in Resources */,
				5FA0A86F1765B04800E6F512 /* icon_bookmark@2x.jpg in Resources */,
				5FA0A8701765B04800E6F512 /* icon_chapter.jpg in Resources */,
				5FA0A8711765B04800E6F512 /* icon_chapter@2x.jpg in Resources */,
				5FA0A8721765B04800E6F512 /* icon_create_folder.jpg in Resources */,
				5FA0A8731765B04800E6F512 /* icon_create_folder@2x.jpg in Resources */,
				5FA0A8741765B04800E6F512 /* icon_delete_all.jpg in Resources */,
				5FA0A8751765B04800E6F512 /* icon_delete_all@2x.jpg in Resources */,
				5FA0A8761765B04800E6F512 /* icon_delete.jpg in Resources */,
				5FA0A8771765B04800E6F512 /* icon_delete@2x.jpg in Resources */,
				5FA0A8781765B04800E6F512 /* icon_down_start.jpg in Resources */,
				5FA0A8791765B04800E6F512 /* icon_down_start@2x.jpg in Resources */,
				5FA0A87A1765B04800E6F512 /* icon_extract_chapter.jpg in Resources */,
				5FA0A87B1765B04800E6F512 /* icon_extract_chapter@2x.jpg in Resources */,
				5FA0A87C1765B04800E6F512 /* icon_help.jpg in Resources */,
				5FA0A87D1765B04800E6F512 /* icon_help@2x.jpg in Resources */,
				5FA0A87E1765B04800E6F512 /* icon_img_preview.jpg in Resources */,
				5FA0A87F1765B04800E6F512 /* icon_img_preview@2x.jpg in Resources */,
				5FA0A8801765B04800E6F512 /* icon_line_spacing.jpg in Resources */,
				5FA0A8811765B04800E6F512 /* icon_line_spacing@2x.jpg in Resources */,
				5FA0A8821765B04800E6F512 /* icon_navigate_back.jpg in Resources */,
				5FA0A8831765B04800E6F512 /* icon_navigate_back@2x.jpg in Resources */,
				5FA0A8841765B04800E6F512 /* icon_navigate_front.jpg in Resources */,
				5FA0A8851765B04800E6F512 /* icon_navigate_front@2x.jpg in Resources */,
				5FA0A8861765B04800E6F512 /* icon_next_chapter.jpg in Resources */,
				5FA0A8871765B04800E6F512 /* icon_next_chapter@2x.jpg in Resources */,
				5FA0A8881765B04800E6F512 /* icon_next_file.jpg in Resources */,
				5FA0A8891765B04800E6F512 /* icon_next_file@2x.jpg in Resources */,
				5FA0A88A1765B04800E6F512 /* icon_open_book.jpg in Resources */,
				5FA0A88B1765B04800E6F512 /* icon_open_book@2x.jpg in Resources */,
				5FA0A88C1765B04800E6F512 /* icon_order_by_date.jpg in Resources */,
				5FA0A88D1765B04800E6F512 /* icon_order_by_date@2x.jpg in Resources */,
				5FA0A88E1765B04800E6F512 /* icon_order_by_name.jpg in Resources */,
				5FA0A88F1765B04800E6F512 /* icon_order_by_name@2x.jpg in Resources */,
				5FA0A8901765B04800E6F512 /* icon_order_by_size.jpg in Resources */,
				5FA0A8911765B04800E6F512 /* icon_order_by_size@2x.jpg in Resources */,
				5FA0A8921765B04800E6F512 /* icon_pause_all.jpg in Resources */,
				5FA0A8931765B04800E6F512 /* icon_pause_all@2x.jpg in Resources */,
				5FA0A8941765B04800E6F512 /* icon_pause.jpg in Resources */,
				5FA0A8951765B04800E6F512 /* icon_pause@2x.jpg in Resources */,
				5FA0A8961765B04800E6F512 /* icon_prev_chapter.jpg in Resources */,
				5FA0A8971765B04800E6F512 /* icon_prev_chapter@2x.jpg in Resources */,
				5FA0A8981765B04800E6F512 /* icon_prev_file.jpg in Resources */,
				5FA0A8991765B04800E6F512 /* icon_prev_file@2x.jpg in Resources */,
				5FA0A89A1765B04800E6F512 /* icon_quit.jpg in Resources */,
				5FA0A89B1765B04800E6F512 /* icon_quit@2x.jpg in Resources */,
				5FA0A89C1765B04800E6F512 /* icon_redownload.jpg in Resources */,
				5FA0A89D1765B04800E6F512 /* icon_redownload@2x.jpg in Resources */,
				5FA0A89E1765B04800E6F512 /* icon_refresh.jpg in Resources */,
				5FA0A89F1765B04800E6F512 /* icon_refresh@2x.jpg in Resources */,
				5FA0A8A01765B04800E6F512 /* icon_restore.jpg in Resources */,
				5FA0A8A11765B04800E6F512 /* icon_restore@2x.jpg in Resources */,
				5FA0A8A21765B04800E6F512 /* icon_seek.jpg in Resources */,
				5FA0A8A31765B04800E6F512 /* icon_seek@2x.jpg in Resources */,
				5FA0A8A41765B04800E6F512 /* icon_settings.jpg in Resources */,
				5FA0A8A51765B04800E6F512 /* icon_settings@2x.jpg in Resources */,
				5FA0A8A61765B04800E6F512 /* icon_show_inner_files.jpg in Resources */,
				5FA0A8A71765B04800E6F512 /* icon_show_inner_files@2x.jpg in Resources */,
				5FA0A8A81765B04800E6F512 /* icon_start_all.jpg in Resources */,
				5FA0A8A91765B04800E6F512 /* icon_start_all@2x.jpg in Resources */,
				5FA0A8AA1765B04800E6F512 /* icon_start.jpg in Resources */,
				5FA0A8AB1765B04800E6F512 /* icon_start@2x.jpg in Resources */,
				5FA0A8AE1765B04800E6F512 /* icon_theme.jpg in Resources */,
				5FA0A8AF1765B04800E6F512 /* icon_theme@2x.jpg in Resources */,
				5FA0A8B01765B04800E6F512 /* icon_wifi_bottom.jpg in Resources */,
				5FA0A8B11765B04800E6F512 /* icon_wifi_bottom@2x.jpg in Resources */,
				5FA0A8B41765B2DC00E6F512 /* icon_encoding.jpg in Resources */,
				5FA0A8B51765B2DC00E6F512 /* icon_encoding@2x.jpg in Resources */,
			);
			runOnlyForDeploymentPostprocessing = 0;
		};
/* End PBXResourcesBuildPhase section */

/* Begin PBXSourcesBuildPhase section */
		F5A7C611174DAA900040A3CB /* Sources */ = {
			isa = PBXSourcesBuildPhase;
			buildActionMask = 2147483647;
			files = (
				F5A7C625174DAA900040A3CB /* main.m in Sources */,
				F5A7C629174DAA900040A3CB /* AppDelegate.m in Sources */,
				5F3AEECF176386E80082BCBE /* LeavesCache.m in Sources */,
				5F3AEED0176386E80082BCBE /* LeavesView.m in Sources */,
				5F3AEED1176386E80082BCBE /* LeavesViewController.m in Sources */,
				5F3AEED2176386E80082BCBE /* Utilities.m in Sources */,
				5F3AEED3176386E80082BCBE /* PageInfo.m in Sources */,
				5F3AEED4176386E80082BCBE /* PageInfoManage.m in Sources */,
				5F3AEED5176386E80082BCBE /* ReaderViewController.m in Sources */,
				5F3AEED6176386E80082BCBE /* VIewUtil.m in Sources */,
				5F3AEEEE176389980082BCBE /* RJBookListViewController.m in Sources */,
				5F3AEEF417638AA20082BCBE /* RJBookList.m in Sources */,
				5F3AEEF517638AA20082BCBE /* RJCommentView.m in Sources */,
				5F3AEEF817638AB60082BCBE /* RJBookData.m in Sources */,
				F5D2F9DC176465EF006C5DF7 /* StringUtil.m in Sources */,
			);
			runOnlyForDeploymentPostprocessing = 0;
		};
/* End PBXSourcesBuildPhase section */

/* Begin XCBuildConfiguration section */
		F5A7C636174DAA900040A3CB /* Debug */ = {
			isa = XCBuildConfiguration;
			buildSettings = {
				ALWAYS_SEARCH_USER_PATHS = NO;
				CLANG_CXX_LANGUAGE_STANDARD = "gnu++0x";
				CLANG_CXX_LIBRARY = "libc++";
				CLANG_WARN_CONSTANT_CONVERSION = YES;
				CLANG_WARN_EMPTY_BODY = YES;
				CLANG_WARN_ENUM_CONVERSION = YES;
				CLANG_WARN_INT_CONVERSION = YES;
				CLANG_WARN__DUPLICATE_METHOD_MATCH = YES;
				"CODE_SIGN_IDENTITY[sdk=iphoneos*]" = "iPhone Developer";
				COPY_PHASE_STRIP = NO;
				GCC_C_LANGUAGE_STANDARD = gnu99;
				GCC_DYNAMIC_NO_PIC = NO;
				GCC_OPTIMIZATION_LEVEL = 0;
				GCC_PREPROCESSOR_DEFINITIONS = (
					"DEBUG=1",
					"$(inherited)",
				);
				GCC_SYMBOLS_PRIVATE_EXTERN = NO;
				GCC_WARN_ABOUT_RETURN_TYPE = YES;
				GCC_WARN_UNINITIALIZED_AUTOS = YES;
				GCC_WARN_UNUSED_VARIABLE = YES;
				IPHONEOS_DEPLOYMENT_TARGET = 6.1;
				ONLY_ACTIVE_ARCH = YES;
				SDKROOT = iphoneos;
			};
			name = Debug;
		};
		F5A7C637174DAA900040A3CB /* Release */ = {
			isa = XCBuildConfiguration;
			buildSettings = {
				ALWAYS_SEARCH_USER_PATHS = NO;
				CLANG_CXX_LANGUAGE_STANDARD = "gnu++0x";
				CLANG_CXX_LIBRARY = "libc++";
				CLANG_WARN_CONSTANT_CONVERSION = YES;
				CLANG_WARN_EMPTY_BODY = YES;
				CLANG_WARN_ENUM_CONVERSION = YES;
				CLANG_WARN_INT_CONVERSION = YES;
				CLANG_WARN__DUPLICATE_METHOD_MATCH = YES;
				"CODE_SIGN_IDENTITY[sdk=iphoneos*]" = "iPhone Developer";
				COPY_PHASE_STRIP = YES;
				GCC_C_LANGUAGE_STANDARD = gnu99;
				GCC_WARN_ABOUT_RETURN_TYPE = YES;
				GCC_WARN_UNINITIALIZED_AUTOS = YES;
				GCC_WARN_UNUSED_VARIABLE = YES;
				IPHONEOS_DEPLOYMENT_TARGET = 6.1;
				OTHER_CFLAGS = "-DNS_BLOCK_ASSERTIONS=1";
				SDKROOT = iphoneos;
				VALIDATE_PRODUCT = YES;
			};
			name = Release;
		};
		F5A7C639174DAA900040A3CB /* Debug */ = {
			isa = XCBuildConfiguration;
			buildSettings = {
				CODE_SIGN_IDENTITY = "iPhone Developer: Guo Wei Yang (49Z4RM6R4R)";
				"CODE_SIGN_IDENTITY[sdk=iphoneos*]" = "iPhone Developer: Guo Wei Yang (49Z4RM6R4R)";
				GCC_PRECOMPILE_PREFIX_HEADER = YES;
				GCC_PREFIX_HEADER = "Paging/Paging-Prefix.pch";
				INFOPLIST_FILE = "Paging/Paging-Info.plist";
				IPHONEOS_DEPLOYMENT_TARGET = 5.0;
				PRODUCT_NAME = "$(TARGET_NAME)";
				PROVISIONING_PROFILE = "EC33EDF2-EE5F-4CFA-BE02-73FE30468BC9";
				"PROVISIONING_PROFILE[sdk=iphoneos*]" = "EC33EDF2-EE5F-4CFA-BE02-73FE30468BC9";
				TARGETED_DEVICE_FAMILY = 1;
				WRAPPER_EXTENSION = app;
			};
			name = Debug;
		};
		F5A7C63A174DAA900040A3CB /* Release */ = {
			isa = XCBuildConfiguration;
			buildSettings = {
				CODE_SIGN_IDENTITY = "iPhone Developer: Guo Wei Yang (49Z4RM6R4R)";
				"CODE_SIGN_IDENTITY[sdk=iphoneos*]" = "iPhone Developer: Guo Wei Yang (49Z4RM6R4R)";
				GCC_PRECOMPILE_PREFIX_HEADER = YES;
				GCC_PREFIX_HEADER = "Paging/Paging-Prefix.pch";
				INFOPLIST_FILE = "Paging/Paging-Info.plist";
				IPHONEOS_DEPLOYMENT_TARGET = 5.0;
				PRODUCT_NAME = "$(TARGET_NAME)";
				PROVISIONING_PROFILE = "EC33EDF2-EE5F-4CFA-BE02-73FE30468BC9";
				"PROVISIONING_PROFILE[sdk=iphoneos*]" = "EC33EDF2-EE5F-4CFA-BE02-73FE30468BC9";
				TARGETED_DEVICE_FAMILY = 1;
				WRAPPER_EXTENSION = app;
			};
			name = Release;
		};
/* End XCBuildConfiguration section */

/* Begin XCConfigurationList section */
		F5A7C610174DAA900040A3CB /* Build configuration list for PBXProject "Paging" */ = {
			isa = XCConfigurationList;
			buildConfigurations = (
				F5A7C636174DAA900040A3CB /* Debug */,
				F5A7C637174DAA900040A3CB /* Release */,
			);
			defaultConfigurationIsVisible = 0;
			defaultConfigurationName = Release;
		};
		F5A7C638174DAA900040A3CB /* Build configuration list for PBXNativeTarget "Paging" */ = {
			isa = XCConfigurationList;
			buildConfigurations = (
				F5A7C639174DAA900040A3CB /* Debug */,
				F5A7C63A174DAA900040A3CB /* Release */,
			);
			defaultConfigurationIsVisible = 0;
			defaultConfigurationName = Release;
		};
/* End XCConfigurationList section */
	};
	rootObject = F5A7C60D174DAA900040A3CB /* Project object */;
}
