// !$*UTF8*$!
{
	archiveVersion = 1;
	classes = {
	};
	objectVersion = 46;
	objects = {

/* Begin PBXBuildFile section */
		F574D0AC174F5E7B00BAE0E8 /* 笑傲江湖-utf8.txt in Resources */ = {isa = PBXBuildFile; fileRef = F574D0AB174F5E7B00BAE0E8 /* 笑傲江湖-utf8.txt */; };
		F5846B451755D2B40022F878 /* ViewController_ipad.xib in Resources */ = {isa = PBXBuildFile; fileRef = F5846B431755D2B40022F878 /* ViewController_ipad.xib */; };
		F5846B461755D2B40022F878 /* ViewController_iphone.xib in Resources */ = {isa = PBXBuildFile; fileRef = F5846B441755D2B40022F878 /* ViewController_iphone.xib */; };
		F5846B4F1755E0FB0022F878 /* LeavesCache.m in Sources */ = {isa = PBXBuildFile; fileRef = F5846B4A1755E0FB0022F878 /* LeavesCache.m */; };
		F5846B501755E0FB0022F878 /* LeavesView.m in Sources */ = {isa = PBXBuildFile; fileRef = F5846B4C1755E0FB0022F878 /* LeavesView.m */; };
		F5846B511755E0FB0022F878 /* LeavesViewController.m in Sources */ = {isa = PBXBuildFile; fileRef = F5846B4E1755E0FB0022F878 /* LeavesViewController.m */; };
		F5846B541755E7500022F878 /* Utilities.m in Sources */ = {isa = PBXBuildFile; fileRef = F5846B531755E7500022F878 /* Utilities.m */; };
		F5846B561755F3960022F878 /* QuartzCore.framework in Frameworks */ = {isa = PBXBuildFile; fileRef = F5846B551755F3960022F878 /* QuartzCore.framework */; };
		F5A7C619174DAA900040A3CB /* UIKit.framework in Frameworks */ = {isa = PBXBuildFile; fileRef = F5A7C618174DAA900040A3CB /* UIKit.framework */; };
		F5A7C61B174DAA900040A3CB /* Foundation.framework in Frameworks */ = {isa = PBXBuildFile; fileRef = F5A7C61A174DAA900040A3CB /* Foundation.framework */; };
		F5A7C61D174DAA900040A3CB /* CoreGraphics.framework in Frameworks */ = {isa = PBXBuildFile; fileRef = F5A7C61C174DAA900040A3CB /* CoreGraphics.framework */; };
		F5A7C625174DAA900040A3CB /* main.m in Sources */ = {isa = PBXBuildFile; fileRef = F5A7C624174DAA900040A3CB /* main.m */; };
		F5A7C629174DAA900040A3CB /* AppDelegate.m in Sources */ = {isa = PBXBuildFile; fileRef = F5A7C628174DAA900040A3CB /* AppDelegate.m */; };
		F5A7C62B174DAA900040A3CB /* Default.png in Resources */ = {isa = PBXBuildFile; fileRef = F5A7C62A174DAA900040A3CB /* Default.png */; };
		F5A7C62D174DAA900040A3CB /* Default@2x.png in Resources */ = {isa = PBXBuildFile; fileRef = F5A7C62C174DAA900040A3CB /* Default@2x.png */; };
		F5A7C62F174DAA900040A3CB /* Default-568h@2x.png in Resources */ = {isa = PBXBuildFile; fileRef = F5A7C62E174DAA900040A3CB /* Default-568h@2x.png */; };
		F5A7C632174DAA900040A3CB /* ViewController.m in Sources */ = {isa = PBXBuildFile; fileRef = F5A7C631174DAA900040A3CB /* ViewController.m */; };
		F5A7C63C174DC74D0040A3CB /* push实现.txt in Resources */ = {isa = PBXBuildFile; fileRef = F5A7C63B174DC74D0040A3CB /* push实现.txt */; };
/* End PBXBuildFile section */

/* Begin PBXFileReference section */
		F574D0AB174F5E7B00BAE0E8 /* 笑傲江湖-utf8.txt */ = {isa = PBXFileReference; fileEncoding = 4; lastKnownFileType = text; path = "笑傲江湖-utf8.txt"; sourceTree = "<group>"; };
		F5846B431755D2B40022F878 /* ViewController_ipad.xib */ = {isa = PBXFileReference; fileEncoding = 4; lastKnownFileType = file.xib; path = ViewController_ipad.xib; sourceTree = "<group>"; };
		F5846B441755D2B40022F878 /* ViewController_iphone.xib */ = {isa = PBXFileReference; fileEncoding = 4; lastKnownFileType = file.xib; path = ViewController_iphone.xib; sourceTree = "<group>"; };
		F5846B471755D96B0022F878 /* PubHeader.h */ = {isa = PBXFileReference; fileEncoding = 4; lastKnownFileType = sourcecode.c.h; path = PubHeader.h; sourceTree = "<group>"; };
		F5846B491755E0FB0022F878 /* LeavesCache.h */ = {isa = PBXFileReference; fileEncoding = 4; lastKnownFileType = sourcecode.c.h; path = LeavesCache.h; sourceTree = "<group>"; };
		F5846B4A1755E0FB0022F878 /* LeavesCache.m */ = {isa = PBXFileReference; fileEncoding = 4; lastKnownFileType = sourcecode.c.objc; path = LeavesCache.m; sourceTree = "<group>"; };
		F5846B4B1755E0FB0022F878 /* LeavesView.h */ = {isa = PBXFileReference; fileEncoding = 4; lastKnownFileType = sourcecode.c.h; path = LeavesView.h; sourceTree = "<group>"; };
		F5846B4C1755E0FB0022F878 /* LeavesView.m */ = {isa = PBXFileReference; fileEncoding = 4; lastKnownFileType = sourcecode.c.objc; path = LeavesView.m; sourceTree = "<group>"; };
		F5846B4D1755E0FB0022F878 /* LeavesViewController.h */ = {isa = PBXFileReference; fileEncoding = 4; lastKnownFileType = sourcecode.c.h; path = LeavesViewController.h; sourceTree = "<group>"; };
		F5846B4E1755E0FB0022F878 /* LeavesViewController.m */ = {isa = PBXFileReference; fileEncoding = 4; lastKnownFileType = sourcecode.c.objc; path = LeavesViewController.m; sourceTree = "<group>"; };
		F5846B521755E7500022F878 /* Utilities.h */ = {isa = PBXFileReference; fileEncoding = 4; lastKnownFileType = sourcecode.c.h; path = Utilities.h; sourceTree = "<group>"; };
		F5846B531755E7500022F878 /* Utilities.m */ = {isa = PBXFileReference; fileEncoding = 4; lastKnownFileType = sourcecode.c.objc; path = Utilities.m; sourceTree = "<group>"; };
		F5846B551755F3960022F878 /* QuartzCore.framework */ = {isa = PBXFileReference; lastKnownFileType = wrapper.framework; name = QuartzCore.framework; path = System/Library/Frameworks/QuartzCore.framework; sourceTree = SDKROOT; };
		F5A7C615174DAA900040A3CB /* Paging.app */ = {isa = PBXFileReference; explicitFileType = wrapper.application; includeInIndex = 0; path = Paging.app; sourceTree = BUILT_PRODUCTS_DIR; };
		F5A7C618174DAA900040A3CB /* UIKit.framework */ = {isa = PBXFileReference; lastKnownFileType = wrapper.framework; name = UIKit.framework; path = System/Library/Frameworks/UIKit.framework; sourceTree = SDKROOT; };
		F5A7C61A174DAA900040A3CB /* Foundation.framework */ = {isa = PBXFileReference; lastKnownFileType = wrapper.framework; name = Foundation.framework; path = System/Library/Frameworks/Foundation.framework; sourceTree = SDKROOT; };
		F5A7C61C174DAA900040A3CB /* CoreGraphics.framework */ = {isa = PBXFileReference; lastKnownFileType = wrapper.framework; name = CoreGraphics.framework; path = System/Library/Frameworks/CoreGraphics.framework; sourceTree = SDKROOT; };
		F5A7C620174DAA900040A3CB /* Paging-Info.plist */ = {isa = PBXFileReference; lastKnownFileType = text.plist.xml; path = "Paging-Info.plist"; sourceTree = "<group>"; };
		F5A7C624174DAA900040A3CB /* main.m */ = {isa = PBXFileReference; lastKnownFileType = sourcecode.c.objc; path = main.m; sourceTree = "<group>"; };
		F5A7C626174DAA900040A3CB /* Paging-Prefix.pch */ = {isa = PBXFileReference; lastKnownFileType = sourcecode.c.h; path = "Paging-Prefix.pch"; sourceTree = "<group>"; };
		F5A7C627174DAA900040A3CB /* AppDelegate.h */ = {isa = PBXFileReference; lastKnownFileType = sourcecode.c.h; path = AppDelegate.h; sourceTree = "<group>"; };
		F5A7C628174DAA900040A3CB /* AppDelegate.m */ = {isa = PBXFileReference; lastKnownFileType = sourcecode.c.objc; path = AppDelegate.m; sourceTree = "<group>"; };
		F5A7C62A174DAA900040A3CB /* Default.png */ = {isa = PBXFileReference; lastKnownFileType = image.png; path = Default.png; sourceTree = "<group>"; };
		F5A7C62C174DAA900040A3CB /* Default@2x.png */ = {isa = PBXFileReference; lastKnownFileType = image.png; path = "Default@2x.png"; sourceTree = "<group>"; };
		F5A7C62E174DAA900040A3CB /* Default-568h@2x.png */ = {isa = PBXFileReference; lastKnownFileType = image.png; path = "Default-568h@2x.png"; sourceTree = "<group>"; };
		F5A7C630174DAA900040A3CB /* ViewController.h */ = {isa = PBXFileReference; lastKnownFileType = sourcecode.c.h; path = ViewController.h; sourceTree = "<group>"; };
		F5A7C631174DAA900040A3CB /* ViewController.m */ = {isa = PBXFileReference; lastKnownFileType = sourcecode.c.objc; path = ViewController.m; sourceTree = "<group>"; };
		F5A7C63B174DC74D0040A3CB /* push实现.txt */ = {isa = PBXFileReference; fileEncoding = 4; lastKnownFileType = text; path = "push实现.txt"; sourceTree = "<group>"; };
/* End PBXFileReference section */

/* Begin PBXFrameworksBuildPhase section */
		F5A7C612174DAA900040A3CB /* Frameworks */ = {
			isa = PBXFrameworksBuildPhase;
			buildActionMask = 2147483647;
			files = (
				F5846B561755F3960022F878 /* QuartzCore.framework in Frameworks */,
				F5A7C619174DAA900040A3CB /* UIKit.framework in Frameworks */,
				F5A7C61B174DAA900040A3CB /* Foundation.framework in Frameworks */,
				F5A7C61D174DAA900040A3CB /* CoreGraphics.framework in Frameworks */,
			);
			runOnlyForDeploymentPostprocessing = 0;
		};
/* End PBXFrameworksBuildPhase section */

/* Begin PBXGroup section */
		F5846B481755E0FB0022F878 /* Leaves */ = {
			isa = PBXGroup;
			children = (
				F5846B521755E7500022F878 /* Utilities.h */,
				F5846B531755E7500022F878 /* Utilities.m */,
				F5846B491755E0FB0022F878 /* LeavesCache.h */,
				F5846B4A1755E0FB0022F878 /* LeavesCache.m */,
				F5846B4B1755E0FB0022F878 /* LeavesView.h */,
				F5846B4C1755E0FB0022F878 /* LeavesView.m */,
				F5846B4D1755E0FB0022F878 /* LeavesViewController.h */,
				F5846B4E1755E0FB0022F878 /* LeavesViewController.m */,
			);
			path = Leaves;
			sourceTree = "<group>";
		};
		F5A7C60C174DAA8F0040A3CB = {
			isa = PBXGroup;
			children = (
				F5A7C61E174DAA900040A3CB /* Paging */,
				F5A7C617174DAA900040A3CB /* Frameworks */,
				F5A7C616174DAA900040A3CB /* Products */,
			);
			sourceTree = "<group>";
		};
		F5A7C616174DAA900040A3CB /* Products */ = {
			isa = PBXGroup;
			children = (
				F5A7C615174DAA900040A3CB /* Paging.app */,
			);
			name = Products;
			sourceTree = "<group>";
		};
		F5A7C617174DAA900040A3CB /* Frameworks */ = {
			isa = PBXGroup;
			children = (
				F5846B551755F3960022F878 /* QuartzCore.framework */,
				F5A7C618174DAA900040A3CB /* UIKit.framework */,
				F5A7C61A174DAA900040A3CB /* Foundation.framework */,
				F5A7C61C174DAA900040A3CB /* CoreGraphics.framework */,
			);
			name = Frameworks;
			sourceTree = "<group>";
		};
		F5A7C61E174DAA900040A3CB /* Paging */ = {
			isa = PBXGroup;
			children = (
				F5846B481755E0FB0022F878 /* Leaves */,
				F5A7C63B174DC74D0040A3CB /* push实现.txt */,
				F574D0AB174F5E7B00BAE0E8 /* 笑傲江湖-utf8.txt */,
				F5A7C627174DAA900040A3CB /* AppDelegate.h */,
				F5A7C628174DAA900040A3CB /* AppDelegate.m */,
				F5A7C630174DAA900040A3CB /* ViewController.h */,
				F5A7C631174DAA900040A3CB /* ViewController.m */,
				F5846B431755D2B40022F878 /* ViewController_ipad.xib */,
				F5846B441755D2B40022F878 /* ViewController_iphone.xib */,
				F5A7C61F174DAA900040A3CB /* Supporting Files */,
				F5846B471755D96B0022F878 /* PubHeader.h */,
			);
			path = Paging;
			sourceTree = "<group>";
		};
		F5A7C61F174DAA900040A3CB /* Supporting Files */ = {
			isa = PBXGroup;
			children = (
				F5A7C620174DAA900040A3CB /* Paging-Info.plist */,
				F5A7C624174DAA900040A3CB /* main.m */,
				F5A7C626174DAA900040A3CB /* Paging-Prefix.pch */,
				F5A7C62A174DAA900040A3CB /* Default.png */,
				F5A7C62C174DAA900040A3CB /* Default@2x.png */,
				F5A7C62E174DAA900040A3CB /* Default-568h@2x.png */,
			);
			name = "Supporting Files";
			sourceTree = "<group>";
		};
/* End PBXGroup section */

/* Begin PBXNativeTarget section */
		F5A7C614174DAA900040A3CB /* Paging */ = {
			isa = PBXNativeTarget;
			buildConfigurationList = F5A7C638174DAA900040A3CB /* Build configuration list for PBXNativeTarget "Paging" */;
			buildPhases = (
				F5A7C611174DAA900040A3CB /* Sources */,
				F5A7C612174DAA900040A3CB /* Frameworks */,
				F5A7C613174DAA900040A3CB /* Resources */,
			);
			buildRules = (
			);
			dependencies = (
			);
			name = Paging;
			productName = Paging;
			productReference = F5A7C615174DAA900040A3CB /* Paging.app */;
			productType = "com.apple.product-type.application";
		};
/* End PBXNativeTarget section */

/* Begin PBXProject section */
		F5A7C60D174DAA900040A3CB /* Project object */ = {
			isa = PBXProject;
			attributes = {
				LastUpgradeCheck = 0460;
				ORGANIZATIONNAME = "Eric Yang";
			};
			buildConfigurationList = F5A7C610174DAA900040A3CB /* Build configuration list for PBXProject "Paging" */;
			compatibilityVersion = "Xcode 3.2";
			developmentRegion = English;
			hasScannedForEncodings = 0;
			knownRegions = (
				en,
			);
			mainGroup = F5A7C60C174DAA8F0040A3CB;
			productRefGroup = F5A7C616174DAA900040A3CB /* Products */;
			projectDirPath = "";
			projectRoot = "";
			targets = (
				F5A7C614174DAA900040A3CB /* Paging */,
			);
		};
/* End PBXProject section */

/* Begin PBXResourcesBuildPhase section */
		F5A7C613174DAA900040A3CB /* Resources */ = {
			isa = PBXResourcesBuildPhase;
			buildActionMask = 2147483647;
			files = (
				F5A7C62B174DAA900040A3CB /* Default.png in Resources */,
				F5A7C62D174DAA900040A3CB /* Default@2x.png in Resources */,
				F5A7C62F174DAA900040A3CB /* Default-568h@2x.png in Resources */,
				F5A7C63C174DC74D0040A3CB /* push实现.txt in Resources */,
				F574D0AC174F5E7B00BAE0E8 /* 笑傲江湖-utf8.txt in Resources */,
				F5846B451755D2B40022F878 /* ViewController_ipad.xib in Resources */,
				F5846B461755D2B40022F878 /* ViewController_iphone.xib in Resources */,
			);
			runOnlyForDeploymentPostprocessing = 0;
		};
/* End PBXResourcesBuildPhase section */

/* Begin PBXSourcesBuildPhase section */
		F5A7C611174DAA900040A3CB /* Sources */ = {
			isa = PBXSourcesBuildPhase;
			buildActionMask = 2147483647;
			files = (
				F5A7C625174DAA900040A3CB /* main.m in Sources */,
				F5A7C629174DAA900040A3CB /* AppDelegate.m in Sources */,
				F5A7C632174DAA900040A3CB /* ViewController.m in Sources */,
				F5846B4F1755E0FB0022F878 /* LeavesCache.m in Sources */,
				F5846B501755E0FB0022F878 /* LeavesView.m in Sources */,
				F5846B511755E0FB0022F878 /* LeavesViewController.m in Sources */,
				F5846B541755E7500022F878 /* Utilities.m in Sources */,
			);
			runOnlyForDeploymentPostprocessing = 0;
		};
/* End PBXSourcesBuildPhase section */

/* Begin XCBuildConfiguration section */
		F5A7C636174DAA900040A3CB /* Debug */ = {
			isa = XCBuildConfiguration;
			buildSettings = {
				ALWAYS_SEARCH_USER_PATHS = NO;
				CLANG_CXX_LANGUAGE_STANDARD = "gnu++0x";
				CLANG_CXX_LIBRARY = "libc++";
				CLANG_WARN_CONSTANT_CONVERSION = YES;
				CLANG_WARN_EMPTY_BODY = YES;
				CLANG_WARN_ENUM_CONVERSION = YES;
				CLANG_WARN_INT_CONVERSION = YES;
				CLANG_WARN__DUPLICATE_METHOD_MATCH = YES;
				"CODE_SIGN_IDENTITY[sdk=iphoneos*]" = "iPhone Developer";
				COPY_PHASE_STRIP = NO;
				GCC_C_LANGUAGE_STANDARD = gnu99;
				GCC_DYNAMIC_NO_PIC = NO;
				GCC_OPTIMIZATION_LEVEL = 0;
				GCC_PREPROCESSOR_DEFINITIONS = (
					"DEBUG=1",
					"$(inherited)",
				);
				GCC_SYMBOLS_PRIVATE_EXTERN = NO;
				GCC_WARN_ABOUT_RETURN_TYPE = YES;
				GCC_WARN_UNINITIALIZED_AUTOS = YES;
				GCC_WARN_UNUSED_VARIABLE = YES;
				IPHONEOS_DEPLOYMENT_TARGET = 6.1;
				ONLY_ACTIVE_ARCH = YES;
				SDKROOT = iphoneos;
			};
			name = Debug;
		};
		F5A7C637174DAA900040A3CB /* Release */ = {
			isa = XCBuildConfiguration;
			buildSettings = {
				ALWAYS_SEARCH_USER_PATHS = NO;
				CLANG_CXX_LANGUAGE_STANDARD = "gnu++0x";
				CLANG_CXX_LIBRARY = "libc++";
				CLANG_WARN_CONSTANT_CONVERSION = YES;
				CLANG_WARN_EMPTY_BODY = YES;
				CLANG_WARN_ENUM_CONVERSION = YES;
				CLANG_WARN_INT_CONVERSION = YES;
				CLANG_WARN__DUPLICATE_METHOD_MATCH = YES;
				"CODE_SIGN_IDENTITY[sdk=iphoneos*]" = "iPhone Developer";
				COPY_PHASE_STRIP = YES;
				GCC_C_LANGUAGE_STANDARD = gnu99;
				GCC_WARN_ABOUT_RETURN_TYPE = YES;
				GCC_WARN_UNINITIALIZED_AUTOS = YES;
				GCC_WARN_UNUSED_VARIABLE = YES;
				IPHONEOS_DEPLOYMENT_TARGET = 6.1;
				OTHER_CFLAGS = "-DNS_BLOCK_ASSERTIONS=1";
				SDKROOT = iphoneos;
				VALIDATE_PRODUCT = YES;
			};
			name = Release;
		};
		F5A7C639174DAA900040A3CB /* Debug */ = {
			isa = XCBuildConfiguration;
			buildSettings = {
				GCC_PRECOMPILE_PREFIX_HEADER = YES;
				GCC_PREFIX_HEADER = "Paging/Paging-Prefix.pch";
				INFOPLIST_FILE = "Paging/Paging-Info.plist";
				IPHONEOS_DEPLOYMENT_TARGET = 6.1;
				PRODUCT_NAME = "$(TARGET_NAME)";
				TARGETED_DEVICE_FAMILY = "1,2";
				WRAPPER_EXTENSION = app;
			};
			name = Debug;
		};
		F5A7C63A174DAA900040A3CB /* Release */ = {
			isa = XCBuildConfiguration;
			buildSettings = {
				GCC_PRECOMPILE_PREFIX_HEADER = YES;
				GCC_PREFIX_HEADER = "Paging/Paging-Prefix.pch";
				INFOPLIST_FILE = "Paging/Paging-Info.plist";
				IPHONEOS_DEPLOYMENT_TARGET = 6.1;
				PRODUCT_NAME = "$(TARGET_NAME)";
				TARGETED_DEVICE_FAMILY = "1,2";
				WRAPPER_EXTENSION = app;
			};
			name = Release;
		};
/* End XCBuildConfiguration section */

/* Begin XCConfigurationList section */
		F5A7C610174DAA900040A3CB /* Build configuration list for PBXProject "Paging" */ = {
			isa = XCConfigurationList;
			buildConfigurations = (
				F5A7C636174DAA900040A3CB /* Debug */,
				F5A7C637174DAA900040A3CB /* Release */,
			);
			defaultConfigurationIsVisible = 0;
			defaultConfigurationName = Release;
		};
		F5A7C638174DAA900040A3CB /* Build configuration list for PBXNativeTarget "Paging" */ = {
			isa = XCConfigurationList;
			buildConfigurations = (
				F5A7C639174DAA900040A3CB /* Debug */,
				F5A7C63A174DAA900040A3CB /* Release */,
			);
			defaultConfigurationIsVisible = 0;
			defaultConfigurationName = Release;
		};
/* End XCConfigurationList section */
	};
	rootObject = F5A7C60D174DAA900040A3CB /* Project object */;
}
