// !$*UTF8*$!
{
	archiveVersion = 1;
	classes = {
	};
	objectVersion = 46;
	objects = {

/* Begin PBXBuildFile section */
		5F1D66711765CAFF0087E2BB /* button.png in Resources */ = {isa = PBXBuildFile; fileRef = 5F1D661F1765CAFF0087E2BB /* button.png */; };
		5F1D66721765CAFF0087E2BB /* default_icon.jpg in Resources */ = {isa = PBXBuildFile; fileRef = 5F1D66201765CAFF0087E2BB /* default_icon.jpg */; };
		5F1D66731765CAFF0087E2BB /* default_icon@2x.jpg in Resources */ = {isa = PBXBuildFile; fileRef = 5F1D66211765CAFF0087E2BB /* default_icon@2x.jpg */; };
		5F1D66741765CAFF0087E2BB /* icon_about_us.jpg in Resources */ = {isa = PBXBuildFile; fileRef = 5F1D66221765CAFF0087E2BB /* icon_about_us.jpg */; };
		5F1D66751765CAFF0087E2BB /* icon_about_us@2x.jpg in Resources */ = {isa = PBXBuildFile; fileRef = 5F1D66231765CAFF0087E2BB /* icon_about_us@2x.jpg */; };
		5F1D66761765CAFF0087E2BB /* icon_add_bookmark.jpg in Resources */ = {isa = PBXBuildFile; fileRef = 5F1D66241765CAFF0087E2BB /* icon_add_bookmark.jpg */; };
		5F1D66771765CAFF0087E2BB /* icon_add_bookmark@2x.jpg in Resources */ = {isa = PBXBuildFile; fileRef = 5F1D66251765CAFF0087E2BB /* icon_add_bookmark@2x.jpg */; };
		5F1D66781765CAFF0087E2BB /* icon_adjust_font.jpg in Resources */ = {isa = PBXBuildFile; fileRef = 5F1D66261765CAFF0087E2BB /* icon_adjust_font.jpg */; };
		5F1D66791765CAFF0087E2BB /* icon_adjust_font@2x.jpg in Resources */ = {isa = PBXBuildFile; fileRef = 5F1D66271765CAFF0087E2BB /* icon_adjust_font@2x.jpg */; };
		5F1D667A1765CAFF0087E2BB /* icon_adjust_light.jpg in Resources */ = {isa = PBXBuildFile; fileRef = 5F1D66281765CAFF0087E2BB /* icon_adjust_light.jpg */; };
		5F1D667B1765CAFF0087E2BB /* icon_adjust_light@2x.jpg in Resources */ = {isa = PBXBuildFile; fileRef = 5F1D66291765CAFF0087E2BB /* icon_adjust_light@2x.jpg */; };
		5F1D667C1765CAFF0087E2BB /* icon_bookmark.jpg in Resources */ = {isa = PBXBuildFile; fileRef = 5F1D662A1765CAFF0087E2BB /* icon_bookmark.jpg */; };
		5F1D667D1765CAFF0087E2BB /* icon_bookmark@2x.jpg in Resources */ = {isa = PBXBuildFile; fileRef = 5F1D662B1765CAFF0087E2BB /* icon_bookmark@2x.jpg */; };
		5F1D667E1765CAFF0087E2BB /* icon_chapter.jpg in Resources */ = {isa = PBXBuildFile; fileRef = 5F1D662C1765CAFF0087E2BB /* icon_chapter.jpg */; };
		5F1D667F1765CAFF0087E2BB /* icon_chapter@2x.jpg in Resources */ = {isa = PBXBuildFile; fileRef = 5F1D662D1765CAFF0087E2BB /* icon_chapter@2x.jpg */; };
		5F1D66801765CAFF0087E2BB /* icon_create_folder.jpg in Resources */ = {isa = PBXBuildFile; fileRef = 5F1D662E1765CAFF0087E2BB /* icon_create_folder.jpg */; };
		5F1D66811765CAFF0087E2BB /* icon_create_folder@2x.jpg in Resources */ = {isa = PBXBuildFile; fileRef = 5F1D662F1765CAFF0087E2BB /* icon_create_folder@2x.jpg */; };
		5F1D66821765CAFF0087E2BB /* icon_delete.jpg in Resources */ = {isa = PBXBuildFile; fileRef = 5F1D66301765CAFF0087E2BB /* icon_delete.jpg */; };
		5F1D66831765CAFF0087E2BB /* icon_delete@2x.jpg in Resources */ = {isa = PBXBuildFile; fileRef = 5F1D66311765CAFF0087E2BB /* icon_delete@2x.jpg */; };
		5F1D66841765CAFF0087E2BB /* icon_delete_all.jpg in Resources */ = {isa = PBXBuildFile; fileRef = 5F1D66321765CAFF0087E2BB /* icon_delete_all.jpg */; };
		5F1D66851765CAFF0087E2BB /* icon_delete_all@2x.jpg in Resources */ = {isa = PBXBuildFile; fileRef = 5F1D66331765CAFF0087E2BB /* icon_delete_all@2x.jpg */; };
		5F1D66861765CAFF0087E2BB /* icon_down_start.jpg in Resources */ = {isa = PBXBuildFile; fileRef = 5F1D66341765CAFF0087E2BB /* icon_down_start.jpg */; };
		5F1D66871765CAFF0087E2BB /* icon_down_start@2x.jpg in Resources */ = {isa = PBXBuildFile; fileRef = 5F1D66351765CAFF0087E2BB /* icon_down_start@2x.jpg */; };
		5F1D66881765CAFF0087E2BB /* icon_encoding.jpg in Resources */ = {isa = PBXBuildFile; fileRef = 5F1D66361765CAFF0087E2BB /* icon_encoding.jpg */; };
		5F1D66891765CAFF0087E2BB /* icon_encoding@2x.jpg in Resources */ = {isa = PBXBuildFile; fileRef = 5F1D66371765CAFF0087E2BB /* icon_encoding@2x.jpg */; };
		5F1D668A1765CAFF0087E2BB /* icon_extract_chapter.jpg in Resources */ = {isa = PBXBuildFile; fileRef = 5F1D66381765CAFF0087E2BB /* icon_extract_chapter.jpg */; };
		5F1D668B1765CAFF0087E2BB /* icon_extract_chapter@2x.jpg in Resources */ = {isa = PBXBuildFile; fileRef = 5F1D66391765CAFF0087E2BB /* icon_extract_chapter@2x.jpg */; };
		5F1D668C1765CAFF0087E2BB /* icon_help.jpg in Resources */ = {isa = PBXBuildFile; fileRef = 5F1D663A1765CAFF0087E2BB /* icon_help.jpg */; };
		5F1D668D1765CAFF0087E2BB /* icon_help@2x.jpg in Resources */ = {isa = PBXBuildFile; fileRef = 5F1D663B1765CAFF0087E2BB /* icon_help@2x.jpg */; };
		5F1D668E1765CAFF0087E2BB /* icon_img_preview.jpg in Resources */ = {isa = PBXBuildFile; fileRef = 5F1D663C1765CAFF0087E2BB /* icon_img_preview.jpg */; };
		5F1D668F1765CAFF0087E2BB /* icon_img_preview@2x.jpg in Resources */ = {isa = PBXBuildFile; fileRef = 5F1D663D1765CAFF0087E2BB /* icon_img_preview@2x.jpg */; };
		5F1D66901765CAFF0087E2BB /* icon_line_spacing.jpg in Resources */ = {isa = PBXBuildFile; fileRef = 5F1D663E1765CAFF0087E2BB /* icon_line_spacing.jpg */; };
		5F1D66911765CAFF0087E2BB /* icon_line_spacing@2x.jpg in Resources */ = {isa = PBXBuildFile; fileRef = 5F1D663F1765CAFF0087E2BB /* icon_line_spacing@2x.jpg */; };
		5F1D66921765CAFF0087E2BB /* icon_navigate_back.jpg in Resources */ = {isa = PBXBuildFile; fileRef = 5F1D66401765CAFF0087E2BB /* icon_navigate_back.jpg */; };
		5F1D66931765CAFF0087E2BB /* icon_navigate_back@2x.jpg in Resources */ = {isa = PBXBuildFile; fileRef = 5F1D66411765CAFF0087E2BB /* icon_navigate_back@2x.jpg */; };
		5F1D66941765CAFF0087E2BB /* icon_navigate_front.jpg in Resources */ = {isa = PBXBuildFile; fileRef = 5F1D66421765CAFF0087E2BB /* icon_navigate_front.jpg */; };
		5F1D66951765CAFF0087E2BB /* icon_navigate_front@2x.jpg in Resources */ = {isa = PBXBuildFile; fileRef = 5F1D66431765CAFF0087E2BB /* icon_navigate_front@2x.jpg */; };
		5F1D66961765CAFF0087E2BB /* icon_next_chapter.jpg in Resources */ = {isa = PBXBuildFile; fileRef = 5F1D66441765CAFF0087E2BB /* icon_next_chapter.jpg */; };
		5F1D66971765CAFF0087E2BB /* icon_next_chapter@2x.jpg in Resources */ = {isa = PBXBuildFile; fileRef = 5F1D66451765CAFF0087E2BB /* icon_next_chapter@2x.jpg */; };
		5F1D66981765CAFF0087E2BB /* icon_next_file.jpg in Resources */ = {isa = PBXBuildFile; fileRef = 5F1D66461765CAFF0087E2BB /* icon_next_file.jpg */; };
		5F1D66991765CAFF0087E2BB /* icon_next_file@2x.jpg in Resources */ = {isa = PBXBuildFile; fileRef = 5F1D66471765CAFF0087E2BB /* icon_next_file@2x.jpg */; };
		5F1D669A1765CAFF0087E2BB /* icon_open_book.jpg in Resources */ = {isa = PBXBuildFile; fileRef = 5F1D66481765CAFF0087E2BB /* icon_open_book.jpg */; };
		5F1D669B1765CAFF0087E2BB /* icon_open_book@2x.jpg in Resources */ = {isa = PBXBuildFile; fileRef = 5F1D66491765CAFF0087E2BB /* icon_open_book@2x.jpg */; };
		5F1D669C1765CAFF0087E2BB /* icon_order_by_date.jpg in Resources */ = {isa = PBXBuildFile; fileRef = 5F1D664A1765CAFF0087E2BB /* icon_order_by_date.jpg */; };
		5F1D669D1765CAFF0087E2BB /* icon_order_by_date@2x.jpg in Resources */ = {isa = PBXBuildFile; fileRef = 5F1D664B1765CAFF0087E2BB /* icon_order_by_date@2x.jpg */; };
		5F1D669E1765CAFF0087E2BB /* icon_order_by_name.jpg in Resources */ = {isa = PBXBuildFile; fileRef = 5F1D664C1765CAFF0087E2BB /* icon_order_by_name.jpg */; };
		5F1D669F1765CAFF0087E2BB /* icon_order_by_name@2x.jpg in Resources */ = {isa = PBXBuildFile; fileRef = 5F1D664D1765CAFF0087E2BB /* icon_order_by_name@2x.jpg */; };
		5F1D66A01765CAFF0087E2BB /* icon_order_by_size.jpg in Resources */ = {isa = PBXBuildFile; fileRef = 5F1D664E1765CAFF0087E2BB /* icon_order_by_size.jpg */; };
		5F1D66A11765CAFF0087E2BB /* icon_order_by_size@2x.jpg in Resources */ = {isa = PBXBuildFile; fileRef = 5F1D664F1765CAFF0087E2BB /* icon_order_by_size@2x.jpg */; };
		5F1D66A21765CAFF0087E2BB /* icon_pause.jpg in Resources */ = {isa = PBXBuildFile; fileRef = 5F1D66501765CAFF0087E2BB /* icon_pause.jpg */; };
		5F1D66A31765CAFF0087E2BB /* icon_pause@2x.jpg in Resources */ = {isa = PBXBuildFile; fileRef = 5F1D66511765CAFF0087E2BB /* icon_pause@2x.jpg */; };
		5F1D66A41765CAFF0087E2BB /* icon_pause_all.jpg in Resources */ = {isa = PBXBuildFile; fileRef = 5F1D66521765CAFF0087E2BB /* icon_pause_all.jpg */; };
		5F1D66A51765CAFF0087E2BB /* icon_pause_all@2x.jpg in Resources */ = {isa = PBXBuildFile; fileRef = 5F1D66531765CAFF0087E2BB /* icon_pause_all@2x.jpg */; };
		5F1D66A61765CAFF0087E2BB /* icon_prev_chapter.jpg in Resources */ = {isa = PBXBuildFile; fileRef = 5F1D66541765CAFF0087E2BB /* icon_prev_chapter.jpg */; };
		5F1D66A71765CAFF0087E2BB /* icon_prev_chapter@2x.jpg in Resources */ = {isa = PBXBuildFile; fileRef = 5F1D66551765CAFF0087E2BB /* icon_prev_chapter@2x.jpg */; };
		5F1D66A81765CAFF0087E2BB /* icon_prev_file.jpg in Resources */ = {isa = PBXBuildFile; fileRef = 5F1D66561765CAFF0087E2BB /* icon_prev_file.jpg */; };
		5F1D66A91765CAFF0087E2BB /* icon_prev_file@2x.jpg in Resources */ = {isa = PBXBuildFile; fileRef = 5F1D66571765CAFF0087E2BB /* icon_prev_file@2x.jpg */; };
		5F1D66AA1765CAFF0087E2BB /* icon_quit.jpg in Resources */ = {isa = PBXBuildFile; fileRef = 5F1D66581765CAFF0087E2BB /* icon_quit.jpg */; };
		5F1D66AB1765CAFF0087E2BB /* icon_quit@2x.jpg in Resources */ = {isa = PBXBuildFile; fileRef = 5F1D66591765CAFF0087E2BB /* icon_quit@2x.jpg */; };
		5F1D66AC1765CAFF0087E2BB /* icon_redownload.jpg in Resources */ = {isa = PBXBuildFile; fileRef = 5F1D665A1765CAFF0087E2BB /* icon_redownload.jpg */; };
		5F1D66AD1765CAFF0087E2BB /* icon_redownload@2x.jpg in Resources */ = {isa = PBXBuildFile; fileRef = 5F1D665B1765CAFF0087E2BB /* icon_redownload@2x.jpg */; };
		5F1D66AE1765CAFF0087E2BB /* icon_refresh.jpg in Resources */ = {isa = PBXBuildFile; fileRef = 5F1D665C1765CAFF0087E2BB /* icon_refresh.jpg */; };
		5F1D66AF1765CAFF0087E2BB /* icon_refresh@2x.jpg in Resources */ = {isa = PBXBuildFile; fileRef = 5F1D665D1765CAFF0087E2BB /* icon_refresh@2x.jpg */; };
		5F1D66B01765CAFF0087E2BB /* icon_restore.jpg in Resources */ = {isa = PBXBuildFile; fileRef = 5F1D665E1765CAFF0087E2BB /* icon_restore.jpg */; };
		5F1D66B11765CAFF0087E2BB /* icon_restore@2x.jpg in Resources */ = {isa = PBXBuildFile; fileRef = 5F1D665F1765CAFF0087E2BB /* icon_restore@2x.jpg */; };
		5F1D66B21765CAFF0087E2BB /* icon_seek.jpg in Resources */ = {isa = PBXBuildFile; fileRef = 5F1D66601765CAFF0087E2BB /* icon_seek.jpg */; };
		5F1D66B31765CAFF0087E2BB /* icon_seek@2x.jpg in Resources */ = {isa = PBXBuildFile; fileRef = 5F1D66611765CAFF0087E2BB /* icon_seek@2x.jpg */; };
		5F1D66B41765CAFF0087E2BB /* icon_settings.jpg in Resources */ = {isa = PBXBuildFile; fileRef = 5F1D66621765CAFF0087E2BB /* icon_settings.jpg */; };
		5F1D66B51765CAFF0087E2BB /* icon_settings@2x.jpg in Resources */ = {isa = PBXBuildFile; fileRef = 5F1D66631765CAFF0087E2BB /* icon_settings@2x.jpg */; };
		5F1D66B61765CAFF0087E2BB /* icon_show_inner_files.jpg in Resources */ = {isa = PBXBuildFile; fileRef = 5F1D66641765CAFF0087E2BB /* icon_show_inner_files.jpg */; };
		5F1D66B71765CAFF0087E2BB /* icon_show_inner_files@2x.jpg in Resources */ = {isa = PBXBuildFile; fileRef = 5F1D66651765CAFF0087E2BB /* icon_show_inner_files@2x.jpg */; };
		5F1D66B81765CAFF0087E2BB /* icon_start.jpg in Resources */ = {isa = PBXBuildFile; fileRef = 5F1D66661765CAFF0087E2BB /* icon_start.jpg */; };
		5F1D66B91765CAFF0087E2BB /* icon_start@2x.jpg in Resources */ = {isa = PBXBuildFile; fileRef = 5F1D66671765CAFF0087E2BB /* icon_start@2x.jpg */; };
		5F1D66BA1765CAFF0087E2BB /* icon_start_all.jpg in Resources */ = {isa = PBXBuildFile; fileRef = 5F1D66681765CAFF0087E2BB /* icon_start_all.jpg */; };
		5F1D66BB1765CAFF0087E2BB /* icon_start_all@2x.jpg in Resources */ = {isa = PBXBuildFile; fileRef = 5F1D66691765CAFF0087E2BB /* icon_start_all@2x.jpg */; };
		5F1D66BC1765CAFF0087E2BB /* icon_theme.jpg in Resources */ = {isa = PBXBuildFile; fileRef = 5F1D666A1765CAFF0087E2BB /* icon_theme.jpg */; };
		5F1D66BD1765CAFF0087E2BB /* icon_theme@2x.jpg in Resources */ = {isa = PBXBuildFile; fileRef = 5F1D666B1765CAFF0087E2BB /* icon_theme@2x.jpg */; };
		5F1D66BE1765CAFF0087E2BB /* icon_wifi_bottom.jpg in Resources */ = {isa = PBXBuildFile; fileRef = 5F1D666C1765CAFF0087E2BB /* icon_wifi_bottom.jpg */; };
		5F1D66BF1765CAFF0087E2BB /* icon_wifi_bottom@2x.jpg in Resources */ = {isa = PBXBuildFile; fileRef = 5F1D666D1765CAFF0087E2BB /* icon_wifi_bottom@2x.jpg */; };
		5F1D66C01765CAFF0087E2BB /* placeholder.png in Resources */ = {isa = PBXBuildFile; fileRef = 5F1D666E1765CAFF0087E2BB /* placeholder.png */; };
		5F1D66C11765CAFF0087E2BB /* shelf_row.png in Resources */ = {isa = PBXBuildFile; fileRef = 5F1D666F1765CAFF0087E2BB /* shelf_row.png */; };
		5F1D66C21765CAFF0087E2BB /* shelf_top.png in Resources */ = {isa = PBXBuildFile; fileRef = 5F1D66701765CAFF0087E2BB /* shelf_top.png */; };
		5F1D66D01765EC910087E2BB /* FileUtil.m in Sources */ = {isa = PBXBuildFile; fileRef = 5F1D66CF1765EC910087E2BB /* FileUtil.m */; };
		5F1D66D61765F9540087E2BB /* BookMark.m in Sources */ = {isa = PBXBuildFile; fileRef = 5F1D66D31765F9540087E2BB /* BookMark.m */; };
		5F1D66D71765F9540087E2BB /* BookMarkManage.m in Sources */ = {isa = PBXBuildFile; fileRef = 5F1D66D51765F9540087E2BB /* BookMarkManage.m */; };
		5F1D66DA1765F9C50087E2BB /* BookMarkViewController.m in Sources */ = {isa = PBXBuildFile; fileRef = 5F1D66D91765F9C50087E2BB /* BookMarkViewController.m */; };
		5F1D66DE176610850087E2BB /* BookInfo.m in Sources */ = {isa = PBXBuildFile; fileRef = 5F1D66DD176610850087E2BB /* BookInfo.m */; };
		5F1D66E1176610970087E2BB /* BookInfoManage.m in Sources */ = {isa = PBXBuildFile; fileRef = 5F1D66E0176610970087E2BB /* BookInfoManage.m */; };
		5F1D6709176633540087E2BB /* theme_1.jpg in Resources */ = {isa = PBXBuildFile; fileRef = 5F1D66E2176633540087E2BB /* theme_1.jpg */; };
		5F1D670A176633540087E2BB /* theme_1@2x.jpg in Resources */ = {isa = PBXBuildFile; fileRef = 5F1D66E3176633540087E2BB /* theme_1@2x.jpg */; };
		5F1D670B176633540087E2BB /* theme_2.jpg in Resources */ = {isa = PBXBuildFile; fileRef = 5F1D66E4176633540087E2BB /* theme_2.jpg */; };
		5F1D670C176633540087E2BB /* theme_2@2x.jpg in Resources */ = {isa = PBXBuildFile; fileRef = 5F1D66E5176633540087E2BB /* theme_2@2x.jpg */; };
		5F1D670D176633540087E2BB /* theme_3.jpg in Resources */ = {isa = PBXBuildFile; fileRef = 5F1D66E6176633540087E2BB /* theme_3.jpg */; };
		5F1D670E176633540087E2BB /* theme_3@2x.jpg in Resources */ = {isa = PBXBuildFile; fileRef = 5F1D66E7176633540087E2BB /* theme_3@2x.jpg */; };
		5F1D670F176633540087E2BB /* theme_4.jpg in Resources */ = {isa = PBXBuildFile; fileRef = 5F1D66E8176633540087E2BB /* theme_4.jpg */; };
		5F1D6710176633540087E2BB /* theme_4@2x.jpg in Resources */ = {isa = PBXBuildFile; fileRef = 5F1D66E9176633540087E2BB /* theme_4@2x.jpg */; };
		5F1D6711176633540087E2BB /* theme_5.jpg in Resources */ = {isa = PBXBuildFile; fileRef = 5F1D66EA176633540087E2BB /* theme_5.jpg */; };
		5F1D6712176633540087E2BB /* theme_5@2x.jpg in Resources */ = {isa = PBXBuildFile; fileRef = 5F1D66EB176633540087E2BB /* theme_5@2x.jpg */; };
		5F1D6713176633540087E2BB /* theme_6.jpg in Resources */ = {isa = PBXBuildFile; fileRef = 5F1D66EC176633540087E2BB /* theme_6.jpg */; };
		5F1D6714176633540087E2BB /* theme_6@2x.jpg in Resources */ = {isa = PBXBuildFile; fileRef = 5F1D66ED176633540087E2BB /* theme_6@2x.jpg */; };
		5F1D6715176633540087E2BB /* theme_7.jpg in Resources */ = {isa = PBXBuildFile; fileRef = 5F1D66EE176633540087E2BB /* theme_7.jpg */; };
		5F1D6716176633540087E2BB /* theme_7@2x.jpg in Resources */ = {isa = PBXBuildFile; fileRef = 5F1D66EF176633540087E2BB /* theme_7@2x.jpg */; };
		5F1D6717176633540087E2BB /* theme_8.jpg in Resources */ = {isa = PBXBuildFile; fileRef = 5F1D66F0176633540087E2BB /* theme_8.jpg */; };
		5F1D6718176633540087E2BB /* theme_8@2x.jpg in Resources */ = {isa = PBXBuildFile; fileRef = 5F1D66F1176633540087E2BB /* theme_8@2x.jpg */; };
		5F1D6719176633540087E2BB /* theme_9.jpg in Resources */ = {isa = PBXBuildFile; fileRef = 5F1D66F2176633540087E2BB /* theme_9.jpg */; };
		5F1D671A176633540087E2BB /* theme_9@2x.jpg in Resources */ = {isa = PBXBuildFile; fileRef = 5F1D66F3176633540087E2BB /* theme_9@2x.jpg */; };
		5F1D671B176633540087E2BB /* theme_add.jpg in Resources */ = {isa = PBXBuildFile; fileRef = 5F1D66F4176633540087E2BB /* theme_add.jpg */; };
		5F1D671C176633540087E2BB /* theme_add@2x.jpg in Resources */ = {isa = PBXBuildFile; fileRef = 5F1D66F5176633540087E2BB /* theme_add@2x.jpg */; };
		5F1D671D176633540087E2BB /* theme_demo_1.jpg in Resources */ = {isa = PBXBuildFile; fileRef = 5F1D66F6176633540087E2BB /* theme_demo_1.jpg */; };
		5F1D671E176633540087E2BB /* theme_demo_1@2x.jpg in Resources */ = {isa = PBXBuildFile; fileRef = 5F1D66F7176633540087E2BB /* theme_demo_1@2x.jpg */; };
		5F1D671F176633540087E2BB /* theme_demo_2.jpg in Resources */ = {isa = PBXBuildFile; fileRef = 5F1D66F8176633540087E2BB /* theme_demo_2.jpg */; };
		5F1D6720176633540087E2BB /* theme_demo_2@2x.jpg in Resources */ = {isa = PBXBuildFile; fileRef = 5F1D66F9176633540087E2BB /* theme_demo_2@2x.jpg */; };
		5F1D6721176633540087E2BB /* theme_demo_3.jpg in Resources */ = {isa = PBXBuildFile; fileRef = 5F1D66FA176633540087E2BB /* theme_demo_3.jpg */; };
		5F1D6722176633540087E2BB /* theme_demo_3@2x.jpg in Resources */ = {isa = PBXBuildFile; fileRef = 5F1D66FB176633540087E2BB /* theme_demo_3@2x.jpg */; };
		5F1D6723176633540087E2BB /* theme_demo_4.jpg in Resources */ = {isa = PBXBuildFile; fileRef = 5F1D66FC176633540087E2BB /* theme_demo_4.jpg */; };
		5F1D6724176633540087E2BB /* theme_demo_5.jpg in Resources */ = {isa = PBXBuildFile; fileRef = 5F1D66FD176633540087E2BB /* theme_demo_5.jpg */; };
		5F1D6725176633540087E2BB /* theme_demo_5@2x.jpg in Resources */ = {isa = PBXBuildFile; fileRef = 5F1D66FE176633540087E2BB /* theme_demo_5@2x.jpg */; };
		5F1D6726176633540087E2BB /* theme_demo_6.jpg in Resources */ = {isa = PBXBuildFile; fileRef = 5F1D66FF176633540087E2BB /* theme_demo_6.jpg */; };
		5F1D6727176633540087E2BB /* theme_demo_6@2x.jpg in Resources */ = {isa = PBXBuildFile; fileRef = 5F1D6700176633540087E2BB /* theme_demo_6@2x.jpg */; };
		5F1D6728176633540087E2BB /* theme_demo_7.jpg in Resources */ = {isa = PBXBuildFile; fileRef = 5F1D6701176633540087E2BB /* theme_demo_7.jpg */; };
		5F1D6729176633540087E2BB /* theme_demo_7@2x.jpg in Resources */ = {isa = PBXBuildFile; fileRef = 5F1D6702176633540087E2BB /* theme_demo_7@2x.jpg */; };
		5F1D672A176633540087E2BB /* theme_demo_8.jpg in Resources */ = {isa = PBXBuildFile; fileRef = 5F1D6703176633540087E2BB /* theme_demo_8.jpg */; };
		5F1D672B176633540087E2BB /* theme_demo_8@2x.jpg in Resources */ = {isa = PBXBuildFile; fileRef = 5F1D6704176633540087E2BB /* theme_demo_8@2x.jpg */; };
		5F1D672C176633540087E2BB /* theme_demo_9.jpg in Resources */ = {isa = PBXBuildFile; fileRef = 5F1D6705176633540087E2BB /* theme_demo_9.jpg */; };
		5F1D672D176633540087E2BB /* theme_demo_9@2x.jpg in Resources */ = {isa = PBXBuildFile; fileRef = 5F1D6706176633540087E2BB /* theme_demo_9@2x.jpg */; };
		5F1D672E176633540087E2BB /* theme_frame.jpg in Resources */ = {isa = PBXBuildFile; fileRef = 5F1D6707176633540087E2BB /* theme_frame.jpg */; };
		5F1D672F176633540087E2BB /* theme_frame@2x.jpg in Resources */ = {isa = PBXBuildFile; fileRef = 5F1D6708176633540087E2BB /* theme_frame@2x.jpg */; };
		5F3AEEB317637E0D0082BCBE /* logo57.png in Resources */ = {isa = PBXBuildFile; fileRef = 5F3AEEB217637E0D0082BCBE /* logo57.png */; };
		5F3AEEB517637E120082BCBE /* logo114.png in Resources */ = {isa = PBXBuildFile; fileRef = 5F3AEEB417637E120082BCBE /* logo114.png */; };
		5F3AEEB717637E170082BCBE /* logo72.png in Resources */ = {isa = PBXBuildFile; fileRef = 5F3AEEB617637E170082BCBE /* logo72.png */; };
		5F3AEEB917637E1A0082BCBE /* logo144.png in Resources */ = {isa = PBXBuildFile; fileRef = 5F3AEEB817637E1A0082BCBE /* logo144.png */; };
		5F3AEECF176386E80082BCBE /* LeavesCache.m in Sources */ = {isa = PBXBuildFile; fileRef = 5F3AEEBD176386E80082BCBE /* LeavesCache.m */; };
		5F3AEED0176386E80082BCBE /* LeavesView.m in Sources */ = {isa = PBXBuildFile; fileRef = 5F3AEEBF176386E80082BCBE /* LeavesView.m */; };
		5F3AEED1176386E80082BCBE /* LeavesViewController.m in Sources */ = {isa = PBXBuildFile; fileRef = 5F3AEEC1176386E80082BCBE /* LeavesViewController.m */; };
		5F3AEED2176386E80082BCBE /* Utilities.m in Sources */ = {isa = PBXBuildFile; fileRef = 5F3AEEC3176386E80082BCBE /* Utilities.m */; };
		5F3AEED3176386E80082BCBE /* PageInfo.m in Sources */ = {isa = PBXBuildFile; fileRef = 5F3AEEC6176386E80082BCBE /* PageInfo.m */; };
		5F3AEED4176386E80082BCBE /* PageInfoManage.m in Sources */ = {isa = PBXBuildFile; fileRef = 5F3AEEC8176386E80082BCBE /* PageInfoManage.m */; };
		5F3AEED5176386E80082BCBE /* ReaderViewController.m in Sources */ = {isa = PBXBuildFile; fileRef = 5F3AEECA176386E80082BCBE /* ReaderViewController.m */; };
		5F3AEED6176386E80082BCBE /* VIewUtil.m in Sources */ = {isa = PBXBuildFile; fileRef = 5F3AEECE176386E80082BCBE /* VIewUtil.m */; };
		5F3AEEE6176388300082BCBE /* AlertChangeOffset-ipad.xib in Resources */ = {isa = PBXBuildFile; fileRef = 5F3AEEE2176388300082BCBE /* AlertChangeOffset-ipad.xib */; };
		5F3AEEE7176388300082BCBE /* BottomMenu_iphone.xib in Resources */ = {isa = PBXBuildFile; fileRef = 5F3AEEE3176388300082BCBE /* BottomMenu_iphone.xib */; };
		5F3AEEE8176388300082BCBE /* ReaderViewController_ipad.xib in Resources */ = {isa = PBXBuildFile; fileRef = 5F3AEEE4176388300082BCBE /* ReaderViewController_ipad.xib */; };
		5F3AEEE9176388300082BCBE /* ReaderViewController_iphone.xib in Resources */ = {isa = PBXBuildFile; fileRef = 5F3AEEE5176388300082BCBE /* ReaderViewController_iphone.xib */; };
		5F3AEEEE176389980082BCBE /* RJBookListViewController.m in Sources */ = {isa = PBXBuildFile; fileRef = 5F3AEEEC176389980082BCBE /* RJBookListViewController.m */; };
		5F3AEEF417638AA20082BCBE /* RJBookList.m in Sources */ = {isa = PBXBuildFile; fileRef = 5F3AEEF117638AA20082BCBE /* RJBookList.m */; };
		5F3AEEF517638AA20082BCBE /* RJCommentView.m in Sources */ = {isa = PBXBuildFile; fileRef = 5F3AEEF317638AA20082BCBE /* RJCommentView.m */; };
		5F3AEEF817638AB60082BCBE /* RJBookData.m in Sources */ = {isa = PBXBuildFile; fileRef = 5F3AEEF717638AB60082BCBE /* RJBookData.m */; };
		F5846B561755F3960022F878 /* QuartzCore.framework in Frameworks */ = {isa = PBXBuildFile; fileRef = F5846B551755F3960022F878 /* QuartzCore.framework */; };
		F5A7C619174DAA900040A3CB /* UIKit.framework in Frameworks */ = {isa = PBXBuildFile; fileRef = F5A7C618174DAA900040A3CB /* UIKit.framework */; };
		F5A7C61B174DAA900040A3CB /* Foundation.framework in Frameworks */ = {isa = PBXBuildFile; fileRef = F5A7C61A174DAA900040A3CB /* Foundation.framework */; };
		F5A7C61D174DAA900040A3CB /* CoreGraphics.framework in Frameworks */ = {isa = PBXBuildFile; fileRef = F5A7C61C174DAA900040A3CB /* CoreGraphics.framework */; };
		F5A7C625174DAA900040A3CB /* main.m in Sources */ = {isa = PBXBuildFile; fileRef = F5A7C624174DAA900040A3CB /* main.m */; };
		F5A7C629174DAA900040A3CB /* AppDelegate.m in Sources */ = {isa = PBXBuildFile; fileRef = F5A7C628174DAA900040A3CB /* AppDelegate.m */; };
		F5A7C62B174DAA900040A3CB /* Default.png in Resources */ = {isa = PBXBuildFile; fileRef = F5A7C62A174DAA900040A3CB /* Default.png */; };
		F5A7C62D174DAA900040A3CB /* Default@2x.png in Resources */ = {isa = PBXBuildFile; fileRef = F5A7C62C174DAA900040A3CB /* Default@2x.png */; };
		F5A7C62F174DAA900040A3CB /* Default-568h@2x.png in Resources */ = {isa = PBXBuildFile; fileRef = F5A7C62E174DAA900040A3CB /* Default-568h@2x.png */; };
		F5D2F9DC176465EF006C5DF7 /* StringUtil.m in Sources */ = {isa = PBXBuildFile; fileRef = F5D2F9DB176465EF006C5DF7 /* StringUtil.m */; };
/* End PBXBuildFile section */

/* Begin PBXFileReference section */
		5F1D661F1765CAFF0087E2BB /* button.png */ = {isa = PBXFileReference; lastKnownFileType = image.png; path = button.png; sourceTree = "<group>"; };
		5F1D66201765CAFF0087E2BB /* default_icon.jpg */ = {isa = PBXFileReference; lastKnownFileType = image.jpeg; path = default_icon.jpg; sourceTree = "<group>"; };
		5F1D66211765CAFF0087E2BB /* default_icon@2x.jpg */ = {isa = PBXFileReference; lastKnownFileType = image.jpeg; path = "default_icon@2x.jpg"; sourceTree = "<group>"; };
		5F1D66221765CAFF0087E2BB /* icon_about_us.jpg */ = {isa = PBXFileReference; lastKnownFileType = image.jpeg; path = icon_about_us.jpg; sourceTree = "<group>"; };
		5F1D66231765CAFF0087E2BB /* icon_about_us@2x.jpg */ = {isa = PBXFileReference; lastKnownFileType = image.jpeg; path = "icon_about_us@2x.jpg"; sourceTree = "<group>"; };
		5F1D66241765CAFF0087E2BB /* icon_add_bookmark.jpg */ = {isa = PBXFileReference; lastKnownFileType = image.jpeg; path = icon_add_bookmark.jpg; sourceTree = "<group>"; };
		5F1D66251765CAFF0087E2BB /* icon_add_bookmark@2x.jpg */ = {isa = PBXFileReference; lastKnownFileType = image.jpeg; path = "icon_add_bookmark@2x.jpg"; sourceTree = "<group>"; };
		5F1D66261765CAFF0087E2BB /* icon_adjust_font.jpg */ = {isa = PBXFileReference; lastKnownFileType = image.jpeg; path = icon_adjust_font.jpg; sourceTree = "<group>"; };
		5F1D66271765CAFF0087E2BB /* icon_adjust_font@2x.jpg */ = {isa = PBXFileReference; lastKnownFileType = image.jpeg; path = "icon_adjust_font@2x.jpg"; sourceTree = "<group>"; };
		5F1D66281765CAFF0087E2BB /* icon_adjust_light.jpg */ = {isa = PBXFileReference; lastKnownFileType = image.jpeg; path = icon_adjust_light.jpg; sourceTree = "<group>"; };
		5F1D66291765CAFF0087E2BB /* icon_adjust_light@2x.jpg */ = {isa = PBXFileReference; lastKnownFileType = image.jpeg; path = "icon_adjust_light@2x.jpg"; sourceTree = "<group>"; };
		5F1D662A1765CAFF0087E2BB /* icon_bookmark.jpg */ = {isa = PBXFileReference; lastKnownFileType = image.jpeg; path = icon_bookmark.jpg; sourceTree = "<group>"; };
		5F1D662B1765CAFF0087E2BB /* icon_bookmark@2x.jpg */ = {isa = PBXFileReference; lastKnownFileType = image.jpeg; path = "icon_bookmark@2x.jpg"; sourceTree = "<group>"; };
		5F1D662C1765CAFF0087E2BB /* icon_chapter.jpg */ = {isa = PBXFileReference; lastKnownFileType = image.jpeg; path = icon_chapter.jpg; sourceTree = "<group>"; };
		5F1D662D1765CAFF0087E2BB /* icon_chapter@2x.jpg */ = {isa = PBXFileReference; lastKnownFileType = image.jpeg; path = "icon_chapter@2x.jpg"; sourceTree = "<group>"; };
		5F1D662E1765CAFF0087E2BB /* icon_create_folder.jpg */ = {isa = PBXFileReference; lastKnownFileType = image.jpeg; path = icon_create_folder.jpg; sourceTree = "<group>"; };
		5F1D662F1765CAFF0087E2BB /* icon_create_folder@2x.jpg */ = {isa = PBXFileReference; lastKnownFileType = image.jpeg; path = "icon_create_folder@2x.jpg"; sourceTree = "<group>"; };
		5F1D66301765CAFF0087E2BB /* icon_delete.jpg */ = {isa = PBXFileReference; lastKnownFileType = image.jpeg; path = icon_delete.jpg; sourceTree = "<group>"; };
		5F1D66311765CAFF0087E2BB /* icon_delete@2x.jpg */ = {isa = PBXFileReference; lastKnownFileType = image.jpeg; path = "icon_delete@2x.jpg"; sourceTree = "<group>"; };
		5F1D66321765CAFF0087E2BB /* icon_delete_all.jpg */ = {isa = PBXFileReference; lastKnownFileType = image.jpeg; path = icon_delete_all.jpg; sourceTree = "<group>"; };
		5F1D66331765CAFF0087E2BB /* icon_delete_all@2x.jpg */ = {isa = PBXFileReference; lastKnownFileType = image.jpeg; path = "icon_delete_all@2x.jpg"; sourceTree = "<group>"; };
		5F1D66341765CAFF0087E2BB /* icon_down_start.jpg */ = {isa = PBXFileReference; lastKnownFileType = image.jpeg; path = icon_down_start.jpg; sourceTree = "<group>"; };
		5F1D66351765CAFF0087E2BB /* icon_down_start@2x.jpg */ = {isa = PBXFileReference; lastKnownFileType = image.jpeg; path = "icon_down_start@2x.jpg"; sourceTree = "<group>"; };
		5F1D66361765CAFF0087E2BB /* icon_encoding.jpg */ = {isa = PBXFileReference; lastKnownFileType = image.jpeg; path = icon_encoding.jpg; sourceTree = "<group>"; };
		5F1D66371765CAFF0087E2BB /* icon_encoding@2x.jpg */ = {isa = PBXFileReference; lastKnownFileType = image.jpeg; path = "icon_encoding@2x.jpg"; sourceTree = "<group>"; };
		5F1D66381765CAFF0087E2BB /* icon_extract_chapter.jpg */ = {isa = PBXFileReference; lastKnownFileType = image.jpeg; path = icon_extract_chapter.jpg; sourceTree = "<group>"; };
		5F1D66391765CAFF0087E2BB /* icon_extract_chapter@2x.jpg */ = {isa = PBXFileReference; lastKnownFileType = image.jpeg; path = "icon_extract_chapter@2x.jpg"; sourceTree = "<group>"; };
		5F1D663A1765CAFF0087E2BB /* icon_help.jpg */ = {isa = PBXFileReference; lastKnownFileType = image.jpeg; path = icon_help.jpg; sourceTree = "<group>"; };
		5F1D663B1765CAFF0087E2BB /* icon_help@2x.jpg */ = {isa = PBXFileReference; lastKnownFileType = image.jpeg; path = "icon_help@2x.jpg"; sourceTree = "<group>"; };
		5F1D663C1765CAFF0087E2BB /* icon_img_preview.jpg */ = {isa = PBXFileReference; lastKnownFileType = image.jpeg; path = icon_img_preview.jpg; sourceTree = "<group>"; };
		5F1D663D1765CAFF0087E2BB /* icon_img_preview@2x.jpg */ = {isa = PBXFileReference; lastKnownFileType = image.jpeg; path = "icon_img_preview@2x.jpg"; sourceTree = "<group>"; };
		5F1D663E1765CAFF0087E2BB /* icon_line_spacing.jpg */ = {isa = PBXFileReference; lastKnownFileType = image.jpeg; path = icon_line_spacing.jpg; sourceTree = "<group>"; };
		5F1D663F1765CAFF0087E2BB /* icon_line_spacing@2x.jpg */ = {isa = PBXFileReference; lastKnownFileType = image.jpeg; path = "icon_line_spacing@2x.jpg"; sourceTree = "<group>"; };
		5F1D66401765CAFF0087E2BB /* icon_navigate_back.jpg */ = {isa = PBXFileReference; lastKnownFileType = image.jpeg; path = icon_navigate_back.jpg; sourceTree = "<group>"; };
		5F1D66411765CAFF0087E2BB /* icon_navigate_back@2x.jpg */ = {isa = PBXFileReference; lastKnownFileType = image.jpeg; path = "icon_navigate_back@2x.jpg"; sourceTree = "<group>"; };
		5F1D66421765CAFF0087E2BB /* icon_navigate_front.jpg */ = {isa = PBXFileReference; lastKnownFileType = image.jpeg; path = icon_navigate_front.jpg; sourceTree = "<group>"; };
		5F1D66431765CAFF0087E2BB /* icon_navigate_front@2x.jpg */ = {isa = PBXFileReference; lastKnownFileType = image.jpeg; path = "icon_navigate_front@2x.jpg"; sourceTree = "<group>"; };
		5F1D66441765CAFF0087E2BB /* icon_next_chapter.jpg */ = {isa = PBXFileReference; lastKnownFileType = image.jpeg; path = icon_next_chapter.jpg; sourceTree = "<group>"; };
		5F1D66451765CAFF0087E2BB /* icon_next_chapter@2x.jpg */ = {isa = PBXFileReference; lastKnownFileType = image.jpeg; path = "icon_next_chapter@2x.jpg"; sourceTree = "<group>"; };
		5F1D66461765CAFF0087E2BB /* icon_next_file.jpg */ = {isa = PBXFileReference; lastKnownFileType = image.jpeg; path = icon_next_file.jpg; sourceTree = "<group>"; };
		5F1D66471765CAFF0087E2BB /* icon_next_file@2x.jpg */ = {isa = PBXFileReference; lastKnownFileType = image.jpeg; path = "icon_next_file@2x.jpg"; sourceTree = "<group>"; };
		5F1D66481765CAFF0087E2BB /* icon_open_book.jpg */ = {isa = PBXFileReference; lastKnownFileType = image.jpeg; path = icon_open_book.jpg; sourceTree = "<group>"; };
		5F1D66491765CAFF0087E2BB /* icon_open_book@2x.jpg */ = {isa = PBXFileReference; lastKnownFileType = image.jpeg; path = "icon_open_book@2x.jpg"; sourceTree = "<group>"; };
		5F1D664A1765CAFF0087E2BB /* icon_order_by_date.jpg */ = {isa = PBXFileReference; lastKnownFileType = image.jpeg; path = icon_order_by_date.jpg; sourceTree = "<group>"; };
		5F1D664B1765CAFF0087E2BB /* icon_order_by_date@2x.jpg */ = {isa = PBXFileReference; lastKnownFileType = image.jpeg; path = "icon_order_by_date@2x.jpg"; sourceTree = "<group>"; };
		5F1D664C1765CAFF0087E2BB /* icon_order_by_name.jpg */ = {isa = PBXFileReference; lastKnownFileType = image.jpeg; path = icon_order_by_name.jpg; sourceTree = "<group>"; };
		5F1D664D1765CAFF0087E2BB /* icon_order_by_name@2x.jpg */ = {isa = PBXFileReference; lastKnownFileType = image.jpeg; path = "icon_order_by_name@2x.jpg"; sourceTree = "<group>"; };
		5F1D664E1765CAFF0087E2BB /* icon_order_by_size.jpg */ = {isa = PBXFileReference; lastKnownFileType = image.jpeg; path = icon_order_by_size.jpg; sourceTree = "<group>"; };
		5F1D664F1765CAFF0087E2BB /* icon_order_by_size@2x.jpg */ = {isa = PBXFileReference; lastKnownFileType = image.jpeg; path = "icon_order_by_size@2x.jpg"; sourceTree = "<group>"; };
		5F1D66501765CAFF0087E2BB /* icon_pause.jpg */ = {isa = PBXFileReference; lastKnownFileType = image.jpeg; path = icon_pause.jpg; sourceTree = "<group>"; };
		5F1D66511765CAFF0087E2BB /* icon_pause@2x.jpg */ = {isa = PBXFileReference; lastKnownFileType = image.jpeg; path = "icon_pause@2x.jpg"; sourceTree = "<group>"; };
		5F1D66521765CAFF0087E2BB /* icon_pause_all.jpg */ = {isa = PBXFileReference; lastKnownFileType = image.jpeg; path = icon_pause_all.jpg; sourceTree = "<group>"; };
		5F1D66531765CAFF0087E2BB /* icon_pause_all@2x.jpg */ = {isa = PBXFileReference; lastKnownFileType = image.jpeg; path = "icon_pause_all@2x.jpg"; sourceTree = "<group>"; };
		5F1D66541765CAFF0087E2BB /* icon_prev_chapter.jpg */ = {isa = PBXFileReference; lastKnownFileType = image.jpeg; path = icon_prev_chapter.jpg; sourceTree = "<group>"; };
		5F1D66551765CAFF0087E2BB /* icon_prev_chapter@2x.jpg */ = {isa = PBXFileReference; lastKnownFileType = image.jpeg; path = "icon_prev_chapter@2x.jpg"; sourceTree = "<group>"; };
		5F1D66561765CAFF0087E2BB /* icon_prev_file.jpg */ = {isa = PBXFileReference; lastKnownFileType = image.jpeg; path = icon_prev_file.jpg; sourceTree = "<group>"; };
		5F1D66571765CAFF0087E2BB /* icon_prev_file@2x.jpg */ = {isa = PBXFileReference; lastKnownFileType = image.jpeg; path = "icon_prev_file@2x.jpg"; sourceTree = "<group>"; };
		5F1D66581765CAFF0087E2BB /* icon_quit.jpg */ = {isa = PBXFileReference; lastKnownFileType = image.jpeg; path = icon_quit.jpg; sourceTree = "<group>"; };
		5F1D66591765CAFF0087E2BB /* icon_quit@2x.jpg */ = {isa = PBXFileReference; lastKnownFileType = image.jpeg; path = "icon_quit@2x.jpg"; sourceTree = "<group>"; };
		5F1D665A1765CAFF0087E2BB /* icon_redownload.jpg */ = {isa = PBXFileReference; lastKnownFileType = image.jpeg; path = icon_redownload.jpg; sourceTree = "<group>"; };
		5F1D665B1765CAFF0087E2BB /* icon_redownload@2x.jpg */ = {isa = PBXFileReference; lastKnownFileType = image.jpeg; path = "icon_redownload@2x.jpg"; sourceTree = "<group>"; };
		5F1D665C1765CAFF0087E2BB /* icon_refresh.jpg */ = {isa = PBXFileReference; lastKnownFileType = image.jpeg; path = icon_refresh.jpg; sourceTree = "<group>"; };
		5F1D665D1765CAFF0087E2BB /* icon_refresh@2x.jpg */ = {isa = PBXFileReference; lastKnownFileType = image.jpeg; path = "icon_refresh@2x.jpg"; sourceTree = "<group>"; };
		5F1D665E1765CAFF0087E2BB /* icon_restore.jpg */ = {isa = PBXFileReference; lastKnownFileType = image.jpeg; path = icon_restore.jpg; sourceTree = "<group>"; };
		5F1D665F1765CAFF0087E2BB /* icon_restore@2x.jpg */ = {isa = PBXFileReference; lastKnownFileType = image.jpeg; path = "icon_restore@2x.jpg"; sourceTree = "<group>"; };
		5F1D66601765CAFF0087E2BB /* icon_seek.jpg */ = {isa = PBXFileReference; lastKnownFileType = image.jpeg; path = icon_seek.jpg; sourceTree = "<group>"; };
		5F1D66611765CAFF0087E2BB /* icon_seek@2x.jpg */ = {isa = PBXFileReference; lastKnownFileType = image.jpeg; path = "icon_seek@2x.jpg"; sourceTree = "<group>"; };
		5F1D66621765CAFF0087E2BB /* icon_settings.jpg */ = {isa = PBXFileReference; lastKnownFileType = image.jpeg; path = icon_settings.jpg; sourceTree = "<group>"; };
		5F1D66631765CAFF0087E2BB /* icon_settings@2x.jpg */ = {isa = PBXFileReference; lastKnownFileType = image.jpeg; path = "icon_settings@2x.jpg"; sourceTree = "<group>"; };
		5F1D66641765CAFF0087E2BB /* icon_show_inner_files.jpg */ = {isa = PBXFileReference; lastKnownFileType = image.jpeg; path = icon_show_inner_files.jpg; sourceTree = "<group>"; };
		5F1D66651765CAFF0087E2BB /* icon_show_inner_files@2x.jpg */ = {isa = PBXFileReference; lastKnownFileType = image.jpeg; path = "icon_show_inner_files@2x.jpg"; sourceTree = "<group>"; };
		5F1D66661765CAFF0087E2BB /* icon_start.jpg */ = {isa = PBXFileReference; lastKnownFileType = image.jpeg; path = icon_start.jpg; sourceTree = "<group>"; };
		5F1D66671765CAFF0087E2BB /* icon_start@2x.jpg */ = {isa = PBXFileReference; lastKnownFileType = image.jpeg; path = "icon_start@2x.jpg"; sourceTree = "<group>"; };
		5F1D66681765CAFF0087E2BB /* icon_start_all.jpg */ = {isa = PBXFileReference; lastKnownFileType = image.jpeg; path = icon_start_all.jpg; sourceTree = "<group>"; };
		5F1D66691765CAFF0087E2BB /* icon_start_all@2x.jpg */ = {isa = PBXFileReference; lastKnownFileType = image.jpeg; path = "icon_start_all@2x.jpg"; sourceTree = "<group>"; };
		5F1D666A1765CAFF0087E2BB /* icon_theme.jpg */ = {isa = PBXFileReference; lastKnownFileType = image.jpeg; path = icon_theme.jpg; sourceTree = "<group>"; };
		5F1D666B1765CAFF0087E2BB /* icon_theme@2x.jpg */ = {isa = PBXFileReference; lastKnownFileType = image.jpeg; path = "icon_theme@2x.jpg"; sourceTree = "<group>"; };
		5F1D666C1765CAFF0087E2BB /* icon_wifi_bottom.jpg */ = {isa = PBXFileReference; lastKnownFileType = image.jpeg; path = icon_wifi_bottom.jpg; sourceTree = "<group>"; };
		5F1D666D1765CAFF0087E2BB /* icon_wifi_bottom@2x.jpg */ = {isa = PBXFileReference; lastKnownFileType = image.jpeg; path = "icon_wifi_bottom@2x.jpg"; sourceTree = "<group>"; };
		5F1D666E1765CAFF0087E2BB /* placeholder.png */ = {isa = PBXFileReference; lastKnownFileType = image.png; path = placeholder.png; sourceTree = "<group>"; };
		5F1D666F1765CAFF0087E2BB /* shelf_row.png */ = {isa = PBXFileReference; lastKnownFileType = image.png; path = shelf_row.png; sourceTree = "<group>"; };
		5F1D66701765CAFF0087E2BB /* shelf_top.png */ = {isa = PBXFileReference; lastKnownFileType = image.png; path = shelf_top.png; sourceTree = "<group>"; };
		5F1D66CE1765EC910087E2BB /* FileUtil.h */ = {isa = PBXFileReference; fileEncoding = 4; lastKnownFileType = sourcecode.c.h; path = FileUtil.h; sourceTree = "<group>"; };
		5F1D66CF1765EC910087E2BB /* FileUtil.m */ = {isa = PBXFileReference; fileEncoding = 4; lastKnownFileType = sourcecode.c.objc; path = FileUtil.m; sourceTree = "<group>"; };
		5F1D66D21765F9540087E2BB /* BookMark.h */ = {isa = PBXFileReference; fileEncoding = 4; lastKnownFileType = sourcecode.c.h; path = BookMark.h; sourceTree = "<group>"; };
		5F1D66D31765F9540087E2BB /* BookMark.m */ = {isa = PBXFileReference; fileEncoding = 4; lastKnownFileType = sourcecode.c.objc; path = BookMark.m; sourceTree = "<group>"; };
		5F1D66D41765F9540087E2BB /* BookMarkManage.h */ = {isa = PBXFileReference; fileEncoding = 4; lastKnownFileType = sourcecode.c.h; path = BookMarkManage.h; sourceTree = "<group>"; };
		5F1D66D51765F9540087E2BB /* BookMarkManage.m */ = {isa = PBXFileReference; fileEncoding = 4; lastKnownFileType = sourcecode.c.objc; path = BookMarkManage.m; sourceTree = "<group>"; };
		5F1D66D81765F9C50087E2BB /* BookMarkViewController.h */ = {isa = PBXFileReference; fileEncoding = 4; lastKnownFileType = sourcecode.c.h; path = BookMarkViewController.h; sourceTree = "<group>"; };
		5F1D66D91765F9C50087E2BB /* BookMarkViewController.m */ = {isa = PBXFileReference; fileEncoding = 4; lastKnownFileType = sourcecode.c.objc; path = BookMarkViewController.m; sourceTree = "<group>"; };
		5F1D66DC176610850087E2BB /* BookInfo.h */ = {isa = PBXFileReference; fileEncoding = 4; lastKnownFileType = sourcecode.c.h; name = BookInfo.h; path = Paging/class/BookInfo/BookInfo.h; sourceTree = SOURCE_ROOT; };
		5F1D66DD176610850087E2BB /* BookInfo.m */ = {isa = PBXFileReference; fileEncoding = 4; lastKnownFileType = sourcecode.c.objc; name = BookInfo.m; path = Paging/class/BookInfo/BookInfo.m; sourceTree = SOURCE_ROOT; };
		5F1D66DF176610970087E2BB /* BookInfoManage.h */ = {isa = PBXFileReference; fileEncoding = 4; lastKnownFileType = sourcecode.c.h; name = BookInfoManage.h; path = Paging/class/BookInfo/BookInfoManage.h; sourceTree = SOURCE_ROOT; };
		5F1D66E0176610970087E2BB /* BookInfoManage.m */ = {isa = PBXFileReference; fileEncoding = 4; lastKnownFileType = sourcecode.c.objc; name = BookInfoManage.m; path = Paging/class/BookInfo/BookInfoManage.m; sourceTree = SOURCE_ROOT; };
		5F1D66E2176633540087E2BB /* theme_1.jpg */ = {isa = PBXFileReference; lastKnownFileType = image.jpeg; path = theme_1.jpg; sourceTree = "<group>"; };
		5F1D66E3176633540087E2BB /* theme_1@2x.jpg */ = {isa = PBXFileReference; lastKnownFileType = image.jpeg; path = "theme_1@2x.jpg"; sourceTree = "<group>"; };
		5F1D66E4176633540087E2BB /* theme_2.jpg */ = {isa = PBXFileReference; lastKnownFileType = image.jpeg; path = theme_2.jpg; sourceTree = "<group>"; };
		5F1D66E5176633540087E2BB /* theme_2@2x.jpg */ = {isa = PBXFileReference; lastKnownFileType = image.jpeg; path = "theme_2@2x.jpg"; sourceTree = "<group>"; };
		5F1D66E6176633540087E2BB /* theme_3.jpg */ = {isa = PBXFileReference; lastKnownFileType = image.jpeg; path = theme_3.jpg; sourceTree = "<group>"; };
		5F1D66E7176633540087E2BB /* theme_3@2x.jpg */ = {isa = PBXFileReference; lastKnownFileType = image.jpeg; path = "theme_3@2x.jpg"; sourceTree = "<group>"; };
		5F1D66E8176633540087E2BB /* theme_4.jpg */ = {isa = PBXFileReference; lastKnownFileType = image.jpeg; path = theme_4.jpg; sourceTree = "<group>"; };
		5F1D66E9176633540087E2BB /* theme_4@2x.jpg */ = {isa = PBXFileReference; lastKnownFileType = image.jpeg; path = "theme_4@2x.jpg"; sourceTree = "<group>"; };
		5F1D66EA176633540087E2BB /* theme_5.jpg */ = {isa = PBXFileReference; lastKnownFileType = image.jpeg; path = theme_5.jpg; sourceTree = "<group>"; };
		5F1D66EB176633540087E2BB /* theme_5@2x.jpg */ = {isa = PBXFileReference; lastKnownFileType = image.jpeg; path = "theme_5@2x.jpg"; sourceTree = "<group>"; };
		5F1D66EC176633540087E2BB /* theme_6.jpg */ = {isa = PBXFileReference; lastKnownFileType = image.jpeg; path = theme_6.jpg; sourceTree = "<group>"; };
		5F1D66ED176633540087E2BB /* theme_6@2x.jpg */ = {isa = PBXFileReference; lastKnownFileType = image.jpeg; path = "theme_6@2x.jpg"; sourceTree = "<group>"; };
		5F1D66EE176633540087E2BB /* theme_7.jpg */ = {isa = PBXFileReference; lastKnownFileType = image.jpeg; path = theme_7.jpg; sourceTree = "<group>"; };
		5F1D66EF176633540087E2BB /* theme_7@2x.jpg */ = {isa = PBXFileReference; lastKnownFileType = image.jpeg; path = "theme_7@2x.jpg"; sourceTree = "<group>"; };
		5F1D66F0176633540087E2BB /* theme_8.jpg */ = {isa = PBXFileReference; lastKnownFileType = image.jpeg; path = theme_8.jpg; sourceTree = "<group>"; };
		5F1D66F1176633540087E2BB /* theme_8@2x.jpg */ = {isa = PBXFileReference; lastKnownFileType = image.jpeg; path = "theme_8@2x.jpg"; sourceTree = "<group>"; };
		5F1D66F2176633540087E2BB /* theme_9.jpg */ = {isa = PBXFileReference; lastKnownFileType = image.jpeg; path = theme_9.jpg; sourceTree = "<group>"; };
		5F1D66F3176633540087E2BB /* theme_9@2x.jpg */ = {isa = PBXFileReference; lastKnownFileType = image.jpeg; path = "theme_9@2x.jpg"; sourceTree = "<group>"; };
		5F1D66F4176633540087E2BB /* theme_add.jpg */ = {isa = PBXFileReference; lastKnownFileType = image.jpeg; path = theme_add.jpg; sourceTree = "<group>"; };
		5F1D66F5176633540087E2BB /* theme_add@2x.jpg */ = {isa = PBXFileReference; lastKnownFileType = image.jpeg; path = "theme_add@2x.jpg"; sourceTree = "<group>"; };
		5F1D66F6176633540087E2BB /* theme_demo_1.jpg */ = {isa = PBXFileReference; lastKnownFileType = image.jpeg; path = theme_demo_1.jpg; sourceTree = "<group>"; };
		5F1D66F7176633540087E2BB /* theme_demo_1@2x.jpg */ = {isa = PBXFileReference; lastKnownFileType = image.jpeg; path = "theme_demo_1@2x.jpg"; sourceTree = "<group>"; };
		5F1D66F8176633540087E2BB /* theme_demo_2.jpg */ = {isa = PBXFileReference; lastKnownFileType = image.jpeg; path = theme_demo_2.jpg; sourceTree = "<group>"; };
		5F1D66F9176633540087E2BB /* theme_demo_2@2x.jpg */ = {isa = PBXFileReference; lastKnownFileType = image.jpeg; path = "theme_demo_2@2x.jpg"; sourceTree = "<group>"; };
		5F1D66FA176633540087E2BB /* theme_demo_3.jpg */ = {isa = PBXFileReference; lastKnownFileType = image.jpeg; path = theme_demo_3.jpg; sourceTree = "<group>"; };
		5F1D66FB176633540087E2BB /* theme_demo_3@2x.jpg */ = {isa = PBXFileReference; lastKnownFileType = image.jpeg; path = "theme_demo_3@2x.jpg"; sourceTree = "<group>"; };
		5F1D66FC176633540087E2BB /* theme_demo_4.jpg */ = {isa = PBXFileReference; lastKnownFileType = image.jpeg; path = theme_demo_4.jpg; sourceTree = "<group>"; };
		5F1D66FD176633540087E2BB /* theme_demo_5.jpg */ = {isa = PBXFileReference; lastKnownFileType = image.jpeg; path = theme_demo_5.jpg; sourceTree = "<group>"; };
		5F1D66FE176633540087E2BB /* theme_demo_5@2x.jpg */ = {isa = PBXFileReference; lastKnownFileType = image.jpeg; path = "theme_demo_5@2x.jpg"; sourceTree = "<group>"; };
		5F1D66FF176633540087E2BB /* theme_demo_6.jpg */ = {isa = PBXFileReference; lastKnownFileType = image.jpeg; path = theme_demo_6.jpg; sourceTree = "<group>"; };
		5F1D6700176633540087E2BB /* theme_demo_6@2x.jpg */ = {isa = PBXFileReference; lastKnownFileType = image.jpeg; path = "theme_demo_6@2x.jpg"; sourceTree = "<group>"; };
		5F1D6701176633540087E2BB /* theme_demo_7.jpg */ = {isa = PBXFileReference; lastKnownFileType = image.jpeg; path = theme_demo_7.jpg; sourceTree = "<group>"; };
		5F1D6702176633540087E2BB /* theme_demo_7@2x.jpg */ = {isa = PBXFileReference; lastKnownFileType = image.jpeg; path = "theme_demo_7@2x.jpg"; sourceTree = "<group>"; };
		5F1D6703176633540087E2BB /* theme_demo_8.jpg */ = {isa = PBXFileReference; lastKnownFileType = image.jpeg; path = theme_demo_8.jpg; sourceTree = "<group>"; };
		5F1D6704176633540087E2BB /* theme_demo_8@2x.jpg */ = {isa = PBXFileReference; lastKnownFileType = image.jpeg; path = "theme_demo_8@2x.jpg"; sourceTree = "<group>"; };
		5F1D6705176633540087E2BB /* theme_demo_9.jpg */ = {isa = PBXFileReference; lastKnownFileType = image.jpeg; path = theme_demo_9.jpg; sourceTree = "<group>"; };
		5F1D6706176633540087E2BB /* theme_demo_9@2x.jpg */ = {isa = PBXFileReference; lastKnownFileType = image.jpeg; path = "theme_demo_9@2x.jpg"; sourceTree = "<group>"; };
		5F1D6707176633540087E2BB /* theme_frame.jpg */ = {isa = PBXFileReference; lastKnownFileType = image.jpeg; path = theme_frame.jpg; sourceTree = "<group>"; };
		5F1D6708176633540087E2BB /* theme_frame@2x.jpg */ = {isa = PBXFileReference; lastKnownFileType = image.jpeg; path = "theme_frame@2x.jpg"; sourceTree = "<group>"; };
		5F3AEEB217637E0D0082BCBE /* logo57.png */ = {isa = PBXFileReference; lastKnownFileType = image.png; path = logo57.png; sourceTree = "<group>"; };
		5F3AEEB417637E120082BCBE /* logo114.png */ = {isa = PBXFileReference; lastKnownFileType = image.png; path = logo114.png; sourceTree = "<group>"; };
		5F3AEEB617637E170082BCBE /* logo72.png */ = {isa = PBXFileReference; lastKnownFileType = image.png; path = logo72.png; sourceTree = "<group>"; };
		5F3AEEB817637E1A0082BCBE /* logo144.png */ = {isa = PBXFileReference; lastKnownFileType = image.png; path = logo144.png; sourceTree = "<group>"; };
		5F3AEEBC176386E80082BCBE /* LeavesCache.h */ = {isa = PBXFileReference; fileEncoding = 4; lastKnownFileType = sourcecode.c.h; path = LeavesCache.h; sourceTree = "<group>"; };
		5F3AEEBD176386E80082BCBE /* LeavesCache.m */ = {isa = PBXFileReference; fileEncoding = 4; lastKnownFileType = sourcecode.c.objc; path = LeavesCache.m; sourceTree = "<group>"; };
		5F3AEEBE176386E80082BCBE /* LeavesView.h */ = {isa = PBXFileReference; fileEncoding = 4; lastKnownFileType = sourcecode.c.h; path = LeavesView.h; sourceTree = "<group>"; };
		5F3AEEBF176386E80082BCBE /* LeavesView.m */ = {isa = PBXFileReference; fileEncoding = 4; lastKnownFileType = sourcecode.c.objc; path = LeavesView.m; sourceTree = "<group>"; };
		5F3AEEC0176386E80082BCBE /* LeavesViewController.h */ = {isa = PBXFileReference; fileEncoding = 4; lastKnownFileType = sourcecode.c.h; path = LeavesViewController.h; sourceTree = "<group>"; };
		5F3AEEC1176386E80082BCBE /* LeavesViewController.m */ = {isa = PBXFileReference; fileEncoding = 4; lastKnownFileType = sourcecode.c.objc; path = LeavesViewController.m; sourceTree = "<group>"; };
		5F3AEEC2176386E80082BCBE /* Utilities.h */ = {isa = PBXFileReference; fileEncoding = 4; lastKnownFileType = sourcecode.c.h; path = Utilities.h; sourceTree = "<group>"; };
		5F3AEEC3176386E80082BCBE /* Utilities.m */ = {isa = PBXFileReference; fileEncoding = 4; lastKnownFileType = sourcecode.c.objc; path = Utilities.m; sourceTree = "<group>"; };
		5F3AEEC5176386E80082BCBE /* PageInfo.h */ = {isa = PBXFileReference; fileEncoding = 4; lastKnownFileType = sourcecode.c.h; path = PageInfo.h; sourceTree = "<group>"; };
		5F3AEEC6176386E80082BCBE /* PageInfo.m */ = {isa = PBXFileReference; fileEncoding = 4; lastKnownFileType = sourcecode.c.objc; path = PageInfo.m; sourceTree = "<group>"; };
		5F3AEEC7176386E80082BCBE /* PageInfoManage.h */ = {isa = PBXFileReference; fileEncoding = 4; lastKnownFileType = sourcecode.c.h; path = PageInfoManage.h; sourceTree = "<group>"; };
		5F3AEEC8176386E80082BCBE /* PageInfoManage.m */ = {isa = PBXFileReference; fileEncoding = 4; lastKnownFileType = sourcecode.c.objc; path = PageInfoManage.m; sourceTree = "<group>"; };
		5F3AEEC9176386E80082BCBE /* ReaderViewController.h */ = {isa = PBXFileReference; fileEncoding = 4; lastKnownFileType = sourcecode.c.h; path = ReaderViewController.h; sourceTree = "<group>"; };
		5F3AEECA176386E80082BCBE /* ReaderViewController.m */ = {isa = PBXFileReference; fileEncoding = 4; lastKnownFileType = sourcecode.c.objc; path = ReaderViewController.m; sourceTree = "<group>"; };
		5F3AEECC176386E80082BCBE /* PubHeader.h */ = {isa = PBXFileReference; fileEncoding = 4; lastKnownFileType = sourcecode.c.h; path = PubHeader.h; sourceTree = "<group>"; };
		5F3AEECD176386E80082BCBE /* VIewUtil.h */ = {isa = PBXFileReference; fileEncoding = 4; lastKnownFileType = sourcecode.c.h; path = VIewUtil.h; sourceTree = "<group>"; };
		5F3AEECE176386E80082BCBE /* VIewUtil.m */ = {isa = PBXFileReference; fileEncoding = 4; lastKnownFileType = sourcecode.c.objc; path = VIewUtil.m; sourceTree = "<group>"; };
		5F3AEEE2176388300082BCBE /* AlertChangeOffset-ipad.xib */ = {isa = PBXFileReference; fileEncoding = 4; lastKnownFileType = file.xib; path = "AlertChangeOffset-ipad.xib"; sourceTree = "<group>"; };
		5F3AEEE3176388300082BCBE /* BottomMenu_iphone.xib */ = {isa = PBXFileReference; fileEncoding = 4; lastKnownFileType = file.xib; path = BottomMenu_iphone.xib; sourceTree = "<group>"; };
		5F3AEEE4176388300082BCBE /* ReaderViewController_ipad.xib */ = {isa = PBXFileReference; fileEncoding = 4; lastKnownFileType = file.xib; path = ReaderViewController_ipad.xib; sourceTree = "<group>"; };
		5F3AEEE5176388300082BCBE /* ReaderViewController_iphone.xib */ = {isa = PBXFileReference; fileEncoding = 4; lastKnownFileType = file.xib; path = ReaderViewController_iphone.xib; sourceTree = "<group>"; };
		5F3AEEEB176389980082BCBE /* RJBookListViewController.h */ = {isa = PBXFileReference; fileEncoding = 4; lastKnownFileType = sourcecode.c.h; path = RJBookListViewController.h; sourceTree = "<group>"; };
		5F3AEEEC176389980082BCBE /* RJBookListViewController.m */ = {isa = PBXFileReference; fileEncoding = 4; lastKnownFileType = sourcecode.c.objc; path = RJBookListViewController.m; sourceTree = "<group>"; };
		5F3AEEF017638AA20082BCBE /* RJBookList.h */ = {isa = PBXFileReference; fileEncoding = 4; lastKnownFileType = sourcecode.c.h; path = RJBookList.h; sourceTree = "<group>"; };
		5F3AEEF117638AA20082BCBE /* RJBookList.m */ = {isa = PBXFileReference; fileEncoding = 4; lastKnownFileType = sourcecode.c.objc; path = RJBookList.m; sourceTree = "<group>"; };
		5F3AEEF217638AA20082BCBE /* RJCommentView.h */ = {isa = PBXFileReference; fileEncoding = 4; lastKnownFileType = sourcecode.c.h; path = RJCommentView.h; sourceTree = "<group>"; };
		5F3AEEF317638AA20082BCBE /* RJCommentView.m */ = {isa = PBXFileReference; fileEncoding = 4; lastKnownFileType = sourcecode.c.objc; path = RJCommentView.m; sourceTree = "<group>"; };
		5F3AEEF617638AB60082BCBE /* RJBookData.h */ = {isa = PBXFileReference; fileEncoding = 4; lastKnownFileType = sourcecode.c.h; path = RJBookData.h; sourceTree = "<group>"; };
		5F3AEEF717638AB60082BCBE /* RJBookData.m */ = {isa = PBXFileReference; fileEncoding = 4; lastKnownFileType = sourcecode.c.objc; path = RJBookData.m; sourceTree = "<group>"; };
		F5846B551755F3960022F878 /* QuartzCore.framework */ = {isa = PBXFileReference; lastKnownFileType = wrapper.framework; name = QuartzCore.framework; path = System/Library/Frameworks/QuartzCore.framework; sourceTree = SDKROOT; };
		F5A7C615174DAA900040A3CB /* Paging.app */ = {isa = PBXFileReference; explicitFileType = wrapper.application; includeInIndex = 0; path = Paging.app; sourceTree = BUILT_PRODUCTS_DIR; };
		F5A7C618174DAA900040A3CB /* UIKit.framework */ = {isa = PBXFileReference; lastKnownFileType = wrapper.framework; name = UIKit.framework; path = System/Library/Frameworks/UIKit.framework; sourceTree = SDKROOT; };
		F5A7C61A174DAA900040A3CB /* Foundation.framework */ = {isa = PBXFileReference; lastKnownFileType = wrapper.framework; name = Foundation.framework; path = System/Library/Frameworks/Foundation.framework; sourceTree = SDKROOT; };
		F5A7C61C174DAA900040A3CB /* CoreGraphics.framework */ = {isa = PBXFileReference; lastKnownFileType = wrapper.framework; name = CoreGraphics.framework; path = System/Library/Frameworks/CoreGraphics.framework; sourceTree = SDKROOT; };
		F5A7C620174DAA900040A3CB /* Paging-Info.plist */ = {isa = PBXFileReference; lastKnownFileType = text.plist.xml; path = "Paging-Info.plist"; sourceTree = "<group>"; };
		F5A7C624174DAA900040A3CB /* main.m */ = {isa = PBXFileReference; lastKnownFileType = sourcecode.c.objc; path = main.m; sourceTree = "<group>"; };
		F5A7C626174DAA900040A3CB /* Paging-Prefix.pch */ = {isa = PBXFileReference; lastKnownFileType = sourcecode.c.h; path = "Paging-Prefix.pch"; sourceTree = "<group>"; };
		F5A7C627174DAA900040A3CB /* AppDelegate.h */ = {isa = PBXFileReference; lastKnownFileType = sourcecode.c.h; path = AppDelegate.h; sourceTree = "<group>"; };
		F5A7C628174DAA900040A3CB /* AppDelegate.m */ = {isa = PBXFileReference; lastKnownFileType = sourcecode.c.objc; path = AppDelegate.m; sourceTree = "<group>"; };
		F5A7C62A174DAA900040A3CB /* Default.png */ = {isa = PBXFileReference; lastKnownFileType = image.png; path = Default.png; sourceTree = "<group>"; };
		F5A7C62C174DAA900040A3CB /* Default@2x.png */ = {isa = PBXFileReference; lastKnownFileType = image.png; path = "Default@2x.png"; sourceTree = "<group>"; };
		F5A7C62E174DAA900040A3CB /* Default-568h@2x.png */ = {isa = PBXFileReference; lastKnownFileType = image.png; path = "Default-568h@2x.png"; sourceTree = "<group>"; };
		F5D2F9DA176465EF006C5DF7 /* StringUtil.h */ = {isa = PBXFileReference; fileEncoding = 4; lastKnownFileType = sourcecode.c.h; path = StringUtil.h; sourceTree = "<group>"; };
		F5D2F9DB176465EF006C5DF7 /* StringUtil.m */ = {isa = PBXFileReference; fileEncoding = 4; lastKnownFileType = sourcecode.c.objc; path = StringUtil.m; sourceTree = "<group>"; };
/* End PBXFileReference section */

/* Begin PBXFrameworksBuildPhase section */
		F5A7C612174DAA900040A3CB /* Frameworks */ = {
			isa = PBXFrameworksBuildPhase;
			buildActionMask = 2147483647;
			files = (
				F5846B561755F3960022F878 /* QuartzCore.framework in Frameworks */,
				F5A7C619174DAA900040A3CB /* UIKit.framework in Frameworks */,
				F5A7C61B174DAA900040A3CB /* Foundation.framework in Frameworks */,
				F5A7C61D174DAA900040A3CB /* CoreGraphics.framework in Frameworks */,
			);
			runOnlyForDeploymentPostprocessing = 0;
		};
/* End PBXFrameworksBuildPhase section */

/* Begin PBXGroup section */
		5F1D661E1765CAFF0087E2BB /* image */ = {
			isa = PBXGroup;
			children = (
				5F1D661F1765CAFF0087E2BB /* button.png */,
				5F1D66201765CAFF0087E2BB /* default_icon.jpg */,
				5F1D66211765CAFF0087E2BB /* default_icon@2x.jpg */,
				5F1D66221765CAFF0087E2BB /* icon_about_us.jpg */,
				5F1D66231765CAFF0087E2BB /* icon_about_us@2x.jpg */,
				5F1D66241765CAFF0087E2BB /* icon_add_bookmark.jpg */,
				5F1D66251765CAFF0087E2BB /* icon_add_bookmark@2x.jpg */,
				5F1D66261765CAFF0087E2BB /* icon_adjust_font.jpg */,
				5F1D66271765CAFF0087E2BB /* icon_adjust_font@2x.jpg */,
				5F1D66281765CAFF0087E2BB /* icon_adjust_light.jpg */,
				5F1D66291765CAFF0087E2BB /* icon_adjust_light@2x.jpg */,
				5F1D662A1765CAFF0087E2BB /* icon_bookmark.jpg */,
				5F1D662B1765CAFF0087E2BB /* icon_bookmark@2x.jpg */,
				5F1D662C1765CAFF0087E2BB /* icon_chapter.jpg */,
				5F1D662D1765CAFF0087E2BB /* icon_chapter@2x.jpg */,
				5F1D662E1765CAFF0087E2BB /* icon_create_folder.jpg */,
				5F1D662F1765CAFF0087E2BB /* icon_create_folder@2x.jpg */,
				5F1D66301765CAFF0087E2BB /* icon_delete.jpg */,
				5F1D66311765CAFF0087E2BB /* icon_delete@2x.jpg */,
				5F1D66321765CAFF0087E2BB /* icon_delete_all.jpg */,
				5F1D66331765CAFF0087E2BB /* icon_delete_all@2x.jpg */,
				5F1D66341765CAFF0087E2BB /* icon_down_start.jpg */,
				5F1D66351765CAFF0087E2BB /* icon_down_start@2x.jpg */,
				5F1D66361765CAFF0087E2BB /* icon_encoding.jpg */,
				5F1D66371765CAFF0087E2BB /* icon_encoding@2x.jpg */,
				5F1D66381765CAFF0087E2BB /* icon_extract_chapter.jpg */,
				5F1D66391765CAFF0087E2BB /* icon_extract_chapter@2x.jpg */,
				5F1D663A1765CAFF0087E2BB /* icon_help.jpg */,
				5F1D663B1765CAFF0087E2BB /* icon_help@2x.jpg */,
				5F1D663C1765CAFF0087E2BB /* icon_img_preview.jpg */,
				5F1D663D1765CAFF0087E2BB /* icon_img_preview@2x.jpg */,
				5F1D663E1765CAFF0087E2BB /* icon_line_spacing.jpg */,
				5F1D663F1765CAFF0087E2BB /* icon_line_spacing@2x.jpg */,
				5F1D66401765CAFF0087E2BB /* icon_navigate_back.jpg */,
				5F1D66411765CAFF0087E2BB /* icon_navigate_back@2x.jpg */,
				5F1D66421765CAFF0087E2BB /* icon_navigate_front.jpg */,
				5F1D66431765CAFF0087E2BB /* icon_navigate_front@2x.jpg */,
				5F1D66441765CAFF0087E2BB /* icon_next_chapter.jpg */,
				5F1D66451765CAFF0087E2BB /* icon_next_chapter@2x.jpg */,
				5F1D66461765CAFF0087E2BB /* icon_next_file.jpg */,
				5F1D66471765CAFF0087E2BB /* icon_next_file@2x.jpg */,
				5F1D66481765CAFF0087E2BB /* icon_open_book.jpg */,
				5F1D66491765CAFF0087E2BB /* icon_open_book@2x.jpg */,
				5F1D664A1765CAFF0087E2BB /* icon_order_by_date.jpg */,
				5F1D664B1765CAFF0087E2BB /* icon_order_by_date@2x.jpg */,
				5F1D664C1765CAFF0087E2BB /* icon_order_by_name.jpg */,
				5F1D664D1765CAFF0087E2BB /* icon_order_by_name@2x.jpg */,
				5F1D664E1765CAFF0087E2BB /* icon_order_by_size.jpg */,
				5F1D664F1765CAFF0087E2BB /* icon_order_by_size@2x.jpg */,
				5F1D66501765CAFF0087E2BB /* icon_pause.jpg */,
				5F1D66511765CAFF0087E2BB /* icon_pause@2x.jpg */,
				5F1D66521765CAFF0087E2BB /* icon_pause_all.jpg */,
				5F1D66531765CAFF0087E2BB /* icon_pause_all@2x.jpg */,
				5F1D66541765CAFF0087E2BB /* icon_prev_chapter.jpg */,
				5F1D66551765CAFF0087E2BB /* icon_prev_chapter@2x.jpg */,
				5F1D66561765CAFF0087E2BB /* icon_prev_file.jpg */,
				5F1D66571765CAFF0087E2BB /* icon_prev_file@2x.jpg */,
				5F1D66581765CAFF0087E2BB /* icon_quit.jpg */,
				5F1D66591765CAFF0087E2BB /* icon_quit@2x.jpg */,
				5F1D665A1765CAFF0087E2BB /* icon_redownload.jpg */,
				5F1D665B1765CAFF0087E2BB /* icon_redownload@2x.jpg */,
				5F1D665C1765CAFF0087E2BB /* icon_refresh.jpg */,
				5F1D665D1765CAFF0087E2BB /* icon_refresh@2x.jpg */,
				5F1D665E1765CAFF0087E2BB /* icon_restore.jpg */,
				5F1D665F1765CAFF0087E2BB /* icon_restore@2x.jpg */,
				5F1D66601765CAFF0087E2BB /* icon_seek.jpg */,
				5F1D66611765CAFF0087E2BB /* icon_seek@2x.jpg */,
				5F1D66621765CAFF0087E2BB /* icon_settings.jpg */,
				5F1D66631765CAFF0087E2BB /* icon_settings@2x.jpg */,
				5F1D66641765CAFF0087E2BB /* icon_show_inner_files.jpg */,
				5F1D66651765CAFF0087E2BB /* icon_show_inner_files@2x.jpg */,
				5F1D66661765CAFF0087E2BB /* icon_start.jpg */,
				5F1D66671765CAFF0087E2BB /* icon_start@2x.jpg */,
				5F1D66681765CAFF0087E2BB /* icon_start_all.jpg */,
				5F1D66691765CAFF0087E2BB /* icon_start_all@2x.jpg */,
				5F1D666A1765CAFF0087E2BB /* icon_theme.jpg */,
				5F1D666B1765CAFF0087E2BB /* icon_theme@2x.jpg */,
				5F1D666C1765CAFF0087E2BB /* icon_wifi_bottom.jpg */,
				5F1D666D1765CAFF0087E2BB /* icon_wifi_bottom@2x.jpg */,
				5F1D666E1765CAFF0087E2BB /* placeholder.png */,
				5F1D666F1765CAFF0087E2BB /* shelf_row.png */,
				5F1D66701765CAFF0087E2BB /* shelf_top.png */,
				5F1D66E2176633540087E2BB /* theme_1.jpg */,
				5F1D66E3176633540087E2BB /* theme_1@2x.jpg */,
				5F1D66E4176633540087E2BB /* theme_2.jpg */,
				5F1D66E5176633540087E2BB /* theme_2@2x.jpg */,
				5F1D66E6176633540087E2BB /* theme_3.jpg */,
				5F1D66E7176633540087E2BB /* theme_3@2x.jpg */,
				5F1D66E8176633540087E2BB /* theme_4.jpg */,
				5F1D66E9176633540087E2BB /* theme_4@2x.jpg */,
				5F1D66EA176633540087E2BB /* theme_5.jpg */,
				5F1D66EB176633540087E2BB /* theme_5@2x.jpg */,
				5F1D66EC176633540087E2BB /* theme_6.jpg */,
				5F1D66ED176633540087E2BB /* theme_6@2x.jpg */,
				5F1D66EE176633540087E2BB /* theme_7.jpg */,
				5F1D66EF176633540087E2BB /* theme_7@2x.jpg */,
				5F1D66F0176633540087E2BB /* theme_8.jpg */,
				5F1D66F1176633540087E2BB /* theme_8@2x.jpg */,
				5F1D66F2176633540087E2BB /* theme_9.jpg */,
				5F1D66F3176633540087E2BB /* theme_9@2x.jpg */,
				5F1D66F4176633540087E2BB /* theme_add.jpg */,
				5F1D66F5176633540087E2BB /* theme_add@2x.jpg */,
				5F1D66F6176633540087E2BB /* theme_demo_1.jpg */,
				5F1D66F7176633540087E2BB /* theme_demo_1@2x.jpg */,
				5F1D66F8176633540087E2BB /* theme_demo_2.jpg */,
				5F1D66F9176633540087E2BB /* theme_demo_2@2x.jpg */,
				5F1D66FA176633540087E2BB /* theme_demo_3.jpg */,
				5F1D66FB176633540087E2BB /* theme_demo_3@2x.jpg */,
				5F1D66FC176633540087E2BB /* theme_demo_4.jpg */,
				5F1D66FD176633540087E2BB /* theme_demo_5.jpg */,
				5F1D66FE176633540087E2BB /* theme_demo_5@2x.jpg */,
				5F1D66FF176633540087E2BB /* theme_demo_6.jpg */,
				5F1D6700176633540087E2BB /* theme_demo_6@2x.jpg */,
				5F1D6701176633540087E2BB /* theme_demo_7.jpg */,
				5F1D6702176633540087E2BB /* theme_demo_7@2x.jpg */,
				5F1D6703176633540087E2BB /* theme_demo_8.jpg */,
				5F1D6704176633540087E2BB /* theme_demo_8@2x.jpg */,
				5F1D6705176633540087E2BB /* theme_demo_9.jpg */,
				5F1D6706176633540087E2BB /* theme_demo_9@2x.jpg */,
				5F1D6707176633540087E2BB /* theme_frame.jpg */,
				5F1D6708176633540087E2BB /* theme_frame@2x.jpg */,
			);
			path = image;
			sourceTree = "<group>";
		};
		5F1D66D11765F9540087E2BB /* BookMark */ = {
			isa = PBXGroup;
			children = (
				5F1D66D21765F9540087E2BB /* BookMark.h */,
				5F1D66D31765F9540087E2BB /* BookMark.m */,
				5F1D66D41765F9540087E2BB /* BookMarkManage.h */,
				5F1D66D51765F9540087E2BB /* BookMarkManage.m */,
				5F1D66D81765F9C50087E2BB /* BookMarkViewController.h */,
				5F1D66D91765F9C50087E2BB /* BookMarkViewController.m */,
			);
			path = BookMark;
			sourceTree = "<group>";
		};
		5F1D66DB176610550087E2BB /* BookInfo */ = {
			isa = PBXGroup;
			children = (
				5F1D66DC176610850087E2BB /* BookInfo.h */,
				5F1D66DD176610850087E2BB /* BookInfo.m */,
				5F1D66DF176610970087E2BB /* BookInfoManage.h */,
				5F1D66E0176610970087E2BB /* BookInfoManage.m */,
			);
			name = BookInfo;
			path = BookMark;
			sourceTree = "<group>";
		};
		5F3AEEBA176386E80082BCBE /* class */ = {
			isa = PBXGroup;
			children = (
				5F3AEEEA176389980082BCBE /* shelf */,
				5F3AEEBB176386E80082BCBE /* Leaves */,
				5F1D66DB176610550087E2BB /* BookInfo */,
				5F1D66D11765F9540087E2BB /* BookMark */,
				5F3AEEC4176386E80082BCBE /* reader */,
				5F3AEECB176386E80082BCBE /* utils */,
			);
			path = class;
			sourceTree = "<group>";
		};
		5F3AEEBB176386E80082BCBE /* Leaves */ = {
			isa = PBXGroup;
			children = (
				5F3AEEBC176386E80082BCBE /* LeavesCache.h */,
				5F3AEEBD176386E80082BCBE /* LeavesCache.m */,
				5F3AEEBE176386E80082BCBE /* LeavesView.h */,
				5F3AEEBF176386E80082BCBE /* LeavesView.m */,
				5F3AEEC0176386E80082BCBE /* LeavesViewController.h */,
				5F3AEEC1176386E80082BCBE /* LeavesViewController.m */,
				5F3AEEC2176386E80082BCBE /* Utilities.h */,
				5F3AEEC3176386E80082BCBE /* Utilities.m */,
			);
			path = Leaves;
			sourceTree = "<group>";
		};
		5F3AEEC4176386E80082BCBE /* reader */ = {
			isa = PBXGroup;
			children = (
				5F3AEEE2176388300082BCBE /* AlertChangeOffset-ipad.xib */,
				5F3AEEE3176388300082BCBE /* BottomMenu_iphone.xib */,
				5F3AEEE4176388300082BCBE /* ReaderViewController_ipad.xib */,
				5F3AEEE5176388300082BCBE /* ReaderViewController_iphone.xib */,
				5F3AEEC5176386E80082BCBE /* PageInfo.h */,
				5F3AEEC6176386E80082BCBE /* PageInfo.m */,
				5F3AEEC7176386E80082BCBE /* PageInfoManage.h */,
				5F3AEEC8176386E80082BCBE /* PageInfoManage.m */,
				5F3AEEC9176386E80082BCBE /* ReaderViewController.h */,
				5F3AEECA176386E80082BCBE /* ReaderViewController.m */,
			);
			path = reader;
			sourceTree = "<group>";
		};
		5F3AEECB176386E80082BCBE /* utils */ = {
			isa = PBXGroup;
			children = (
				5F1D66CE1765EC910087E2BB /* FileUtil.h */,
				5F1D66CF1765EC910087E2BB /* FileUtil.m */,
				5F3AEECC176386E80082BCBE /* PubHeader.h */,
				F5D2F9DA176465EF006C5DF7 /* StringUtil.h */,
				F5D2F9DB176465EF006C5DF7 /* StringUtil.m */,
				5F3AEECD176386E80082BCBE /* VIewUtil.h */,
				5F3AEECE176386E80082BCBE /* VIewUtil.m */,
			);
			path = utils;
			sourceTree = "<group>";
		};
		5F3AEED7176387B70082BCBE /* resource */ = {
			isa = PBXGroup;
			children = (
			);
			path = resource;
			sourceTree = "<group>";
		};
		5F3AEEEA176389980082BCBE /* shelf */ = {
			isa = PBXGroup;
			children = (
				5F3AEEF617638AB60082BCBE /* RJBookData.h */,
				5F3AEEF717638AB60082BCBE /* RJBookData.m */,
				5F3AEEF017638AA20082BCBE /* RJBookList.h */,
				5F3AEEF117638AA20082BCBE /* RJBookList.m */,
				5F3AEEF217638AA20082BCBE /* RJCommentView.h */,
				5F3AEEF317638AA20082BCBE /* RJCommentView.m */,
				5F3AEEEB176389980082BCBE /* RJBookListViewController.h */,
				5F3AEEEC176389980082BCBE /* RJBookListViewController.m */,
			);
			path = shelf;
			sourceTree = "<group>";
		};
		F5A7C60C174DAA8F0040A3CB = {
			isa = PBXGroup;
			children = (
				5F3AEEB817637E1A0082BCBE /* logo144.png */,
				5F3AEEB617637E170082BCBE /* logo72.png */,
				5F3AEEB417637E120082BCBE /* logo114.png */,
				5F3AEEB217637E0D0082BCBE /* logo57.png */,
				F5A7C61E174DAA900040A3CB /* Paging */,
				F5A7C617174DAA900040A3CB /* Frameworks */,
				F5A7C616174DAA900040A3CB /* Products */,
			);
			sourceTree = "<group>";
		};
		F5A7C616174DAA900040A3CB /* Products */ = {
			isa = PBXGroup;
			children = (
				F5A7C615174DAA900040A3CB /* Paging.app */,
			);
			name = Products;
			sourceTree = "<group>";
		};
		F5A7C617174DAA900040A3CB /* Frameworks */ = {
			isa = PBXGroup;
			children = (
				F5846B551755F3960022F878 /* QuartzCore.framework */,
				F5A7C618174DAA900040A3CB /* UIKit.framework */,
				F5A7C61A174DAA900040A3CB /* Foundation.framework */,
				F5A7C61C174DAA900040A3CB /* CoreGraphics.framework */,
			);
			name = Frameworks;
			sourceTree = "<group>";
		};
		F5A7C61E174DAA900040A3CB /* Paging */ = {
			isa = PBXGroup;
			children = (
				5F3AEEBA176386E80082BCBE /* class */,
				F5A7C627174DAA900040A3CB /* AppDelegate.h */,
				F5A7C628174DAA900040A3CB /* AppDelegate.m */,
				5F3AEED7176387B70082BCBE /* resource */,
				5F1D661E1765CAFF0087E2BB /* image */,
				F5A7C61F174DAA900040A3CB /* Supporting Files */,
			);
			path = Paging;
			sourceTree = "<group>";
		};
		F5A7C61F174DAA900040A3CB /* Supporting Files */ = {
			isa = PBXGroup;
			children = (
				F5A7C620174DAA900040A3CB /* Paging-Info.plist */,
				F5A7C624174DAA900040A3CB /* main.m */,
				F5A7C626174DAA900040A3CB /* Paging-Prefix.pch */,
				F5A7C62A174DAA900040A3CB /* Default.png */,
				F5A7C62C174DAA900040A3CB /* Default@2x.png */,
				F5A7C62E174DAA900040A3CB /* Default-568h@2x.png */,
			);
			name = "Supporting Files";
			sourceTree = "<group>";
		};
/* End PBXGroup section */

/* Begin PBXNativeTarget section */
		F5A7C614174DAA900040A3CB /* Paging */ = {
			isa = PBXNativeTarget;
			buildConfigurationList = F5A7C638174DAA900040A3CB /* Build configuration list for PBXNativeTarget "Paging" */;
			buildPhases = (
				F5A7C611174DAA900040A3CB /* Sources */,
				F5A7C612174DAA900040A3CB /* Frameworks */,
				F5A7C613174DAA900040A3CB /* Resources */,
			);
			buildRules = (
			);
			dependencies = (
			);
			name = Paging;
			productName = Paging;
			productReference = F5A7C615174DAA900040A3CB /* Paging.app */;
			productType = "com.apple.product-type.application";
		};
/* End PBXNativeTarget section */

/* Begin PBXProject section */
		F5A7C60D174DAA900040A3CB /* Project object */ = {
			isa = PBXProject;
			attributes = {
				LastUpgradeCheck = 0460;
				ORGANIZATIONNAME = "Eric Yang";
			};
			buildConfigurationList = F5A7C610174DAA900040A3CB /* Build configuration list for PBXProject "Paging" */;
			compatibilityVersion = "Xcode 3.2";
			developmentRegion = English;
			hasScannedForEncodings = 0;
			knownRegions = (
				en,
			);
			mainGroup = F5A7C60C174DAA8F0040A3CB;
			productRefGroup = F5A7C616174DAA900040A3CB /* Products */;
			projectDirPath = "";
			projectRoot = "";
			targets = (
				F5A7C614174DAA900040A3CB /* Paging */,
			);
		};
/* End PBXProject section */

/* Begin PBXResourcesBuildPhase section */
		F5A7C613174DAA900040A3CB /* Resources */ = {
			isa = PBXResourcesBuildPhase;
			buildActionMask = 2147483647;
			files = (
				F5A7C62B174DAA900040A3CB /* Default.png in Resources */,
				F5A7C62D174DAA900040A3CB /* Default@2x.png in Resources */,
				F5A7C62F174DAA900040A3CB /* Default-568h@2x.png in Resources */,
				5F3AEEB317637E0D0082BCBE /* logo57.png in Resources */,
				5F3AEEB517637E120082BCBE /* logo114.png in Resources */,
				5F3AEEB717637E170082BCBE /* logo72.png in Resources */,
				5F3AEEB917637E1A0082BCBE /* logo144.png in Resources */,
				5F3AEEE6176388300082BCBE /* AlertChangeOffset-ipad.xib in Resources */,
				5F3AEEE7176388300082BCBE /* BottomMenu_iphone.xib in Resources */,
				5F3AEEE8176388300082BCBE /* ReaderViewController_ipad.xib in Resources */,
				5F3AEEE9176388300082BCBE /* ReaderViewController_iphone.xib in Resources */,
				5F1D66711765CAFF0087E2BB /* button.png in Resources */,
				5F1D66721765CAFF0087E2BB /* default_icon.jpg in Resources */,
				5F1D66731765CAFF0087E2BB /* default_icon@2x.jpg in Resources */,
				5F1D66741765CAFF0087E2BB /* icon_about_us.jpg in Resources */,
				5F1D66751765CAFF0087E2BB /* icon_about_us@2x.jpg in Resources */,
				5F1D66761765CAFF0087E2BB /* icon_add_bookmark.jpg in Resources */,
				5F1D66771765CAFF0087E2BB /* icon_add_bookmark@2x.jpg in Resources */,
				5F1D66781765CAFF0087E2BB /* icon_adjust_font.jpg in Resources */,
				5F1D66791765CAFF0087E2BB /* icon_adjust_font@2x.jpg in Resources */,
				5F1D667A1765CAFF0087E2BB /* icon_adjust_light.jpg in Resources */,
				5F1D667B1765CAFF0087E2BB /* icon_adjust_light@2x.jpg in Resources */,
				5F1D667C1765CAFF0087E2BB /* icon_bookmark.jpg in Resources */,
				5F1D667D1765CAFF0087E2BB /* icon_bookmark@2x.jpg in Resources */,
				5F1D667E1765CAFF0087E2BB /* icon_chapter.jpg in Resources */,
				5F1D667F1765CAFF0087E2BB /* icon_chapter@2x.jpg in Resources */,
				5F1D66801765CAFF0087E2BB /* icon_create_folder.jpg in Resources */,
				5F1D66811765CAFF0087E2BB /* icon_create_folder@2x.jpg in Resources */,
				5F1D66821765CAFF0087E2BB /* icon_delete.jpg in Resources */,
				5F1D66831765CAFF0087E2BB /* icon_delete@2x.jpg in Resources */,
				5F1D66841765CAFF0087E2BB /* icon_delete_all.jpg in Resources */,
				5F1D66851765CAFF0087E2BB /* icon_delete_all@2x.jpg in Resources */,
				5F1D66861765CAFF0087E2BB /* icon_down_start.jpg in Resources */,
				5F1D66871765CAFF0087E2BB /* icon_down_start@2x.jpg in Resources */,
				5F1D66881765CAFF0087E2BB /* icon_encoding.jpg in Resources */,
				5F1D66891765CAFF0087E2BB /* icon_encoding@2x.jpg in Resources */,
				5F1D668A1765CAFF0087E2BB /* icon_extract_chapter.jpg in Resources */,
				5F1D668B1765CAFF0087E2BB /* icon_extract_chapter@2x.jpg in Resources */,
				5F1D668C1765CAFF0087E2BB /* icon_help.jpg in Resources */,
				5F1D668D1765CAFF0087E2BB /* icon_help@2x.jpg in Resources */,
				5F1D668E1765CAFF0087E2BB /* icon_img_preview.jpg in Resources */,
				5F1D668F1765CAFF0087E2BB /* icon_img_preview@2x.jpg in Resources */,
				5F1D66901765CAFF0087E2BB /* icon_line_spacing.jpg in Resources */,
				5F1D66911765CAFF0087E2BB /* icon_line_spacing@2x.jpg in Resources */,
				5F1D66921765CAFF0087E2BB /* icon_navigate_back.jpg in Resources */,
				5F1D66931765CAFF0087E2BB /* icon_navigate_back@2x.jpg in Resources */,
				5F1D66941765CAFF0087E2BB /* icon_navigate_front.jpg in Resources */,
				5F1D66951765CAFF0087E2BB /* icon_navigate_front@2x.jpg in Resources */,
				5F1D66961765CAFF0087E2BB /* icon_next_chapter.jpg in Resources */,
				5F1D66971765CAFF0087E2BB /* icon_next_chapter@2x.jpg in Resources */,
				5F1D66981765CAFF0087E2BB /* icon_next_file.jpg in Resources */,
				5F1D66991765CAFF0087E2BB /* icon_next_file@2x.jpg in Resources */,
				5F1D669A1765CAFF0087E2BB /* icon_open_book.jpg in Resources */,
				5F1D669B1765CAFF0087E2BB /* icon_open_book@2x.jpg in Resources */,
				5F1D669C1765CAFF0087E2BB /* icon_order_by_date.jpg in Resources */,
				5F1D669D1765CAFF0087E2BB /* icon_order_by_date@2x.jpg in Resources */,
				5F1D669E1765CAFF0087E2BB /* icon_order_by_name.jpg in Resources */,
				5F1D669F1765CAFF0087E2BB /* icon_order_by_name@2x.jpg in Resources */,
				5F1D66A01765CAFF0087E2BB /* icon_order_by_size.jpg in Resources */,
				5F1D66A11765CAFF0087E2BB /* icon_order_by_size@2x.jpg in Resources */,
				5F1D66A21765CAFF0087E2BB /* icon_pause.jpg in Resources */,
				5F1D66A31765CAFF0087E2BB /* icon_pause@2x.jpg in Resources */,
				5F1D66A41765CAFF0087E2BB /* icon_pause_all.jpg in Resources */,
				5F1D66A51765CAFF0087E2BB /* icon_pause_all@2x.jpg in Resources */,
				5F1D66A61765CAFF0087E2BB /* icon_prev_chapter.jpg in Resources */,
				5F1D66A71765CAFF0087E2BB /* icon_prev_chapter@2x.jpg in Resources */,
				5F1D66A81765CAFF0087E2BB /* icon_prev_file.jpg in Resources */,
				5F1D66A91765CAFF0087E2BB /* icon_prev_file@2x.jpg in Resources */,
				5F1D66AA1765CAFF0087E2BB /* icon_quit.jpg in Resources */,
				5F1D66AB1765CAFF0087E2BB /* icon_quit@2x.jpg in Resources */,
				5F1D66AC1765CAFF0087E2BB /* icon_redownload.jpg in Resources */,
				5F1D66AD1765CAFF0087E2BB /* icon_redownload@2x.jpg in Resources */,
				5F1D66AE1765CAFF0087E2BB /* icon_refresh.jpg in Resources */,
				5F1D66AF1765CAFF0087E2BB /* icon_refresh@2x.jpg in Resources */,
				5F1D66B01765CAFF0087E2BB /* icon_restore.jpg in Resources */,
				5F1D66B11765CAFF0087E2BB /* icon_restore@2x.jpg in Resources */,
				5F1D66B21765CAFF0087E2BB /* icon_seek.jpg in Resources */,
				5F1D66B31765CAFF0087E2BB /* icon_seek@2x.jpg in Resources */,
				5F1D66B41765CAFF0087E2BB /* icon_settings.jpg in Resources */,
				5F1D66B51765CAFF0087E2BB /* icon_settings@2x.jpg in Resources */,
				5F1D66B61765CAFF0087E2BB /* icon_show_inner_files.jpg in Resources */,
				5F1D66B71765CAFF0087E2BB /* icon_show_inner_files@2x.jpg in Resources */,
				5F1D66B81765CAFF0087E2BB /* icon_start.jpg in Resources */,
				5F1D66B91765CAFF0087E2BB /* icon_start@2x.jpg in Resources */,
				5F1D66BA1765CAFF0087E2BB /* icon_start_all.jpg in Resources */,
				5F1D66BB1765CAFF0087E2BB /* icon_start_all@2x.jpg in Resources */,
				5F1D66BC1765CAFF0087E2BB /* icon_theme.jpg in Resources */,
				5F1D66BD1765CAFF0087E2BB /* icon_theme@2x.jpg in Resources */,
				5F1D66BE1765CAFF0087E2BB /* icon_wifi_bottom.jpg in Resources */,
				5F1D66BF1765CAFF0087E2BB /* icon_wifi_bottom@2x.jpg in Resources */,
				5F1D66C01765CAFF0087E2BB /* placeholder.png in Resources */,
				5F1D66C11765CAFF0087E2BB /* shelf_row.png in Resources */,
				5F1D66C21765CAFF0087E2BB /* shelf_top.png in Resources */,
				5F1D6709176633540087E2BB /* theme_1.jpg in Resources */,
				5F1D670A176633540087E2BB /* theme_1@2x.jpg in Resources */,
				5F1D670B176633540087E2BB /* theme_2.jpg in Resources */,
				5F1D670C176633540087E2BB /* theme_2@2x.jpg in Resources */,
				5F1D670D176633540087E2BB /* theme_3.jpg in Resources */,
				5F1D670E176633540087E2BB /* theme_3@2x.jpg in Resources */,
				5F1D670F176633540087E2BB /* theme_4.jpg in Resources */,
				5F1D6710176633540087E2BB /* theme_4@2x.jpg in Resources */,
				5F1D6711176633540087E2BB /* theme_5.jpg in Resources */,
				5F1D6712176633540087E2BB /* theme_5@2x.jpg in Resources */,
				5F1D6713176633540087E2BB /* theme_6.jpg in Resources */,
				5F1D6714176633540087E2BB /* theme_6@2x.jpg in Resources */,
				5F1D6715176633540087E2BB /* theme_7.jpg in Resources */,
				5F1D6716176633540087E2BB /* theme_7@2x.jpg in Resources */,
				5F1D6717176633540087E2BB /* theme_8.jpg in Resources */,
				5F1D6718176633540087E2BB /* theme_8@2x.jpg in Resources */,
				5F1D6719176633540087E2BB /* theme_9.jpg in Resources */,
				5F1D671A176633540087E2BB /* theme_9@2x.jpg in Resources */,
				5F1D671B176633540087E2BB /* theme_add.jpg in Resources */,
				5F1D671C176633540087E2BB /* theme_add@2x.jpg in Resources */,
				5F1D671D176633540087E2BB /* theme_demo_1.jpg in Resources */,
				5F1D671E176633540087E2BB /* theme_demo_1@2x.jpg in Resources */,
				5F1D671F176633540087E2BB /* theme_demo_2.jpg in Resources */,
				5F1D6720176633540087E2BB /* theme_demo_2@2x.jpg in Resources */,
				5F1D6721176633540087E2BB /* theme_demo_3.jpg in Resources */,
				5F1D6722176633540087E2BB /* theme_demo_3@2x.jpg in Resources */,
				5F1D6723176633540087E2BB /* theme_demo_4.jpg in Resources */,
				5F1D6724176633540087E2BB /* theme_demo_5.jpg in Resources */,
				5F1D6725176633540087E2BB /* theme_demo_5@2x.jpg in Resources */,
				5F1D6726176633540087E2BB /* theme_demo_6.jpg in Resources */,
				5F1D6727176633540087E2BB /* theme_demo_6@2x.jpg in Resources */,
				5F1D6728176633540087E2BB /* theme_demo_7.jpg in Resources */,
				5F1D6729176633540087E2BB /* theme_demo_7@2x.jpg in Resources */,
				5F1D672A176633540087E2BB /* theme_demo_8.jpg in Resources */,
				5F1D672B176633540087E2BB /* theme_demo_8@2x.jpg in Resources */,
				5F1D672C176633540087E2BB /* theme_demo_9.jpg in Resources */,
				5F1D672D176633540087E2BB /* theme_demo_9@2x.jpg in Resources */,
				5F1D672E176633540087E2BB /* theme_frame.jpg in Resources */,
				5F1D672F176633540087E2BB /* theme_frame@2x.jpg in Resources */,
			);
			runOnlyForDeploymentPostprocessing = 0;
		};
/* End PBXResourcesBuildPhase section */

/* Begin PBXSourcesBuildPhase section */
		F5A7C611174DAA900040A3CB /* Sources */ = {
			isa = PBXSourcesBuildPhase;
			buildActionMask = 2147483647;
			files = (
				F5A7C625174DAA900040A3CB /* main.m in Sources */,
				F5A7C629174DAA900040A3CB /* AppDelegate.m in Sources */,
				5F3AEECF176386E80082BCBE /* LeavesCache.m in Sources */,
				5F3AEED0176386E80082BCBE /* LeavesView.m in Sources */,
				5F3AEED1176386E80082BCBE /* LeavesViewController.m in Sources */,
				5F3AEED2176386E80082BCBE /* Utilities.m in Sources */,
				5F3AEED3176386E80082BCBE /* PageInfo.m in Sources */,
				5F3AEED4176386E80082BCBE /* PageInfoManage.m in Sources */,
				5F3AEED5176386E80082BCBE /* ReaderViewController.m in Sources */,
				5F3AEED6176386E80082BCBE /* VIewUtil.m in Sources */,
				5F3AEEEE176389980082BCBE /* RJBookListViewController.m in Sources */,
				5F3AEEF417638AA20082BCBE /* RJBookList.m in Sources */,
				5F3AEEF517638AA20082BCBE /* RJCommentView.m in Sources */,
				5F3AEEF817638AB60082BCBE /* RJBookData.m in Sources */,
				F5D2F9DC176465EF006C5DF7 /* StringUtil.m in Sources */,
				5F1D66D01765EC910087E2BB /* FileUtil.m in Sources */,
				5F1D66D61765F9540087E2BB /* BookMark.m in Sources */,
				5F1D66D71765F9540087E2BB /* BookMarkManage.m in Sources */,
				5F1D66DA1765F9C50087E2BB /* BookMarkViewController.m in Sources */,
				5F1D66DE176610850087E2BB /* BookInfo.m in Sources */,
				5F1D66E1176610970087E2BB /* BookInfoManage.m in Sources */,
			);
			runOnlyForDeploymentPostprocessing = 0;
		};
/* End PBXSourcesBuildPhase section */

/* Begin XCBuildConfiguration section */
		F5A7C636174DAA900040A3CB /* Debug */ = {
			isa = XCBuildConfiguration;
			buildSettings = {
				ALWAYS_SEARCH_USER_PATHS = NO;
				CLANG_CXX_LANGUAGE_STANDARD = "gnu++0x";
				CLANG_CXX_LIBRARY = "libc++";
				CLANG_WARN_CONSTANT_CONVERSION = YES;
				CLANG_WARN_EMPTY_BODY = YES;
				CLANG_WARN_ENUM_CONVERSION = YES;
				CLANG_WARN_INT_CONVERSION = YES;
				CLANG_WARN__DUPLICATE_METHOD_MATCH = YES;
				"CODE_SIGN_IDENTITY[sdk=iphoneos*]" = "iPhone Developer";
				COPY_PHASE_STRIP = NO;
				GCC_C_LANGUAGE_STANDARD = gnu99;
				GCC_DYNAMIC_NO_PIC = NO;
				GCC_OPTIMIZATION_LEVEL = 0;
				GCC_PREPROCESSOR_DEFINITIONS = (
					"DEBUG=1",
					"$(inherited)",
				);
				GCC_SYMBOLS_PRIVATE_EXTERN = NO;
				GCC_WARN_ABOUT_RETURN_TYPE = YES;
				GCC_WARN_UNINITIALIZED_AUTOS = YES;
				GCC_WARN_UNUSED_VARIABLE = YES;
				IPHONEOS_DEPLOYMENT_TARGET = 6.1;
				ONLY_ACTIVE_ARCH = YES;
				SDKROOT = iphoneos;
			};
			name = Debug;
		};
		F5A7C637174DAA900040A3CB /* Release */ = {
			isa = XCBuildConfiguration;
			buildSettings = {
				ALWAYS_SEARCH_USER_PATHS = NO;
				CLANG_CXX_LANGUAGE_STANDARD = "gnu++0x";
				CLANG_CXX_LIBRARY = "libc++";
				CLANG_WARN_CONSTANT_CONVERSION = YES;
				CLANG_WARN_EMPTY_BODY = YES;
				CLANG_WARN_ENUM_CONVERSION = YES;
				CLANG_WARN_INT_CONVERSION = YES;
				CLANG_WARN__DUPLICATE_METHOD_MATCH = YES;
				"CODE_SIGN_IDENTITY[sdk=iphoneos*]" = "iPhone Developer";
				COPY_PHASE_STRIP = YES;
				GCC_C_LANGUAGE_STANDARD = gnu99;
				GCC_WARN_ABOUT_RETURN_TYPE = YES;
				GCC_WARN_UNINITIALIZED_AUTOS = YES;
				GCC_WARN_UNUSED_VARIABLE = YES;
				IPHONEOS_DEPLOYMENT_TARGET = 6.1;
				OTHER_CFLAGS = "-DNS_BLOCK_ASSERTIONS=1";
				SDKROOT = iphoneos;
				VALIDATE_PRODUCT = YES;
			};
			name = Release;
		};
		F5A7C639174DAA900040A3CB /* Debug */ = {
			isa = XCBuildConfiguration;
			buildSettings = {
				CODE_SIGN_IDENTITY = "iPhone Developer: Eric Yang (64WP457TN6)";
				"CODE_SIGN_IDENTITY[sdk=iphoneos*]" = "iPhone Developer: Eric Yang (64WP457TN6)";
				GCC_PRECOMPILE_PREFIX_HEADER = YES;
				GCC_PREFIX_HEADER = "Paging/Paging-Prefix.pch";
				INFOPLIST_FILE = "Paging/Paging-Info.plist";
				IPHONEOS_DEPLOYMENT_TARGET = 5.0;
				PRODUCT_NAME = "$(TARGET_NAME)";
				PROVISIONING_PROFILE = "59B0F19E-44AF-4DE7-9D8B-53EB4C71D10E";
				"PROVISIONING_PROFILE[sdk=iphoneos*]" = "59B0F19E-44AF-4DE7-9D8B-53EB4C71D10E";
				TARGETED_DEVICE_FAMILY = 1;
				WRAPPER_EXTENSION = app;
			};
			name = Debug;
		};
		F5A7C63A174DAA900040A3CB /* Release */ = {
			isa = XCBuildConfiguration;
			buildSettings = {
				CODE_SIGN_IDENTITY = "iPhone Developer: Eric Yang (64WP457TN6)";
				"CODE_SIGN_IDENTITY[sdk=iphoneos*]" = "iPhone Developer: Eric Yang (64WP457TN6)";
				GCC_PRECOMPILE_PREFIX_HEADER = YES;
				GCC_PREFIX_HEADER = "Paging/Paging-Prefix.pch";
				INFOPLIST_FILE = "Paging/Paging-Info.plist";
				IPHONEOS_DEPLOYMENT_TARGET = 5.0;
				PRODUCT_NAME = "$(TARGET_NAME)";
				PROVISIONING_PROFILE = "BA9DFEE3-9802-427C-8CE2-20D421B8C3E7";
				"PROVISIONING_PROFILE[sdk=iphoneos*]" = "59B0F19E-44AF-4DE7-9D8B-53EB4C71D10E";
				TARGETED_DEVICE_FAMILY = 1;
				WRAPPER_EXTENSION = app;
			};
			name = Release;
		};
/* End XCBuildConfiguration section */

/* Begin XCConfigurationList section */
		F5A7C610174DAA900040A3CB /* Build configuration list for PBXProject "Paging" */ = {
			isa = XCConfigurationList;
			buildConfigurations = (
				F5A7C636174DAA900040A3CB /* Debug */,
				F5A7C637174DAA900040A3CB /* Release */,
			);
			defaultConfigurationIsVisible = 0;
			defaultConfigurationName = Release;
		};
		F5A7C638174DAA900040A3CB /* Build configuration list for PBXNativeTarget "Paging" */ = {
			isa = XCConfigurationList;
			buildConfigurations = (
				F5A7C639174DAA900040A3CB /* Debug */,
				F5A7C63A174DAA900040A3CB /* Release */,
			);
			defaultConfigurationIsVisible = 0;
			defaultConfigurationName = Release;
		};
/* End XCConfigurationList section */
	};
	rootObject = F5A7C60D174DAA900040A3CB /* Project object */;
}
